// !$*UTF8*$!
{
	archiveVersion = 1;
	classes = {
	};
	objectVersion = 56;
	objects = {

/* Begin PBXBuildFile section */
		B017BC1D2CF30BDC00176F28 /* HomeDefaultViewReactor.swift in Sources */ = {isa = PBXBuildFile; fileRef = B017BC1C2CF30BDC00176F28 /* HomeDefaultViewReactor.swift */; };
		B017BC212CF3563D00176F28 /* EmailLoginView.swift in Sources */ = {isa = PBXBuildFile; fileRef = B017BC202CF3563D00176F28 /* EmailLoginView.swift */; };
		B017BC232CF3565100176F28 /* EmailViewController.swift in Sources */ = {isa = PBXBuildFile; fileRef = B017BC222CF3565100176F28 /* EmailViewController.swift */; };
		B017BC252CF357B100176F28 /* EmailViewReactor.swift in Sources */ = {isa = PBXBuildFile; fileRef = B017BC242CF357B100176F28 /* EmailViewReactor.swift */; };
		B017BC282CF3590900176F28 /* EmailSignupView.swift in Sources */ = {isa = PBXBuildFile; fileRef = B017BC272CF3590900176F28 /* EmailSignupView.swift */; };
		B02A08732CDE3B5C007489EE /* CreateWorkspaceViewController.swift in Sources */ = {isa = PBXBuildFile; fileRef = B02A08722CDE3B5C007489EE /* CreateWorkspaceViewController.swift */; };
		B02A08762CDF200D007489EE /* HomeEmptyView.swift in Sources */ = {isa = PBXBuildFile; fileRef = B02A08752CDF200D007489EE /* HomeEmptyView.swift */; };
		B02A08782CDF20C9007489EE /* HomeEmptyViewController.swift in Sources */ = {isa = PBXBuildFile; fileRef = B02A08772CDF20C9007489EE /* HomeEmptyViewController.swift */; };
		B02A087C2CE1D8A1007489EE /* UINavigationController +.swift in Sources */ = {isa = PBXBuildFile; fileRef = B02A087B2CE1D8A1007489EE /* UINavigationController +.swift */; };
		B02A087E2CE1F486007489EE /* CreateWorkspaceViewReactor.swift in Sources */ = {isa = PBXBuildFile; fileRef = B02A087D2CE1F486007489EE /* CreateWorkspaceViewReactor.swift */; };
		B02A08802CE20320007489EE /* HomeInitialView.swift in Sources */ = {isa = PBXBuildFile; fileRef = B02A087F2CE20320007489EE /* HomeInitialView.swift */; };
		B02A08822CE2032D007489EE /* HomeInitialViewController.swift in Sources */ = {isa = PBXBuildFile; fileRef = B02A08812CE2032D007489EE /* HomeInitialViewController.swift */; };
		B02A08842CE21D9F007489EE /* HomeInitialViewReactor.swift in Sources */ = {isa = PBXBuildFile; fileRef = B02A08832CE21D9F007489EE /* HomeInitialViewReactor.swift */; };
		B02A08872CE395A1007489EE /* CreateChannelView.swift in Sources */ = {isa = PBXBuildFile; fileRef = B02A08862CE395A1007489EE /* CreateChannelView.swift */; };
		B02A08892CE47898007489EE /* ChannelChattingView.swift in Sources */ = {isa = PBXBuildFile; fileRef = B02A08882CE47898007489EE /* ChannelChattingView.swift */; };
		B02A088B2CE47900007489EE /* ChannelChattingTableViewCell.swift in Sources */ = {isa = PBXBuildFile; fileRef = B02A088A2CE47900007489EE /* ChannelChattingTableViewCell.swift */; };
		B02A088E2CE49B3D007489EE /* (null) in Frameworks */ = {isa = PBXBuildFile; };
		B02A089A2CE4B9F4007489EE /* UIView +.swift in Sources */ = {isa = PBXBuildFile; fileRef = B02A08992CE4B9F4007489EE /* UIView +.swift */; };
		B02A089D2CE4BA3F007489EE /* ReusableProtocol.swift in Sources */ = {isa = PBXBuildFile; fileRef = B02A089C2CE4BA3F007489EE /* ReusableProtocol.swift */; };
		B02A08A02CE4BCF9007489EE /* WorkspaceChangeAdminView.swift in Sources */ = {isa = PBXBuildFile; fileRef = B02A089F2CE4BCF9007489EE /* WorkspaceChangeAdminView.swift */; };
		B04641B32D01E41100B9FD3F /* ChannelChattingViewController.swift in Sources */ = {isa = PBXBuildFile; fileRef = B04641B22D01E41100B9FD3F /* ChannelChattingViewController.swift */; };
		B04641B52D01E47100B9FD3F /* ChannelChattingViewReactor.swift in Sources */ = {isa = PBXBuildFile; fileRef = B04641B42D01E47100B9FD3F /* ChannelChattingViewReactor.swift */; };
		B05206932CF0A65800FBE1F7 /* NewMessageButton.swift in Sources */ = {isa = PBXBuildFile; fileRef = B05206922CF0A65800FBE1F7 /* NewMessageButton.swift */; };
		B05206942CF0A65800FBE1F7 /* CommonButton.swift in Sources */ = {isa = PBXBuildFile; fileRef = B052068F2CF0A65800FBE1F7 /* CommonButton.swift */; };
		B05206952CF0A65800FBE1F7 /* CustomPopupView.swift in Sources */ = {isa = PBXBuildFile; fileRef = B05206912CF0A65800FBE1F7 /* CustomPopupView.swift */; };
		B05206962CF0A65800FBE1F7 /* CustomNavigationBar.swift in Sources */ = {isa = PBXBuildFile; fileRef = B05206902CF0A65800FBE1F7 /* CustomNavigationBar.swift */; };
		B05206992CF0A68300FBE1F7 /* ChannelsButton.swift in Sources */ = {isa = PBXBuildFile; fileRef = B05206982CF0A68300FBE1F7 /* ChannelsButton.swift */; };
		B052069F2CF0AAD000FBE1F7 /* HomeDefaultView.swift in Sources */ = {isa = PBXBuildFile; fileRef = B052069E2CF0AAD000FBE1F7 /* HomeDefaultView.swift */; };
		B05206A12CF0ADDF00FBE1F7 /* HomeDefaultViewController.swift in Sources */ = {isa = PBXBuildFile; fileRef = B05206A02CF0ADDF00FBE1F7 /* HomeDefaultViewController.swift */; };
		B05206A32CF3056200FBE1F7 /* ChannelsTableViewCell.swift in Sources */ = {isa = PBXBuildFile; fileRef = B05206A22CF3056200FBE1F7 /* ChannelsTableViewCell.swift */; };
		B066FFB12CEB27AB002D487E /* Header.swift in Sources */ = {isa = PBXBuildFile; fileRef = B066FFB02CEB27AB002D487E /* Header.swift */; };
		B066FFB32CEB293E002D487E /* UserDefaultsManager.swift in Sources */ = {isa = PBXBuildFile; fileRef = B066FFB22CEB293E002D487E /* UserDefaultsManager.swift */; };
		B066FFB82CEB2DBB002D487E /* UserQuery.swift in Sources */ = {isa = PBXBuildFile; fileRef = B066FFB72CEB2DBB002D487E /* UserQuery.swift */; };
		B066FFC22CECB6C6002D487E /* WorkspaceTarget.swift in Sources */ = {isa = PBXBuildFile; fileRef = B066FFC12CECB6C6002D487E /* WorkspaceTarget.swift */; };
		B066FFC42CECBDA7002D487E /* WorkspaceQuery.swift in Sources */ = {isa = PBXBuildFile; fileRef = B066FFC32CECBDA7002D487E /* WorkspaceQuery.swift */; };
		B066FFC62CECE0A9002D487E /* BaseTarget.swift in Sources */ = {isa = PBXBuildFile; fileRef = B066FFC52CECE0A9002D487E /* BaseTarget.swift */; };
		B066FFC82CECE1B1002D487E /* ChannelsTarget.swift in Sources */ = {isa = PBXBuildFile; fileRef = B066FFC72CECE1B1002D487E /* ChannelsTarget.swift */; };
		B066FFCA2CECE2B0002D487E /* ChannelQuery.swift in Sources */ = {isa = PBXBuildFile; fileRef = B066FFC92CECE2B0002D487E /* ChannelQuery.swift */; };
		B066FFCC2CEDC0A4002D487E /* DMSAPI.swift in Sources */ = {isa = PBXBuildFile; fileRef = B066FFCB2CEDC0A4002D487E /* DMSAPI.swift */; };
		B066FFCE2CEDC12C002D487E /* DMSTarget.swift in Sources */ = {isa = PBXBuildFile; fileRef = B066FFCD2CEDC12C002D487E /* DMSTarget.swift */; };
		B066FFD02CEDC339002D487E /* DMSQuery.swift in Sources */ = {isa = PBXBuildFile; fileRef = B066FFCF2CEDC339002D487E /* DMSQuery.swift */; };
		B066FFD42CEDCAFF002D487E /* WorkspaceResponse.swift in Sources */ = {isa = PBXBuildFile; fileRef = B066FFD32CEDCAFF002D487E /* WorkspaceResponse.swift */; };
		B066FFD62CEDCD8B002D487E /* UserResponse.swift in Sources */ = {isa = PBXBuildFile; fileRef = B066FFD52CEDCD8B002D487E /* UserResponse.swift */; };
		B066FFD82CEDCE6D002D487E /* ChannelResponse.swift in Sources */ = {isa = PBXBuildFile; fileRef = B066FFD72CEDCE6D002D487E /* ChannelResponse.swift */; };
		B066FFDA2CEDCF0C002D487E /* DMSResponse.swift in Sources */ = {isa = PBXBuildFile; fileRef = B066FFD92CEDCF0C002D487E /* DMSResponse.swift */; };
		B066FFDC2CEDD046002D487E /* UserNetworkManager.swift in Sources */ = {isa = PBXBuildFile; fileRef = B066FFDB2CEDD046002D487E /* UserNetworkManager.swift */; };
		B066FFDE2CEDFF55002D487E /* WorkspaceNetworkManager.swift in Sources */ = {isa = PBXBuildFile; fileRef = B066FFDD2CEDFF55002D487E /* WorkspaceNetworkManager.swift */; };
		B066FFE02CEE0B7C002D487E /* ChannelsNetworkManager.swift in Sources */ = {isa = PBXBuildFile; fileRef = B066FFDF2CEE0B7C002D487E /* ChannelsNetworkManager.swift */; };
		B066FFE22CEF5CB1002D487E /* DMSNetworkManager.swift in Sources */ = {isa = PBXBuildFile; fileRef = B066FFE12CEF5CB1002D487E /* DMSNetworkManager.swift */; };
		B0746CB52CD3A17400AC892C /* OnboardingViewController.swift in Sources */ = {isa = PBXBuildFile; fileRef = B0746CB42CD3A17400AC892C /* OnboardingViewController.swift */; };
		B0746CBA2CD3AD4E00AC892C /* Color +.swift in Sources */ = {isa = PBXBuildFile; fileRef = B0746CB92CD3AD4E00AC892C /* Color +.swift */; };
		B0746CBE2CD4FC8000AC892C /* CustomToastView.swift in Sources */ = {isa = PBXBuildFile; fileRef = B0746CBD2CD4FC8000AC892C /* CustomToastView.swift */; };
		B07AC2D52D046FDB005198CB /* ChattingTable.swift in Sources */ = {isa = PBXBuildFile; fileRef = B07AC2D42D046FDB005198CB /* ChattingTable.swift */; };
		B07AC2D72D04783E005198CB /* ChattingTableRepository.swift in Sources */ = {isa = PBXBuildFile; fileRef = B07AC2D62D04783E005198CB /* ChattingTableRepository.swift */; };
		B07AC2E32D0AE106005198CB /* SoketManager.swift in Sources */ = {isa = PBXBuildFile; fileRef = B07AC2E22D0AE106005198CB /* SoketManager.swift */; };
		B07AC2E62D0F0D0A005198CB /* ChannelSearchView.swift in Sources */ = {isa = PBXBuildFile; fileRef = B07AC2E52D0F0D0A005198CB /* ChannelSearchView.swift */; };
		B07AC2E82D0F0D11005198CB /* ChannelSearchViewController.swift in Sources */ = {isa = PBXBuildFile; fileRef = B07AC2E72D0F0D11005198CB /* ChannelSearchViewController.swift */; };
		B07AC2EB2D0FF9C9005198CB /* WorkspaceListView.swift in Sources */ = {isa = PBXBuildFile; fileRef = B07AC2EA2D0FF9C9005198CB /* WorkspaceListView.swift */; };
		B07AC2ED2D0FF9D2005198CB /* WorkspaceListViewController.swift in Sources */ = {isa = PBXBuildFile; fileRef = B07AC2EC2D0FF9D2005198CB /* WorkspaceListViewController.swift */; };
		B07AC2EF2D0FFB30005198CB /* WorkspaceListTableViewCell.swift in Sources */ = {isa = PBXBuildFile; fileRef = B07AC2EE2D0FFB30005198CB /* WorkspaceListTableViewCell.swift */; };
		B07AC2F12D0FFE7B005198CB /* AddButton.swift in Sources */ = {isa = PBXBuildFile; fileRef = B07AC2F02D0FFE7B005198CB /* AddButton.swift */; };
		B07AC2F32D1006EE005198CB /* WorkspaceListViewReactor.swift in Sources */ = {isa = PBXBuildFile; fileRef = B07AC2F22D1006EE005198CB /* WorkspaceListViewReactor.swift */; };
		B07AC2F52D107074005198CB /* WorkspaceTableRepository.swift in Sources */ = {isa = PBXBuildFile; fileRef = B07AC2F42D107074005198CB /* WorkspaceTableRepository.swift */; };
		B07AC3002D11AB86005198CB /* ChannelSettingView.swift in Sources */ = {isa = PBXBuildFile; fileRef = B07AC2FF2D11AB86005198CB /* ChannelSettingView.swift */; };
		B07AC3022D11AB90005198CB /* ChannelSettingCollectionViewCell.swift in Sources */ = {isa = PBXBuildFile; fileRef = B07AC3012D11AB90005198CB /* ChannelSettingCollectionViewCell.swift */; };
		B07AC3042D11AB99005198CB /* ChannelSettingViewController.swift in Sources */ = {isa = PBXBuildFile; fileRef = B07AC3032D11AB99005198CB /* ChannelSettingViewController.swift */; };
		B07AC3062D11C941005198CB /* ChannelSettingViewReactor.swift in Sources */ = {isa = PBXBuildFile; fileRef = B07AC3052D11C941005198CB /* ChannelSettingViewReactor.swift */; };
		B07AC3082D11EC86005198CB /* OnboardingViewReactor.swift in Sources */ = {isa = PBXBuildFile; fileRef = B07AC3072D11EC86005198CB /* OnboardingViewReactor.swift */; };
		B07AC30A2D11EF03005198CB /* LoginView.swift in Sources */ = {isa = PBXBuildFile; fileRef = B07AC3092D11EF03005198CB /* LoginView.swift */; };
		B07AC30C2D11EF0C005198CB /* LoginViewController.swift in Sources */ = {isa = PBXBuildFile; fileRef = B07AC30B2D11EF0C005198CB /* LoginViewController.swift */; };
		B07AC30E2D12AA54005198CB /* LoginViewReactor.swift in Sources */ = {isa = PBXBuildFile; fileRef = B07AC30D2D12AA54005198CB /* LoginViewReactor.swift */; };
		B07E79142D2EE40D00280DD0 /* BaseURL.swift in Sources */ = {isa = PBXBuildFile; fileRef = B07E79132D2EE40D00280DD0 /* BaseURL.swift */; };
		B07E79162D2EE43300280DD0 /* SesacKey.swift in Sources */ = {isa = PBXBuildFile; fileRef = B07E79152D2EE43300280DD0 /* SesacKey.swift */; };
		B07E79182D2EE44200280DD0 /* DeviceToken.swift in Sources */ = {isa = PBXBuildFile; fileRef = B07E79172D2EE44200280DD0 /* DeviceToken.swift */; };
		B08183D82D1E9F4F001A0039 /* secret.xcconfig in Resources */ = {isa = PBXBuildFile; fileRef = B08183D72D1E9F4F001A0039 /* secret.xcconfig */; };
		B08183DF2D1EF46F001A0039 /* CustomTranstioningDelegate.swift in Sources */ = {isa = PBXBuildFile; fileRef = B08183DE2D1EF46F001A0039 /* CustomTranstioningDelegate.swift */; };
		B08183E12D1EF597001A0039 /* ChannelSearchTableViewCell.swift in Sources */ = {isa = PBXBuildFile; fileRef = B08183E02D1EF597001A0039 /* ChannelSearchTableViewCell.swift */; };
		B08183E32D1EF74C001A0039 /* ChannelSearchViewReactor.swift in Sources */ = {isa = PBXBuildFile; fileRef = B08183E22D1EF74C001A0039 /* ChannelSearchViewReactor.swift */; };
		B08183E52D1EFF39001A0039 /* PopUPView.swift in Sources */ = {isa = PBXBuildFile; fileRef = B08183E42D1EFF39001A0039 /* PopUPView.swift */; };
		B08183E72D1F02DD001A0039 /* FloatingButton.swift in Sources */ = {isa = PBXBuildFile; fileRef = B08183E62D1F02DD001A0039 /* FloatingButton.swift */; };
		B08183EA2D2022BC001A0039 /* Kingfisher in Frameworks */ = {isa = PBXBuildFile; productRef = B08183E92D2022BC001A0039 /* Kingfisher */; };
		B08183EC2D202394001A0039 /* AuthenticatedRequestModifier.swift in Sources */ = {isa = PBXBuildFile; fileRef = B08183EB2D202394001A0039 /* AuthenticatedRequestModifier.swift */; };
		B0878D872CCD11A70013B989 /* Assets.xcassets in Resources */ = {isa = PBXBuildFile; fileRef = B0878D862CCD11A70013B989 /* Assets.xcassets */; };
		B0878D8A2CCD11A70013B989 /* Base in Resources */ = {isa = PBXBuildFile; fileRef = B0878D892CCD11A70013B989 /* Base */; };
		B0878DC82CD2550F0013B989 /* MainTabBarViewController.swift in Sources */ = {isa = PBXBuildFile; fileRef = B0878DC72CD2550F0013B989 /* MainTabBarViewController.swift */; };
		B0878DCA2CD255460013B989 /* SparkleTabBar.swift in Sources */ = {isa = PBXBuildFile; fileRef = B0878DC92CD255460013B989 /* SparkleTabBar.swift */; };
		B0878DD82CD35D780013B989 /* BaseView.swift in Sources */ = {isa = PBXBuildFile; fileRef = B0878DD72CD35D780013B989 /* BaseView.swift */; };
		B0878DDA2CD36E3B0013B989 /* BaseViewController.swift in Sources */ = {isa = PBXBuildFile; fileRef = B0878DD92CD36E3B0013B989 /* BaseViewController.swift */; };
		B0878DE22CD39B760013B989 /* OnboardingView.swift in Sources */ = {isa = PBXBuildFile; fileRef = B0878DE12CD39B760013B989 /* OnboardingView.swift */; };
		B0A4F5E72CEB077E00788119 /* ReactorKit in Frameworks */ = {isa = PBXBuildFile; productRef = B0A4F5E62CEB077E00788119 /* ReactorKit */; };
		B0A4F5EA2CEB079100788119 /* Then in Frameworks */ = {isa = PBXBuildFile; productRef = B0A4F5E92CEB079100788119 /* Then */; };
		B0A4F5EE2CEB0DFC00788119 /* UserTarget.swift in Sources */ = {isa = PBXBuildFile; fileRef = B0A4F5ED2CEB0DFC00788119 /* UserTarget.swift */; };
		B0A4F5F22CEB119B00788119 /* .gitignore in Resources */ = {isa = PBXBuildFile; fileRef = B0A4F5F12CEB119B00788119 /* .gitignore */; };
		B0AAFFA72CE5E0CD009A5E30 /* UserAPI.swift in Sources */ = {isa = PBXBuildFile; fileRef = B0AAFFA62CE5E0CD009A5E30 /* UserAPI.swift */; };
		B0AAFFA92CE78E8E009A5E30 /* WorkspaceAPI.swift in Sources */ = {isa = PBXBuildFile; fileRef = B0AAFFA82CE78E8E009A5E30 /* WorkspaceAPI.swift */; };
		B0B653D02D2ED41E009431B2 /* DirectViewController.swift in Sources */ = {isa = PBXBuildFile; fileRef = B0B653CF2D2ED41E009431B2 /* DirectViewController.swift */; };
		B0B653D22D2ED43E009431B2 /* SettingViewController.swift in Sources */ = {isa = PBXBuildFile; fileRef = B0B653D12D2ED43E009431B2 /* SettingViewController.swift */; };
		B0D79C7B2CE8DF48002D8449 /* ChannelAPI.swift in Sources */ = {isa = PBXBuildFile; fileRef = B0D79C7A2CE8DF48002D8449 /* ChannelAPI.swift */; };
		B0E23C162D12CAD0007B7695 /* SocketIO in Frameworks */ = {isa = PBXBuildFile; productRef = B0E23C152D12CAD0007B7695 /* SocketIO */; };
		B0E23C192D12CADF007B7695 /* Then in Frameworks */ = {isa = PBXBuildFile; productRef = B0E23C182D12CADF007B7695 /* Then */; };
		B0E23C1C2D12CB16007B7695 /* RealmSwift in Frameworks */ = {isa = PBXBuildFile; productRef = B0E23C1B2D12CB16007B7695 /* RealmSwift */; };
		B0E23C1F2D12CB24007B7695 /* ReactorKit in Frameworks */ = {isa = PBXBuildFile; productRef = B0E23C1E2D12CB24007B7695 /* ReactorKit */; };
		B0E23C222D12CBA3007B7695 /* Moya in Frameworks */ = {isa = PBXBuildFile; productRef = B0E23C212D12CBA3007B7695 /* Moya */; };
		B0E23C252D12CBB0007B7695 /* SnapKit in Frameworks */ = {isa = PBXBuildFile; productRef = B0E23C242D12CBB0007B7695 /* SnapKit */; };
		B0E23C282D12CC2A007B7695 /* RxCocoa in Frameworks */ = {isa = PBXBuildFile; productRef = B0E23C272D12CC2A007B7695 /* RxCocoa */; };
		B0E23C2A2D12CC2A007B7695 /* RxSwift in Frameworks */ = {isa = PBXBuildFile; productRef = B0E23C292D12CC2A007B7695 /* RxSwift */; };
		B0E23C2D2D12CC5E007B7695 /* RxGesture in Frameworks */ = {isa = PBXBuildFile; productRef = B0E23C2C2D12CC5E007B7695 /* RxGesture */; };
		B0E23C302D12E5ED007B7695 /* KakaoSDKAuth in Frameworks */ = {isa = PBXBuildFile; productRef = B0E23C2F2D12E5ED007B7695 /* KakaoSDKAuth */; };
		B0E23C322D12E5ED007B7695 /* KakaoSDKCommon in Frameworks */ = {isa = PBXBuildFile; productRef = B0E23C312D12E5ED007B7695 /* KakaoSDKCommon */; };
		B0E23C342D12E5ED007B7695 /* KakaoSDKUser in Frameworks */ = {isa = PBXBuildFile; productRef = B0E23C332D12E5ED007B7695 /* KakaoSDKUser */; };
		B0F1E0C62CDB4EC6005E38E7 /* AppDelegate.swift in Sources */ = {isa = PBXBuildFile; fileRef = B0F1E0C52CDB4EC6005E38E7 /* AppDelegate.swift */; };
		B0F1E0C82CDB4EDB005E38E7 /* SceneDelegate.swift in Sources */ = {isa = PBXBuildFile; fileRef = B0F1E0C72CDB4EDB005E38E7 /* SceneDelegate.swift */; };
		B0F1E0CF2CDB68B0005E38E7 /* BaseTableViewCell.swift in Sources */ = {isa = PBXBuildFile; fileRef = B0F1E0CE2CDB68B0005E38E7 /* BaseTableViewCell.swift */; };
		B0F1E0D12CDB68CC005E38E7 /* BaseCollectionViewCell.swift in Sources */ = {isa = PBXBuildFile; fileRef = B0F1E0D02CDB68CC005E38E7 /* BaseCollectionViewCell.swift */; };
		B0F1E0D32CDB6910005E38E7 /* UserTableViewCell.swift in Sources */ = {isa = PBXBuildFile; fileRef = B0F1E0D22CDB6910005E38E7 /* UserTableViewCell.swift */; };
		B0F1E0D62CDCE0F8005E38E7 /* workspaceInitialView.swift in Sources */ = {isa = PBXBuildFile; fileRef = B0F1E0D52CDCE0F8005E38E7 /* workspaceInitialView.swift */; };
		B0F1E0D92CDE093F005E38E7 /* CreateWorkspaceView.swift in Sources */ = {isa = PBXBuildFile; fileRef = B0F1E0D82CDE093F005E38E7 /* CreateWorkspaceView.swift */; };
		B0F1E0DB2CDE0F1B005E38E7 /* HomeViewReactor.swift in Sources */ = {isa = PBXBuildFile; fileRef = B0F1E0DA2CDE0F1B005E38E7 /* HomeViewReactor.swift */; };
/* End PBXBuildFile section */

/* Begin PBXFileReference section */
		B017BC1C2CF30BDC00176F28 /* HomeDefaultViewReactor.swift */ = {isa = PBXFileReference; lastKnownFileType = sourcecode.swift; path = HomeDefaultViewReactor.swift; sourceTree = "<group>"; };
		B017BC202CF3563D00176F28 /* EmailLoginView.swift */ = {isa = PBXFileReference; lastKnownFileType = sourcecode.swift; path = EmailLoginView.swift; sourceTree = "<group>"; };
		B017BC222CF3565100176F28 /* EmailViewController.swift */ = {isa = PBXFileReference; lastKnownFileType = sourcecode.swift; path = EmailViewController.swift; sourceTree = "<group>"; };
		B017BC242CF357B100176F28 /* EmailViewReactor.swift */ = {isa = PBXFileReference; lastKnownFileType = sourcecode.swift; path = EmailViewReactor.swift; sourceTree = "<group>"; };
		B017BC272CF3590900176F28 /* EmailSignupView.swift */ = {isa = PBXFileReference; lastKnownFileType = sourcecode.swift; path = EmailSignupView.swift; sourceTree = "<group>"; };
		B02A08722CDE3B5C007489EE /* CreateWorkspaceViewController.swift */ = {isa = PBXFileReference; lastKnownFileType = sourcecode.swift; path = CreateWorkspaceViewController.swift; sourceTree = "<group>"; };
		B02A08752CDF200D007489EE /* HomeEmptyView.swift */ = {isa = PBXFileReference; lastKnownFileType = sourcecode.swift; path = HomeEmptyView.swift; sourceTree = "<group>"; };
		B02A08772CDF20C9007489EE /* HomeEmptyViewController.swift */ = {isa = PBXFileReference; lastKnownFileType = sourcecode.swift; path = HomeEmptyViewController.swift; sourceTree = "<group>"; };
		B02A087B2CE1D8A1007489EE /* UINavigationController +.swift */ = {isa = PBXFileReference; lastKnownFileType = sourcecode.swift; path = "UINavigationController +.swift"; sourceTree = "<group>"; };
		B02A087D2CE1F486007489EE /* CreateWorkspaceViewReactor.swift */ = {isa = PBXFileReference; lastKnownFileType = sourcecode.swift; path = CreateWorkspaceViewReactor.swift; sourceTree = "<group>"; };
		B02A087F2CE20320007489EE /* HomeInitialView.swift */ = {isa = PBXFileReference; lastKnownFileType = sourcecode.swift; path = HomeInitialView.swift; sourceTree = "<group>"; };
		B02A08812CE2032D007489EE /* HomeInitialViewController.swift */ = {isa = PBXFileReference; lastKnownFileType = sourcecode.swift; path = HomeInitialViewController.swift; sourceTree = "<group>"; };
		B02A08832CE21D9F007489EE /* HomeInitialViewReactor.swift */ = {isa = PBXFileReference; lastKnownFileType = sourcecode.swift; path = HomeInitialViewReactor.swift; sourceTree = "<group>"; };
		B02A08862CE395A1007489EE /* CreateChannelView.swift */ = {isa = PBXFileReference; lastKnownFileType = sourcecode.swift; path = CreateChannelView.swift; sourceTree = "<group>"; };
		B02A08882CE47898007489EE /* ChannelChattingView.swift */ = {isa = PBXFileReference; lastKnownFileType = sourcecode.swift; path = ChannelChattingView.swift; sourceTree = "<group>"; };
		B02A088A2CE47900007489EE /* ChannelChattingTableViewCell.swift */ = {isa = PBXFileReference; lastKnownFileType = sourcecode.swift; path = ChannelChattingTableViewCell.swift; sourceTree = "<group>"; };
		B02A08992CE4B9F4007489EE /* UIView +.swift */ = {isa = PBXFileReference; lastKnownFileType = sourcecode.swift; path = "UIView +.swift"; sourceTree = "<group>"; };
		B02A089C2CE4BA3F007489EE /* ReusableProtocol.swift */ = {isa = PBXFileReference; lastKnownFileType = sourcecode.swift; path = ReusableProtocol.swift; sourceTree = "<group>"; };
		B02A089F2CE4BCF9007489EE /* WorkspaceChangeAdminView.swift */ = {isa = PBXFileReference; lastKnownFileType = sourcecode.swift; path = WorkspaceChangeAdminView.swift; sourceTree = "<group>"; };
		B04641B22D01E41100B9FD3F /* ChannelChattingViewController.swift */ = {isa = PBXFileReference; lastKnownFileType = sourcecode.swift; path = ChannelChattingViewController.swift; sourceTree = "<group>"; };
		B04641B42D01E47100B9FD3F /* ChannelChattingViewReactor.swift */ = {isa = PBXFileReference; lastKnownFileType = sourcecode.swift; path = ChannelChattingViewReactor.swift; sourceTree = "<group>"; };
		B052068F2CF0A65800FBE1F7 /* CommonButton.swift */ = {isa = PBXFileReference; lastKnownFileType = sourcecode.swift; path = CommonButton.swift; sourceTree = "<group>"; };
		B05206902CF0A65800FBE1F7 /* CustomNavigationBar.swift */ = {isa = PBXFileReference; lastKnownFileType = sourcecode.swift; path = CustomNavigationBar.swift; sourceTree = "<group>"; };
		B05206912CF0A65800FBE1F7 /* CustomPopupView.swift */ = {isa = PBXFileReference; lastKnownFileType = sourcecode.swift; path = CustomPopupView.swift; sourceTree = "<group>"; };
		B05206922CF0A65800FBE1F7 /* NewMessageButton.swift */ = {isa = PBXFileReference; lastKnownFileType = sourcecode.swift; path = NewMessageButton.swift; sourceTree = "<group>"; };
		B05206982CF0A68300FBE1F7 /* ChannelsButton.swift */ = {isa = PBXFileReference; lastKnownFileType = sourcecode.swift; path = ChannelsButton.swift; sourceTree = "<group>"; };
		B052069E2CF0AAD000FBE1F7 /* HomeDefaultView.swift */ = {isa = PBXFileReference; lastKnownFileType = sourcecode.swift; path = HomeDefaultView.swift; sourceTree = "<group>"; };
		B05206A02CF0ADDF00FBE1F7 /* HomeDefaultViewController.swift */ = {isa = PBXFileReference; lastKnownFileType = sourcecode.swift; path = HomeDefaultViewController.swift; sourceTree = "<group>"; };
		B05206A22CF3056200FBE1F7 /* ChannelsTableViewCell.swift */ = {isa = PBXFileReference; lastKnownFileType = sourcecode.swift; path = ChannelsTableViewCell.swift; sourceTree = "<group>"; };
		B066FFB02CEB27AB002D487E /* Header.swift */ = {isa = PBXFileReference; lastKnownFileType = sourcecode.swift; path = Header.swift; sourceTree = "<group>"; };
		B066FFB22CEB293E002D487E /* UserDefaultsManager.swift */ = {isa = PBXFileReference; lastKnownFileType = sourcecode.swift; path = UserDefaultsManager.swift; sourceTree = "<group>"; };
		B066FFB72CEB2DBB002D487E /* UserQuery.swift */ = {isa = PBXFileReference; lastKnownFileType = sourcecode.swift; path = UserQuery.swift; sourceTree = "<group>"; };
		B066FFC12CECB6C6002D487E /* WorkspaceTarget.swift */ = {isa = PBXFileReference; lastKnownFileType = sourcecode.swift; path = WorkspaceTarget.swift; sourceTree = "<group>"; };
		B066FFC32CECBDA7002D487E /* WorkspaceQuery.swift */ = {isa = PBXFileReference; lastKnownFileType = sourcecode.swift; path = WorkspaceQuery.swift; sourceTree = "<group>"; };
		B066FFC52CECE0A9002D487E /* BaseTarget.swift */ = {isa = PBXFileReference; lastKnownFileType = sourcecode.swift; path = BaseTarget.swift; sourceTree = "<group>"; };
		B066FFC72CECE1B1002D487E /* ChannelsTarget.swift */ = {isa = PBXFileReference; lastKnownFileType = sourcecode.swift; path = ChannelsTarget.swift; sourceTree = "<group>"; };
		B066FFC92CECE2B0002D487E /* ChannelQuery.swift */ = {isa = PBXFileReference; lastKnownFileType = sourcecode.swift; path = ChannelQuery.swift; sourceTree = "<group>"; };
		B066FFCB2CEDC0A4002D487E /* DMSAPI.swift */ = {isa = PBXFileReference; lastKnownFileType = sourcecode.swift; path = DMSAPI.swift; sourceTree = "<group>"; };
		B066FFCD2CEDC12C002D487E /* DMSTarget.swift */ = {isa = PBXFileReference; lastKnownFileType = sourcecode.swift; path = DMSTarget.swift; sourceTree = "<group>"; };
		B066FFCF2CEDC339002D487E /* DMSQuery.swift */ = {isa = PBXFileReference; lastKnownFileType = sourcecode.swift; path = DMSQuery.swift; sourceTree = "<group>"; };
		B066FFD32CEDCAFF002D487E /* WorkspaceResponse.swift */ = {isa = PBXFileReference; lastKnownFileType = sourcecode.swift; path = WorkspaceResponse.swift; sourceTree = "<group>"; };
		B066FFD52CEDCD8B002D487E /* UserResponse.swift */ = {isa = PBXFileReference; lastKnownFileType = sourcecode.swift; path = UserResponse.swift; sourceTree = "<group>"; };
		B066FFD72CEDCE6D002D487E /* ChannelResponse.swift */ = {isa = PBXFileReference; lastKnownFileType = sourcecode.swift; path = ChannelResponse.swift; sourceTree = "<group>"; };
		B066FFD92CEDCF0C002D487E /* DMSResponse.swift */ = {isa = PBXFileReference; lastKnownFileType = sourcecode.swift; path = DMSResponse.swift; sourceTree = "<group>"; };
		B066FFDB2CEDD046002D487E /* UserNetworkManager.swift */ = {isa = PBXFileReference; lastKnownFileType = sourcecode.swift; path = UserNetworkManager.swift; sourceTree = "<group>"; };
		B066FFDD2CEDFF55002D487E /* WorkspaceNetworkManager.swift */ = {isa = PBXFileReference; lastKnownFileType = sourcecode.swift; path = WorkspaceNetworkManager.swift; sourceTree = "<group>"; };
		B066FFDF2CEE0B7C002D487E /* ChannelsNetworkManager.swift */ = {isa = PBXFileReference; lastKnownFileType = sourcecode.swift; path = ChannelsNetworkManager.swift; sourceTree = "<group>"; };
		B066FFE12CEF5CB1002D487E /* DMSNetworkManager.swift */ = {isa = PBXFileReference; lastKnownFileType = sourcecode.swift; path = DMSNetworkManager.swift; sourceTree = "<group>"; };
		B0746CB42CD3A17400AC892C /* OnboardingViewController.swift */ = {isa = PBXFileReference; lastKnownFileType = sourcecode.swift; path = OnboardingViewController.swift; sourceTree = "<group>"; };
		B0746CB92CD3AD4E00AC892C /* Color +.swift */ = {isa = PBXFileReference; lastKnownFileType = sourcecode.swift; path = "Color +.swift"; sourceTree = "<group>"; };
		B0746CBD2CD4FC8000AC892C /* CustomToastView.swift */ = {isa = PBXFileReference; lastKnownFileType = sourcecode.swift; path = CustomToastView.swift; sourceTree = "<group>"; };
		B07AC2D42D046FDB005198CB /* ChattingTable.swift */ = {isa = PBXFileReference; lastKnownFileType = sourcecode.swift; path = ChattingTable.swift; sourceTree = "<group>"; };
		B07AC2D62D04783E005198CB /* ChattingTableRepository.swift */ = {isa = PBXFileReference; lastKnownFileType = sourcecode.swift; path = ChattingTableRepository.swift; sourceTree = "<group>"; };
		B07AC2E22D0AE106005198CB /* SoketManager.swift */ = {isa = PBXFileReference; lastKnownFileType = sourcecode.swift; path = SoketManager.swift; sourceTree = "<group>"; };
		B07AC2E52D0F0D0A005198CB /* ChannelSearchView.swift */ = {isa = PBXFileReference; lastKnownFileType = sourcecode.swift; path = ChannelSearchView.swift; sourceTree = "<group>"; };
		B07AC2E72D0F0D11005198CB /* ChannelSearchViewController.swift */ = {isa = PBXFileReference; lastKnownFileType = sourcecode.swift; path = ChannelSearchViewController.swift; sourceTree = "<group>"; };
		B07AC2EA2D0FF9C9005198CB /* WorkspaceListView.swift */ = {isa = PBXFileReference; lastKnownFileType = sourcecode.swift; path = WorkspaceListView.swift; sourceTree = "<group>"; };
		B07AC2EC2D0FF9D2005198CB /* WorkspaceListViewController.swift */ = {isa = PBXFileReference; lastKnownFileType = sourcecode.swift; path = WorkspaceListViewController.swift; sourceTree = "<group>"; };
		B07AC2EE2D0FFB30005198CB /* WorkspaceListTableViewCell.swift */ = {isa = PBXFileReference; lastKnownFileType = sourcecode.swift; path = WorkspaceListTableViewCell.swift; sourceTree = "<group>"; };
		B07AC2F02D0FFE7B005198CB /* AddButton.swift */ = {isa = PBXFileReference; lastKnownFileType = sourcecode.swift; path = AddButton.swift; sourceTree = "<group>"; };
		B07AC2F22D1006EE005198CB /* WorkspaceListViewReactor.swift */ = {isa = PBXFileReference; lastKnownFileType = sourcecode.swift; path = WorkspaceListViewReactor.swift; sourceTree = "<group>"; };
		B07AC2F42D107074005198CB /* WorkspaceTableRepository.swift */ = {isa = PBXFileReference; lastKnownFileType = sourcecode.swift; path = WorkspaceTableRepository.swift; sourceTree = "<group>"; };
		B07AC2FF2D11AB86005198CB /* ChannelSettingView.swift */ = {isa = PBXFileReference; lastKnownFileType = sourcecode.swift; path = ChannelSettingView.swift; sourceTree = "<group>"; };
		B07AC3012D11AB90005198CB /* ChannelSettingCollectionViewCell.swift */ = {isa = PBXFileReference; lastKnownFileType = sourcecode.swift; path = ChannelSettingCollectionViewCell.swift; sourceTree = "<group>"; };
		B07AC3032D11AB99005198CB /* ChannelSettingViewController.swift */ = {isa = PBXFileReference; lastKnownFileType = sourcecode.swift; path = ChannelSettingViewController.swift; sourceTree = "<group>"; };
		B07AC3052D11C941005198CB /* ChannelSettingViewReactor.swift */ = {isa = PBXFileReference; lastKnownFileType = sourcecode.swift; path = ChannelSettingViewReactor.swift; sourceTree = "<group>"; };
		B07AC3072D11EC86005198CB /* OnboardingViewReactor.swift */ = {isa = PBXFileReference; lastKnownFileType = sourcecode.swift; path = OnboardingViewReactor.swift; sourceTree = "<group>"; };
		B07AC3092D11EF03005198CB /* LoginView.swift */ = {isa = PBXFileReference; lastKnownFileType = sourcecode.swift; path = LoginView.swift; sourceTree = "<group>"; };
		B07AC30B2D11EF0C005198CB /* LoginViewController.swift */ = {isa = PBXFileReference; lastKnownFileType = sourcecode.swift; path = LoginViewController.swift; sourceTree = "<group>"; };
		B07AC30D2D12AA54005198CB /* LoginViewReactor.swift */ = {isa = PBXFileReference; lastKnownFileType = sourcecode.swift; path = LoginViewReactor.swift; sourceTree = "<group>"; };
		B07E79132D2EE40D00280DD0 /* BaseURL.swift */ = {isa = PBXFileReference; lastKnownFileType = sourcecode.swift; path = BaseURL.swift; sourceTree = "<group>"; };
		B07E79152D2EE43300280DD0 /* SesacKey.swift */ = {isa = PBXFileReference; lastKnownFileType = sourcecode.swift; path = SesacKey.swift; sourceTree = "<group>"; };
		B07E79172D2EE44200280DD0 /* DeviceToken.swift */ = {isa = PBXFileReference; lastKnownFileType = sourcecode.swift; path = DeviceToken.swift; sourceTree = "<group>"; };
		B08183D72D1E9F4F001A0039 /* secret.xcconfig */ = {isa = PBXFileReference; lastKnownFileType = text.xcconfig; path = secret.xcconfig; sourceTree = "<group>"; };
		B08183DE2D1EF46F001A0039 /* CustomTranstioningDelegate.swift */ = {isa = PBXFileReference; lastKnownFileType = sourcecode.swift; path = CustomTranstioningDelegate.swift; sourceTree = "<group>"; };
		B08183E02D1EF597001A0039 /* ChannelSearchTableViewCell.swift */ = {isa = PBXFileReference; lastKnownFileType = sourcecode.swift; path = ChannelSearchTableViewCell.swift; sourceTree = "<group>"; };
		B08183E22D1EF74C001A0039 /* ChannelSearchViewReactor.swift */ = {isa = PBXFileReference; lastKnownFileType = sourcecode.swift; path = ChannelSearchViewReactor.swift; sourceTree = "<group>"; };
		B08183E42D1EFF39001A0039 /* PopUPView.swift */ = {isa = PBXFileReference; lastKnownFileType = sourcecode.swift; path = PopUPView.swift; sourceTree = "<group>"; };
		B08183E62D1F02DD001A0039 /* FloatingButton.swift */ = {isa = PBXFileReference; lastKnownFileType = sourcecode.swift; path = FloatingButton.swift; sourceTree = "<group>"; };
		B08183EB2D202394001A0039 /* AuthenticatedRequestModifier.swift */ = {isa = PBXFileReference; lastKnownFileType = sourcecode.swift; path = AuthenticatedRequestModifier.swift; sourceTree = "<group>"; };
		B0878D7A2CCD11A50013B989 /* Sparkle.app */ = {isa = PBXFileReference; explicitFileType = wrapper.application; includeInIndex = 0; path = Sparkle.app; sourceTree = BUILT_PRODUCTS_DIR; };
		B0878D862CCD11A70013B989 /* Assets.xcassets */ = {isa = PBXFileReference; lastKnownFileType = folder.assetcatalog; path = Assets.xcassets; sourceTree = "<group>"; };
		B0878D892CCD11A70013B989 /* Base */ = {isa = PBXFileReference; lastKnownFileType = file.storyboard; name = Base; path = Base.lproj/LaunchScreen.storyboard; sourceTree = "<group>"; };
		B0878D8B2CCD11A70013B989 /* Info.plist */ = {isa = PBXFileReference; lastKnownFileType = text.plist.xml; path = Info.plist; sourceTree = "<group>"; };
		B0878DC72CD2550F0013B989 /* MainTabBarViewController.swift */ = {isa = PBXFileReference; lastKnownFileType = sourcecode.swift; path = MainTabBarViewController.swift; sourceTree = "<group>"; };
		B0878DC92CD255460013B989 /* SparkleTabBar.swift */ = {isa = PBXFileReference; lastKnownFileType = sourcecode.swift; path = SparkleTabBar.swift; sourceTree = "<group>"; };
		B0878DD72CD35D780013B989 /* BaseView.swift */ = {isa = PBXFileReference; lastKnownFileType = sourcecode.swift; path = BaseView.swift; sourceTree = "<group>"; };
		B0878DD92CD36E3B0013B989 /* BaseViewController.swift */ = {isa = PBXFileReference; lastKnownFileType = sourcecode.swift; path = BaseViewController.swift; sourceTree = "<group>"; };
		B0878DE12CD39B760013B989 /* OnboardingView.swift */ = {isa = PBXFileReference; lastKnownFileType = sourcecode.swift; path = OnboardingView.swift; sourceTree = "<group>"; };
		B0A4F5ED2CEB0DFC00788119 /* UserTarget.swift */ = {isa = PBXFileReference; lastKnownFileType = sourcecode.swift; path = UserTarget.swift; sourceTree = "<group>"; };
		B0A4F5F12CEB119B00788119 /* .gitignore */ = {isa = PBXFileReference; lastKnownFileType = text; path = .gitignore; sourceTree = "<group>"; };
		B0AAFFA62CE5E0CD009A5E30 /* UserAPI.swift */ = {isa = PBXFileReference; lastKnownFileType = sourcecode.swift; path = UserAPI.swift; sourceTree = "<group>"; };
		B0AAFFA82CE78E8E009A5E30 /* WorkspaceAPI.swift */ = {isa = PBXFileReference; lastKnownFileType = sourcecode.swift; path = WorkspaceAPI.swift; sourceTree = "<group>"; };
		B0B653CF2D2ED41E009431B2 /* DirectViewController.swift */ = {isa = PBXFileReference; lastKnownFileType = sourcecode.swift; path = DirectViewController.swift; sourceTree = "<group>"; };
		B0B653D12D2ED43E009431B2 /* SettingViewController.swift */ = {isa = PBXFileReference; lastKnownFileType = sourcecode.swift; path = SettingViewController.swift; sourceTree = "<group>"; };
		B0D79C7A2CE8DF48002D8449 /* ChannelAPI.swift */ = {isa = PBXFileReference; lastKnownFileType = sourcecode.swift; path = ChannelAPI.swift; sourceTree = "<group>"; };
		B0E23C352D12EC90007B7695 /* Sparkle.entitlements */ = {isa = PBXFileReference; lastKnownFileType = text.plist.entitlements; path = Sparkle.entitlements; sourceTree = "<group>"; };
		B0F1E0C52CDB4EC6005E38E7 /* AppDelegate.swift */ = {isa = PBXFileReference; lastKnownFileType = sourcecode.swift; path = AppDelegate.swift; sourceTree = "<group>"; };
		B0F1E0C72CDB4EDB005E38E7 /* SceneDelegate.swift */ = {isa = PBXFileReference; lastKnownFileType = sourcecode.swift; path = SceneDelegate.swift; sourceTree = "<group>"; };
		B0F1E0CE2CDB68B0005E38E7 /* BaseTableViewCell.swift */ = {isa = PBXFileReference; lastKnownFileType = sourcecode.swift; path = BaseTableViewCell.swift; sourceTree = "<group>"; };
		B0F1E0D02CDB68CC005E38E7 /* BaseCollectionViewCell.swift */ = {isa = PBXFileReference; lastKnownFileType = sourcecode.swift; path = BaseCollectionViewCell.swift; sourceTree = "<group>"; };
		B0F1E0D22CDB6910005E38E7 /* UserTableViewCell.swift */ = {isa = PBXFileReference; lastKnownFileType = sourcecode.swift; path = UserTableViewCell.swift; sourceTree = "<group>"; };
		B0F1E0D52CDCE0F8005E38E7 /* workspaceInitialView.swift */ = {isa = PBXFileReference; lastKnownFileType = sourcecode.swift; path = workspaceInitialView.swift; sourceTree = "<group>"; };
		B0F1E0D82CDE093F005E38E7 /* CreateWorkspaceView.swift */ = {isa = PBXFileReference; lastKnownFileType = sourcecode.swift; path = CreateWorkspaceView.swift; sourceTree = "<group>"; };
		B0F1E0DA2CDE0F1B005E38E7 /* HomeViewReactor.swift */ = {isa = PBXFileReference; lastKnownFileType = sourcecode.swift; path = HomeViewReactor.swift; sourceTree = "<group>"; };
/* End PBXFileReference section */

/* Begin PBXFrameworksBuildPhase section */
		B0878D772CCD11A50013B989 /* Frameworks */ = {
			isa = PBXFrameworksBuildPhase;
			buildActionMask = 2147483647;
			files = (
				B0E23C302D12E5ED007B7695 /* KakaoSDKAuth in Frameworks */,
				B02A088E2CE49B3D007489EE /* (null) in Frameworks */,
				B0E23C2D2D12CC5E007B7695 /* RxGesture in Frameworks */,
				B0E23C192D12CADF007B7695 /* Then in Frameworks */,
				B08183EA2D2022BC001A0039 /* Kingfisher in Frameworks */,
				B0E23C282D12CC2A007B7695 /* RxCocoa in Frameworks */,
				B0E23C222D12CBA3007B7695 /* Moya in Frameworks */,
				B0E23C1F2D12CB24007B7695 /* ReactorKit in Frameworks */,
				B0E23C1C2D12CB16007B7695 /* RealmSwift in Frameworks */,
				B0E23C342D12E5ED007B7695 /* KakaoSDKUser in Frameworks */,
				B0E23C322D12E5ED007B7695 /* KakaoSDKCommon in Frameworks */,
				B0E23C2A2D12CC2A007B7695 /* RxSwift in Frameworks */,
				B0A4F5E72CEB077E00788119 /* ReactorKit in Frameworks */,
				B0A4F5EA2CEB079100788119 /* Then in Frameworks */,
				B0E23C162D12CAD0007B7695 /* SocketIO in Frameworks */,
				B0E23C252D12CBB0007B7695 /* SnapKit in Frameworks */,
			);
			runOnlyForDeploymentPostprocessing = 0;
		};
/* End PBXFrameworksBuildPhase section */

/* Begin PBXGroup section */
		0AE9E782CBF5691CF339351A /* Pods */ = {
			isa = PBXGroup;
			children = (
			);
			path = Pods;
			sourceTree = "<group>";
		};
		B017BC1E2CF3562F00176F28 /* Login */ = {
			isa = PBXGroup;
			children = (
				B0B653B12D2ED205009431B2 /* LoginHome */,
				B017BC1F2CF3563700176F28 /* Email */,
			);
			path = Login;
			sourceTree = "<group>";
		};
		B017BC1F2CF3563700176F28 /* Email */ = {
			isa = PBXGroup;
			children = (
				B0B653C02D2ED30B009431B2 /* View */,
				B0B653BF2D2ED306009431B2 /* ViewController */,
				B0B653BE2D2ED300009431B2 /* ViewReactor */,
			);
			path = Email;
			sourceTree = "<group>";
		};
		B017BC262CF358FF00176F28 /* Signup */ = {
			isa = PBXGroup;
			children = (
				B0B653BD2D2ED2F4009431B2 /* View */,
			);
			path = Signup;
			sourceTree = "<group>";
		};
		B02A08792CE1D84D007489EE /* Components */ = {
			isa = PBXGroup;
			children = (
				B0746CBD2CD4FC8000AC892C /* CustomToastView.swift */,
				B0F1E0D22CDB6910005E38E7 /* UserTableViewCell.swift */,
				B05206A22CF3056200FBE1F7 /* ChannelsTableViewCell.swift */,
				B07AC2F02D0FFE7B005198CB /* AddButton.swift */,
				B05206922CF0A65800FBE1F7 /* NewMessageButton.swift */,
				B052068F2CF0A65800FBE1F7 /* CommonButton.swift */,
				B05206902CF0A65800FBE1F7 /* CustomNavigationBar.swift */,
				B05206982CF0A68300FBE1F7 /* ChannelsButton.swift */,
				B05206912CF0A65800FBE1F7 /* CustomPopupView.swift */,
			);
			path = Components;
			sourceTree = "<group>";
		};
		B02A087A2CE1D860007489EE /* Extentsion */ = {
			isa = PBXGroup;
			children = (
				B02A087B2CE1D8A1007489EE /* UINavigationController +.swift */,
				B02A08992CE4B9F4007489EE /* UIView +.swift */,
			);
			path = Extentsion;
			sourceTree = "<group>";
		};
		B02A08852CE39597007489EE /* Channels */ = {
			isa = PBXGroup;
			children = (
				B0B653CA2D2ED3A2009431B2 /* ChannelChatting */,
				B0B653C62D2ED37D009431B2 /* CreateChannel */,
				B07AC2FE2D11AB74005198CB /* ChannelSetting */,
			);
			path = Channels;
			sourceTree = "<group>";
		};
		B02A08922CE4A134007489EE /* View */ = {
			isa = PBXGroup;
			children = (
				B0F1E0D52CDCE0F8005E38E7 /* workspaceInitialView.swift */,
				B02A08752CDF200D007489EE /* HomeEmptyView.swift */,
			);
			path = View;
			sourceTree = "<group>";
		};
		B02A08942CE4A13C007489EE /* ViewReactor  */ = {
			isa = PBXGroup;
			children = (
				B02A08832CE21D9F007489EE /* HomeInitialViewReactor.swift */,
			);
			path = "ViewReactor ";
			sourceTree = "<group>";
		};
		B02A089B2CE4BA2E007489EE /* Protocols */ = {
			isa = PBXGroup;
			children = (
				B02A089C2CE4BA3F007489EE /* ReusableProtocol.swift */,
			);
			path = Protocols;
			sourceTree = "<group>";
		};
		B02A089E2CE4BCE5007489EE /* ChangeAdmin */ = {
			isa = PBXGroup;
			children = (
				B0FA62622D2ED69C000F1F4C /* View */,
			);
			path = ChangeAdmin;
			sourceTree = "<group>";
		};
		B066FFB42CEB2CE1002D487E /* RequestModel */ = {
			isa = PBXGroup;
			children = (
				B066FFB72CEB2DBB002D487E /* UserQuery.swift */,
				B066FFC32CECBDA7002D487E /* WorkspaceQuery.swift */,
				B066FFC92CECE2B0002D487E /* ChannelQuery.swift */,
				B066FFCF2CEDC339002D487E /* DMSQuery.swift */,
			);
			path = RequestModel;
			sourceTree = "<group>";
		};
		B066FFB52CEB2CF4002D487E /* TargetType */ = {
			isa = PBXGroup;
			children = (
				B066FFC52CECE0A9002D487E /* BaseTarget.swift */,
				B0AAFFA62CE5E0CD009A5E30 /* UserAPI.swift */,
				B0AAFFA82CE78E8E009A5E30 /* WorkspaceAPI.swift */,
				B0D79C7A2CE8DF48002D8449 /* ChannelAPI.swift */,
				B066FFCB2CEDC0A4002D487E /* DMSAPI.swift */,
			);
			path = TargetType;
			sourceTree = "<group>";
		};
		B066FFD12CEDC660002D487E /* NetworkManager */ = {
			isa = PBXGroup;
			children = (
				B066FFDB2CEDD046002D487E /* UserNetworkManager.swift */,
				B066FFDD2CEDFF55002D487E /* WorkspaceNetworkManager.swift */,
				B066FFDF2CEE0B7C002D487E /* ChannelsNetworkManager.swift */,
				B066FFE12CEF5CB1002D487E /* DMSNetworkManager.swift */,
			);
			path = NetworkManager;
			sourceTree = "<group>";
		};
		B066FFD22CEDC67D002D487E /* ResponseModel */ = {
			isa = PBXGroup;
			children = (
				B066FFD52CEDCD8B002D487E /* UserResponse.swift */,
				B066FFD32CEDCAFF002D487E /* WorkspaceResponse.swift */,
				B066FFD72CEDCE6D002D487E /* ChannelResponse.swift */,
				B066FFD92CEDCF0C002D487E /* DMSResponse.swift */,
			);
			path = ResponseModel;
			sourceTree = "<group>";
		};
		B0746CBC2CD4FC3000AC892C /* Color */ = {
			isa = PBXGroup;
			children = (
				B0746CB92CD3AD4E00AC892C /* Color +.swift */,
			);
			path = Color;
			sourceTree = "<group>";
		};
		B07AC2D32D046FB1005198CB /* DtaBase */ = {
			isa = PBXGroup;
			children = (
				B066FFB22CEB293E002D487E /* UserDefaultsManager.swift */,
				B07AC2D42D046FDB005198CB /* ChattingTable.swift */,
				B07AC2D62D04783E005198CB /* ChattingTableRepository.swift */,
				B07AC2F42D107074005198CB /* WorkspaceTableRepository.swift */,
			);
			path = DtaBase;
			sourceTree = "<group>";
		};
		B07AC2E12D0AE0F9005198CB /* SokeyManager */ = {
			isa = PBXGroup;
			children = (
				B07AC2E22D0AE106005198CB /* SoketManager.swift */,
			);
			path = SokeyManager;
			sourceTree = "<group>";
		};
		B07AC2E42D0F0C79005198CB /* Search */ = {
			isa = PBXGroup;
			children = (
				B0B653B82D2ED276009431B2 /* View */,
				B0B653B92D2ED27A009431B2 /* ViewController */,
				B0B653BA2D2ED281009431B2 /* ViewReactor */,
			);
			path = Search;
			sourceTree = "<group>";
		};
		B07AC2E92D0FF9B9005198CB /* WorkspaceList  */ = {
			isa = PBXGroup;
			children = (
				B0FA62602D2ED676000F1F4C /* View */,
				B0FA625F2D2ED670000F1F4C /* ViewController */,
				B0FA625E2D2ED66B000F1F4C /* ViewReactor */,
			);
			path = "WorkspaceList ";
			sourceTree = "<group>";
		};
		B07AC2FE2D11AB74005198CB /* ChannelSetting */ = {
			isa = PBXGroup;
			children = (
				B0B653C32D2ED326009431B2 /* View */,
				B0B653C22D2ED323009431B2 /* ViewController */,
				B0B653C12D2ED31E009431B2 /* ViewReactor */,
			);
			path = ChannelSetting;
			sourceTree = "<group>";
		};
		B07E78DB2D2EDAE300280DD0 /* Setting */ = {
			isa = PBXGroup;
			children = (
				B0B653D12D2ED43E009431B2 /* SettingViewController.swift */,
			);
			path = Setting;
			sourceTree = "<group>";
		};
		B08183D92D1EF430001A0039 /* Custom */ = {
			isa = PBXGroup;
			children = (
				B08183E62D1F02DD001A0039 /* FloatingButton.swift */,
				B08183DE2D1EF46F001A0039 /* CustomTranstioningDelegate.swift */,
				B08183E42D1EFF39001A0039 /* PopUPView.swift */,
				B08183EB2D202394001A0039 /* AuthenticatedRequestModifier.swift */,
			);
			path = Custom;
			sourceTree = "<group>";
		};
		B0878D712CCD11A50013B989 = {
			isa = PBXGroup;
			children = (
				B0A4F5F12CEB119B00788119 /* .gitignore */,
				B08183D72D1E9F4F001A0039 /* secret.xcconfig */,
				B0878D7C2CCD11A50013B989 /* Sparkle */,
				B0878D7B2CCD11A50013B989 /* Products */,
				0AE9E782CBF5691CF339351A /* Pods */,
			);
			sourceTree = "<group>";
		};
		B0878D7B2CCD11A50013B989 /* Products */ = {
			isa = PBXGroup;
			children = (
				B0878D7A2CCD11A50013B989 /* Sparkle.app */,
			);
			name = Products;
			sourceTree = "<group>";
		};
		B0878D7C2CCD11A50013B989 /* Sparkle */ = {
			isa = PBXGroup;
			children = (
				B08183D92D1EF430001A0039 /* Custom */,
				B0E23C352D12EC90007B7695 /* Sparkle.entitlements */,
				B07AC2E12D0AE0F9005198CB /* SokeyManager */,
				B0AAFFA52CE5E09A009A5E30 /* Network */,
				B0878DD32CD35C710013B989 /* Presentation */,
				B0878DD22CD35BFB0013B989 /* Global */,
				B0878D862CCD11A70013B989 /* Assets.xcassets */,
				B0878D882CCD11A70013B989 /* LaunchScreen.storyboard */,
				B0878D8B2CCD11A70013B989 /* Info.plist */,
				B0F1E0C52CDB4EC6005E38E7 /* AppDelegate.swift */,
				B0F1E0C72CDB4EDB005E38E7 /* SceneDelegate.swift */,
				B07E79132D2EE40D00280DD0 /* BaseURL.swift */,
				B07E79152D2EE43300280DD0 /* SesacKey.swift */,
				B07E79172D2EE44200280DD0 /* DeviceToken.swift */,
			);
			path = Sparkle;
			sourceTree = "<group>";
		};
		B0878DD22CD35BFB0013B989 /* Global */ = {
			isa = PBXGroup;
			children = (
				B07AC2D32D046FB1005198CB /* DtaBase */,
				B02A089B2CE4BA2E007489EE /* Protocols */,
				B02A087A2CE1D860007489EE /* Extentsion */,
				B02A08792CE1D84D007489EE /* Components */,
				B0746CBC2CD4FC3000AC892C /* Color */,
			);
			path = Global;
			sourceTree = "<group>";
		};
		B0878DD32CD35C710013B989 /* Presentation */ = {
			isa = PBXGroup;
			children = (
				B0878DD62CD35D700013B989 /* Base */,
				B0878DDB2CD36EC30013B989 /* Onboarding */,
				B07AC2E42D0F0C79005198CB /* Search */,
				B017BC262CF358FF00176F28 /* Signup */,
				B017BC1E2CF3562F00176F28 /* Login */,
				B02A08852CE39597007489EE /* Channels */,
				B0F1E0D42CDCE0F1005E38E7 /* WorkSpace */,
				B0B653CE2D2ED414009431B2 /* Direct */,
				B07E78DB2D2EDAE300280DD0 /* Setting */,
				B0878DD52CD35D010013B989 /* TabBar */,
			);
			path = Presentation;
			sourceTree = "<group>";
		};
		B0878DD52CD35D010013B989 /* TabBar */ = {
			isa = PBXGroup;
			children = (
				B0878DC72CD2550F0013B989 /* MainTabBarViewController.swift */,
				B0878DC92CD255460013B989 /* SparkleTabBar.swift */,
			);
			path = TabBar;
			sourceTree = "<group>";
		};
		B0878DD62CD35D700013B989 /* Base */ = {
			isa = PBXGroup;
			children = (
				B0878DD72CD35D780013B989 /* BaseView.swift */,
				B0878DD92CD36E3B0013B989 /* BaseViewController.swift */,
				B0F1E0CE2CDB68B0005E38E7 /* BaseTableViewCell.swift */,
				B0F1E0D02CDB68CC005E38E7 /* BaseCollectionViewCell.swift */,
			);
			path = Base;
			sourceTree = "<group>";
		};
		B0878DDB2CD36EC30013B989 /* Onboarding */ = {
			isa = PBXGroup;
			children = (
				B0B653B52D2ED25A009431B2 /* View */,
				B0B653B62D2ED260009431B2 /* ViewController */,
				B0B653B72D2ED268009431B2 /* ViewReactor */,
			);
			path = Onboarding;
			sourceTree = "<group>";
		};
		B0878DDE2CD36EE20013B989 /* Home */ = {
			isa = PBXGroup;
			children = (
				B0FA62682D2ED6EA000F1F4C /* Home */,
				B0FA62672D2ED6E6000F1F4C /* HomeDefault */,
				B0FA62662D2ED6D2000F1F4C /* HomeInitial */,
			);
			path = Home;
			sourceTree = "<group>";
		};
		B0A4F5EB2CEB0C6300788119 /* Base */ = {
			isa = PBXGroup;
			children = (
				B066FFB02CEB27AB002D487E /* Header.swift */,
				B066FFB52CEB2CF4002D487E /* TargetType */,
			);
			path = Base;
			sourceTree = "<group>";
		};
		B0A4F5EC2CEB0C7200788119 /* Target */ = {
			isa = PBXGroup;
			children = (
				B0A4F5ED2CEB0DFC00788119 /* UserTarget.swift */,
				B066FFC12CECB6C6002D487E /* WorkspaceTarget.swift */,
				B066FFC72CECE1B1002D487E /* ChannelsTarget.swift */,
				B066FFCD2CEDC12C002D487E /* DMSTarget.swift */,
			);
			path = Target;
			sourceTree = "<group>";
		};
		B0AAFFA52CE5E09A009A5E30 /* Network */ = {
			isa = PBXGroup;
			children = (
				B066FFD12CEDC660002D487E /* NetworkManager */,
				B0A4F5EC2CEB0C7200788119 /* Target */,
				B0A4F5EB2CEB0C6300788119 /* Base */,
				B066FFD22CEDC67D002D487E /* ResponseModel */,
				B066FFB42CEB2CE1002D487E /* RequestModel */,
			);
			path = Network;
			sourceTree = "<group>";
		};
		B0B653B12D2ED205009431B2 /* LoginHome */ = {
			isa = PBXGroup;
			children = (
				B0B653B22D2ED221009431B2 /* View */,
				B0B653B32D2ED228009431B2 /* ViewController */,
				B0B653B42D2ED23B009431B2 /* ViewReactor */,
			);
			path = LoginHome;
			sourceTree = "<group>";
		};
		B0B653B22D2ED221009431B2 /* View */ = {
			isa = PBXGroup;
			children = (
				B07AC3092D11EF03005198CB /* LoginView.swift */,
			);
			path = View;
			sourceTree = "<group>";
		};
		B0B653B32D2ED228009431B2 /* ViewController */ = {
			isa = PBXGroup;
			children = (
				B07AC30B2D11EF0C005198CB /* LoginViewController.swift */,
			);
			path = ViewController;
			sourceTree = "<group>";
		};
		B0B653B42D2ED23B009431B2 /* ViewReactor */ = {
			isa = PBXGroup;
			children = (
				B07AC30D2D12AA54005198CB /* LoginViewReactor.swift */,
			);
			path = ViewReactor;
			sourceTree = "<group>";
		};
		B0B653B52D2ED25A009431B2 /* View */ = {
			isa = PBXGroup;
			children = (
				B0878DE12CD39B760013B989 /* OnboardingView.swift */,
			);
			path = View;
			sourceTree = "<group>";
		};
		B0B653B62D2ED260009431B2 /* ViewController */ = {
			isa = PBXGroup;
			children = (
				B0746CB42CD3A17400AC892C /* OnboardingViewController.swift */,
			);
			path = ViewController;
			sourceTree = "<group>";
		};
		B0B653B72D2ED268009431B2 /* ViewReactor */ = {
			isa = PBXGroup;
			children = (
				B07AC3072D11EC86005198CB /* OnboardingViewReactor.swift */,
			);
			path = ViewReactor;
			sourceTree = "<group>";
		};
		B0B653B82D2ED276009431B2 /* View */ = {
			isa = PBXGroup;
			children = (
				B07AC2E52D0F0D0A005198CB /* ChannelSearchView.swift */,
				B0B653BB2D2ED299009431B2 /* TableViewCell */,
			);
			path = View;
			sourceTree = "<group>";
		};
		B0B653B92D2ED27A009431B2 /* ViewController */ = {
			isa = PBXGroup;
			children = (
				B07AC2E72D0F0D11005198CB /* ChannelSearchViewController.swift */,
			);
			path = ViewController;
			sourceTree = "<group>";
		};
		B0B653BA2D2ED281009431B2 /* ViewReactor */ = {
			isa = PBXGroup;
			children = (
				B08183E22D1EF74C001A0039 /* ChannelSearchViewReactor.swift */,
			);
			path = ViewReactor;
			sourceTree = "<group>";
		};
		B0B653BB2D2ED299009431B2 /* TableViewCell */ = {
			isa = PBXGroup;
			children = (
				B08183E02D1EF597001A0039 /* ChannelSearchTableViewCell.swift */,
			);
			path = TableViewCell;
			sourceTree = "<group>";
		};
		B0B653BD2D2ED2F4009431B2 /* View */ = {
			isa = PBXGroup;
			children = (
				B017BC272CF3590900176F28 /* EmailSignupView.swift */,
			);
			path = View;
			sourceTree = "<group>";
		};
		B0B653BE2D2ED300009431B2 /* ViewReactor */ = {
			isa = PBXGroup;
			children = (
				B017BC242CF357B100176F28 /* EmailViewReactor.swift */,
			);
			path = ViewReactor;
			sourceTree = "<group>";
		};
		B0B653BF2D2ED306009431B2 /* ViewController */ = {
			isa = PBXGroup;
			children = (
				B017BC222CF3565100176F28 /* EmailViewController.swift */,
			);
			path = ViewController;
			sourceTree = "<group>";
		};
		B0B653C02D2ED30B009431B2 /* View */ = {
			isa = PBXGroup;
			children = (
				B017BC202CF3563D00176F28 /* EmailLoginView.swift */,
			);
			path = View;
			sourceTree = "<group>";
		};
		B0B653C12D2ED31E009431B2 /* ViewReactor */ = {
			isa = PBXGroup;
			children = (
				B07AC3052D11C941005198CB /* ChannelSettingViewReactor.swift */,
			);
			path = ViewReactor;
			sourceTree = "<group>";
		};
		B0B653C22D2ED323009431B2 /* ViewController */ = {
			isa = PBXGroup;
			children = (
				B07AC3032D11AB99005198CB /* ChannelSettingViewController.swift */,
			);
			path = ViewController;
			sourceTree = "<group>";
		};
		B0B653C32D2ED326009431B2 /* View */ = {
			isa = PBXGroup;
			children = (
				B0B653C42D2ED334009431B2 /* CollectionViewCell */,
				B07AC2FF2D11AB86005198CB /* ChannelSettingView.swift */,
			);
			path = View;
			sourceTree = "<group>";
		};
		B0B653C42D2ED334009431B2 /* CollectionViewCell */ = {
			isa = PBXGroup;
			children = (
				B07AC3012D11AB90005198CB /* ChannelSettingCollectionViewCell.swift */,
			);
			path = CollectionViewCell;
			sourceTree = "<group>";
		};
		B0B653C62D2ED37D009431B2 /* CreateChannel */ = {
			isa = PBXGroup;
			children = (
				B0B653C92D2ED391009431B2 /* View */,
				B0B653C82D2ED38D009431B2 /* ViewController */,
				B0B653C72D2ED386009431B2 /* ViewReactor */,
			);
			path = CreateChannel;
			sourceTree = "<group>";
		};
		B0B653C72D2ED386009431B2 /* ViewReactor */ = {
			isa = PBXGroup;
			children = (
			);
			path = ViewReactor;
			sourceTree = "<group>";
		};
		B0B653C82D2ED38D009431B2 /* ViewController */ = {
			isa = PBXGroup;
			children = (
			);
			path = ViewController;
			sourceTree = "<group>";
		};
		B0B653C92D2ED391009431B2 /* View */ = {
			isa = PBXGroup;
			children = (
				B02A08862CE395A1007489EE /* CreateChannelView.swift */,
			);
			path = View;
			sourceTree = "<group>";
		};
		B0B653CA2D2ED3A2009431B2 /* ChannelChatting */ = {
			isa = PBXGroup;
			children = (
				B0B653CD2D2ED3B6009431B2 /* View */,
				B0B653CC2D2ED3B3009431B2 /* ViewController */,
				B0B653CB2D2ED3AE009431B2 /* ViewReactor */,
			);
			path = ChannelChatting;
			sourceTree = "<group>";
		};
		B0B653CB2D2ED3AE009431B2 /* ViewReactor */ = {
			isa = PBXGroup;
			children = (
				B04641B42D01E47100B9FD3F /* ChannelChattingViewReactor.swift */,
			);
			path = ViewReactor;
			sourceTree = "<group>";
		};
		B0B653CC2D2ED3B3009431B2 /* ViewController */ = {
			isa = PBXGroup;
			children = (
				B04641B22D01E41100B9FD3F /* ChannelChattingViewController.swift */,
			);
			path = ViewController;
			sourceTree = "<group>";
		};
		B0B653CD2D2ED3B6009431B2 /* View */ = {
			isa = PBXGroup;
			children = (
				B0FA625D2D2ED651000F1F4C /* TableViewCell */,
				B02A08882CE47898007489EE /* ChannelChattingView.swift */,
			);
			path = View;
			sourceTree = "<group>";
		};
		B0B653CE2D2ED414009431B2 /* Direct */ = {
			isa = PBXGroup;
			children = (
				B0B653CF2D2ED41E009431B2 /* DirectViewController.swift */,
			);
			path = Direct;
			sourceTree = "<group>";
		};
		B0F1E0D42CDCE0F1005E38E7 /* WorkSpace */ = {
			isa = PBXGroup;
			children = (
				B07AC2E92D0FF9B9005198CB /* WorkspaceList  */,
				B02A089E2CE4BCE5007489EE /* ChangeAdmin */,
				B0F1E0D72CDE092E005E38E7 /* CreateWorkspace */,
				B0878DDE2CD36EE20013B989 /* Home */,
			);
			path = WorkSpace;
			sourceTree = "<group>";
		};
		B0F1E0D72CDE092E005E38E7 /* CreateWorkspace */ = {
			isa = PBXGroup;
			children = (
				B0FA62652D2ED6BA000F1F4C /* View */,
				B0FA62642D2ED6B6000F1F4C /* ViewController */,
				B0FA62632D2ED6B1000F1F4C /* ViewReactor */,
			);
			path = CreateWorkspace;
			sourceTree = "<group>";
		};
		B0FA625D2D2ED651000F1F4C /* TableViewCell */ = {
			isa = PBXGroup;
			children = (
				B02A088A2CE47900007489EE /* ChannelChattingTableViewCell.swift */,
			);
			path = TableViewCell;
			sourceTree = "<group>";
		};
		B0FA625E2D2ED66B000F1F4C /* ViewReactor */ = {
			isa = PBXGroup;
			children = (
				B07AC2F22D1006EE005198CB /* WorkspaceListViewReactor.swift */,
			);
			path = ViewReactor;
			sourceTree = "<group>";
		};
		B0FA625F2D2ED670000F1F4C /* ViewController */ = {
			isa = PBXGroup;
			children = (
				B07AC2EC2D0FF9D2005198CB /* WorkspaceListViewController.swift */,
			);
			path = ViewController;
			sourceTree = "<group>";
		};
		B0FA62602D2ED676000F1F4C /* View */ = {
			isa = PBXGroup;
			children = (
				B0FA62612D2ED681000F1F4C /* TableViewCell */,
				B07AC2EA2D0FF9C9005198CB /* WorkspaceListView.swift */,
			);
			path = View;
			sourceTree = "<group>";
		};
		B0FA62612D2ED681000F1F4C /* TableViewCell */ = {
			isa = PBXGroup;
			children = (
				B07AC2EE2D0FFB30005198CB /* WorkspaceListTableViewCell.swift */,
			);
			path = TableViewCell;
			sourceTree = "<group>";
		};
		B0FA62622D2ED69C000F1F4C /* View */ = {
			isa = PBXGroup;
			children = (
				B02A089F2CE4BCF9007489EE /* WorkspaceChangeAdminView.swift */,
			);
			path = View;
			sourceTree = "<group>";
		};
		B0FA62632D2ED6B1000F1F4C /* ViewReactor */ = {
			isa = PBXGroup;
			children = (
				B02A087D2CE1F486007489EE /* CreateWorkspaceViewReactor.swift */,
			);
			path = ViewReactor;
			sourceTree = "<group>";
		};
		B0FA62642D2ED6B6000F1F4C /* ViewController */ = {
			isa = PBXGroup;
			children = (
				B02A08722CDE3B5C007489EE /* CreateWorkspaceViewController.swift */,
			);
			path = ViewController;
			sourceTree = "<group>";
		};
		B0FA62652D2ED6BA000F1F4C /* View */ = {
			isa = PBXGroup;
			children = (
				B0F1E0D82CDE093F005E38E7 /* CreateWorkspaceView.swift */,
			);
			path = View;
			sourceTree = "<group>";
		};
		B0FA62662D2ED6D2000F1F4C /* HomeInitial */ = {
			isa = PBXGroup;
			children = (
				B0FA626D2D2ED788000F1F4C /* View */,
				B0FA626C2D2ED759000F1F4C /* ViewController */,
				B02A08942CE4A13C007489EE /* ViewReactor  */,
			);
			path = HomeInitial;
			sourceTree = "<group>";
		};
		B0FA62672D2ED6E6000F1F4C /* HomeDefault */ = {
			isa = PBXGroup;
			children = (
				B0FA62702D2ED7BD000F1F4C /* View */,
				B0FA626F2D2ED7B9000F1F4C /* ViewController */,
				B0FA626E2D2ED7B2000F1F4C /* ViewReactor */,
				B052069E2CF0AAD000FBE1F7 /* HomeDefaultView.swift */,
				B017BC1C2CF30BDC00176F28 /* HomeDefaultViewReactor.swift */,
				B05206A02CF0ADDF00FBE1F7 /* HomeDefaultViewController.swift */,
			);
			path = HomeDefault;
			sourceTree = "<group>";
		};
		B0FA62682D2ED6EA000F1F4C /* Home */ = {
			isa = PBXGroup;
			children = (
				B02A08922CE4A134007489EE /* View */,
				B0FA626A2D2ED6FE000F1F4C /* ViewController */,
				B0FA62692D2ED6F6000F1F4C /* ViewReactor */,
			);
			path = Home;
			sourceTree = "<group>";
		};
		B0FA62692D2ED6F6000F1F4C /* ViewReactor */ = {
			isa = PBXGroup;
			children = (
				B0F1E0DA2CDE0F1B005E38E7 /* HomeViewReactor.swift */,
			);
			path = ViewReactor;
			sourceTree = "<group>";
		};
		B0FA626A2D2ED6FE000F1F4C /* ViewController */ = {
			isa = PBXGroup;
			children = (
				B02A08772CDF20C9007489EE /* HomeEmptyViewController.swift */,
			);
			path = ViewController;
			sourceTree = "<group>";
		};
		B0FA626C2D2ED759000F1F4C /* ViewController */ = {
			isa = PBXGroup;
			children = (
				B02A08812CE2032D007489EE /* HomeInitialViewController.swift */,
			);
			path = ViewController;
			sourceTree = "<group>";
		};
		B0FA626D2D2ED788000F1F4C /* View */ = {
			isa = PBXGroup;
			children = (
				B02A087F2CE20320007489EE /* HomeInitialView.swift */,
			);
			path = View;
			sourceTree = "<group>";
		};
		B0FA626E2D2ED7B2000F1F4C /* ViewReactor */ = {
			isa = PBXGroup;
			children = (
			);
			path = ViewReactor;
			sourceTree = "<group>";
		};
		B0FA626F2D2ED7B9000F1F4C /* ViewController */ = {
			isa = PBXGroup;
			children = (
			);
			path = ViewController;
			sourceTree = "<group>";
		};
		B0FA62702D2ED7BD000F1F4C /* View */ = {
			isa = PBXGroup;
			children = (
			);
			path = View;
			sourceTree = "<group>";
		};
/* End PBXGroup section */

/* Begin PBXNativeTarget section */
		B0878D792CCD11A50013B989 /* Sparkle */ = {
			isa = PBXNativeTarget;
			buildConfigurationList = B0878D8E2CCD11A70013B989 /* Build configuration list for PBXNativeTarget "Sparkle" */;
			buildPhases = (
				B0878D762CCD11A50013B989 /* Sources */,
				B0878D772CCD11A50013B989 /* Frameworks */,
				B0878D782CCD11A50013B989 /* Resources */,
			);
			buildRules = (
			);
			dependencies = (
			);
			name = Sparkle;
			packageProductDependencies = (
				B0A4F5E62CEB077E00788119 /* ReactorKit */,
				B0A4F5E92CEB079100788119 /* Then */,
				B0E23C152D12CAD0007B7695 /* SocketIO */,
				B0E23C182D12CADF007B7695 /* Then */,
				B0E23C1B2D12CB16007B7695 /* RealmSwift */,
				B0E23C1E2D12CB24007B7695 /* ReactorKit */,
				B0E23C212D12CBA3007B7695 /* Moya */,
				B0E23C242D12CBB0007B7695 /* SnapKit */,
				B0E23C272D12CC2A007B7695 /* RxCocoa */,
				B0E23C292D12CC2A007B7695 /* RxSwift */,
				B0E23C2C2D12CC5E007B7695 /* RxGesture */,
				B0E23C2F2D12E5ED007B7695 /* KakaoSDKAuth */,
				B0E23C312D12E5ED007B7695 /* KakaoSDKCommon */,
				B0E23C332D12E5ED007B7695 /* KakaoSDKUser */,
				B08183E92D2022BC001A0039 /* Kingfisher */,
			);
			productName = Sparkle;
			productReference = B0878D7A2CCD11A50013B989 /* Sparkle.app */;
			productType = "com.apple.product-type.application";
		};
/* End PBXNativeTarget section */

/* Begin PBXProject section */
		B0878D722CCD11A50013B989 /* Project object */ = {
			isa = PBXProject;
			attributes = {
				BuildIndependentTargetsInParallel = 1;
				LastSwiftUpdateCheck = 1540;
				LastUpgradeCheck = 1540;
				TargetAttributes = {
					B0878D792CCD11A50013B989 = {
						CreatedOnToolsVersion = 15.4;
					};
				};
			};
			buildConfigurationList = B0878D752CCD11A50013B989 /* Build configuration list for PBXProject "Sparkle" */;
			compatibilityVersion = "Xcode 14.0";
			developmentRegion = en;
			hasScannedForEncodings = 0;
			knownRegions = (
				en,
				Base,
			);
			mainGroup = B0878D712CCD11A50013B989;
			packageReferences = (
				B0E23C142D12CAD0007B7695 /* XCRemoteSwiftPackageReference "socket.io-client-swift" */,
				B0E23C172D12CADF007B7695 /* XCRemoteSwiftPackageReference "Then" */,
				B0E23C1A2D12CB16007B7695 /* XCRemoteSwiftPackageReference "realm-swift" */,
				B0E23C1D2D12CB24007B7695 /* XCRemoteSwiftPackageReference "ReactorKit" */,
				B0E23C202D12CBA3007B7695 /* XCRemoteSwiftPackageReference "Moya" */,
				B0E23C232D12CBB0007B7695 /* XCRemoteSwiftPackageReference "SnapKit" */,
				B0E23C262D12CC2A007B7695 /* XCRemoteSwiftPackageReference "RxSwift" */,
				B0E23C2B2D12CC5D007B7695 /* XCRemoteSwiftPackageReference "RxGesture" */,
				B0E23C2E2D12E5ED007B7695 /* XCRemoteSwiftPackageReference "kakao-ios-sdk" */,
				B08183E82D2022BC001A0039 /* XCRemoteSwiftPackageReference "Kingfisher" */,
			);
			productRefGroup = B0878D7B2CCD11A50013B989 /* Products */;
			projectDirPath = "";
			projectRoot = "";
			targets = (
				B0878D792CCD11A50013B989 /* Sparkle */,
			);
		};
/* End PBXProject section */

/* Begin PBXResourcesBuildPhase section */
		B0878D782CCD11A50013B989 /* Resources */ = {
			isa = PBXResourcesBuildPhase;
			buildActionMask = 2147483647;
			files = (
				B08183D82D1E9F4F001A0039 /* secret.xcconfig in Resources */,
				B0A4F5F22CEB119B00788119 /* .gitignore in Resources */,
				B0878D872CCD11A70013B989 /* Assets.xcassets in Resources */,
				B0878D8A2CCD11A70013B989 /* Base in Resources */,
			);
			runOnlyForDeploymentPostprocessing = 0;
		};
/* End PBXResourcesBuildPhase section */

/* Begin PBXSourcesBuildPhase section */
		B0878D762CCD11A50013B989 /* Sources */ = {
			isa = PBXSourcesBuildPhase;
			buildActionMask = 2147483647;
			files = (
				B0878DC82CD2550F0013B989 /* MainTabBarViewController.swift in Sources */,
				B02A08802CE20320007489EE /* HomeInitialView.swift in Sources */,
				B0F1E0CF2CDB68B0005E38E7 /* BaseTableViewCell.swift in Sources */,
				B066FFD02CEDC339002D487E /* DMSQuery.swift in Sources */,
				B066FFC42CECBDA7002D487E /* WorkspaceQuery.swift in Sources */,
				B052069F2CF0AAD000FBE1F7 /* HomeDefaultView.swift in Sources */,
				B0F1E0DB2CDE0F1B005E38E7 /* HomeViewReactor.swift in Sources */,
				B07AC2EB2D0FF9C9005198CB /* WorkspaceListView.swift in Sources */,
				B07AC2E32D0AE106005198CB /* SoketManager.swift in Sources */,
				B07AC2D52D046FDB005198CB /* ChattingTable.swift in Sources */,
				B066FFC82CECE1B1002D487E /* ChannelsTarget.swift in Sources */,
				B0F1E0D62CDCE0F8005E38E7 /* workspaceInitialView.swift in Sources */,
				B02A08872CE395A1007489EE /* CreateChannelView.swift in Sources */,
				B017BC252CF357B100176F28 /* EmailViewReactor.swift in Sources */,
				B07AC2ED2D0FF9D2005198CB /* WorkspaceListViewController.swift in Sources */,
				B04641B52D01E47100B9FD3F /* ChannelChattingViewReactor.swift in Sources */,
				B07AC2D72D04783E005198CB /* ChattingTableRepository.swift in Sources */,
				B02A089A2CE4B9F4007489EE /* UIView +.swift in Sources */,
				B07AC2E82D0F0D11005198CB /* ChannelSearchViewController.swift in Sources */,
				B0F1E0D92CDE093F005E38E7 /* CreateWorkspaceView.swift in Sources */,
				B0F1E0D12CDB68CC005E38E7 /* BaseCollectionViewCell.swift in Sources */,
				B0AAFFA92CE78E8E009A5E30 /* WorkspaceAPI.swift in Sources */,
				B017BC1D2CF30BDC00176F28 /* HomeDefaultViewReactor.swift in Sources */,
				B02A08822CE2032D007489EE /* HomeInitialViewController.swift in Sources */,
				B066FFDA2CEDCF0C002D487E /* DMSResponse.swift in Sources */,
				B02A08732CDE3B5C007489EE /* CreateWorkspaceViewController.swift in Sources */,
				B0878DE22CD39B760013B989 /* OnboardingView.swift in Sources */,
				B05206932CF0A65800FBE1F7 /* NewMessageButton.swift in Sources */,
				B07E79182D2EE44200280DD0 /* DeviceToken.swift in Sources */,
				B04641B32D01E41100B9FD3F /* ChannelChattingViewController.swift in Sources */,
				B05206942CF0A65800FBE1F7 /* CommonButton.swift in Sources */,
				B05206952CF0A65800FBE1F7 /* CustomPopupView.swift in Sources */,
				B08183E72D1F02DD001A0039 /* FloatingButton.swift in Sources */,
				B0B653D22D2ED43E009431B2 /* SettingViewController.swift in Sources */,
				B07AC3062D11C941005198CB /* ChannelSettingViewReactor.swift in Sources */,
				B07AC3082D11EC86005198CB /* OnboardingViewReactor.swift in Sources */,
				B05206962CF0A65800FBE1F7 /* CustomNavigationBar.swift in Sources */,
				B017BC232CF3565100176F28 /* EmailViewController.swift in Sources */,
				B07AC30C2D11EF0C005198CB /* LoginViewController.swift in Sources */,
				B07AC2EF2D0FFB30005198CB /* WorkspaceListTableViewCell.swift in Sources */,
				B0A4F5EE2CEB0DFC00788119 /* UserTarget.swift in Sources */,
				B066FFCC2CEDC0A4002D487E /* DMSAPI.swift in Sources */,
				B07E79142D2EE40D00280DD0 /* BaseURL.swift in Sources */,
				B0746CBA2CD3AD4E00AC892C /* Color +.swift in Sources */,
				B02A087E2CE1F486007489EE /* CreateWorkspaceViewReactor.swift in Sources */,
				B066FFC22CECB6C6002D487E /* WorkspaceTarget.swift in Sources */,
				B02A087C2CE1D8A1007489EE /* UINavigationController +.swift in Sources */,
				B08183DF2D1EF46F001A0039 /* CustomTranstioningDelegate.swift in Sources */,
				B07AC3002D11AB86005198CB /* ChannelSettingView.swift in Sources */,
				B066FFD42CEDCAFF002D487E /* WorkspaceResponse.swift in Sources */,
				B0D79C7B2CE8DF48002D8449 /* ChannelAPI.swift in Sources */,
				B066FFDE2CEDFF55002D487E /* WorkspaceNetworkManager.swift in Sources */,
				B07AC2E62D0F0D0A005198CB /* ChannelSearchView.swift in Sources */,
				B07AC3022D11AB90005198CB /* ChannelSettingCollectionViewCell.swift in Sources */,
				B07AC2F52D107074005198CB /* WorkspaceTableRepository.swift in Sources */,
				B07AC2F32D1006EE005198CB /* WorkspaceListViewReactor.swift in Sources */,
				B02A08762CDF200D007489EE /* HomeEmptyView.swift in Sources */,
				B02A087E2CE1F486007489EE /* CreateWorkspaceViewReactor.swift in Sources */,
				B08183E52D1EFF39001A0039 /* PopUPView.swift in Sources */,
				B0B653D02D2ED41E009431B2 /* DirectViewController.swift in Sources */,
				B08183E32D1EF74C001A0039 /* ChannelSearchViewReactor.swift in Sources */,
				B05206A32CF3056200FBE1F7 /* ChannelsTableViewCell.swift in Sources */,
				B0878DCA2CD255460013B989 /* SparkleTabBar.swift in Sources */,
				B066FFD82CEDCE6D002D487E /* ChannelResponse.swift in Sources */,
				B017BC282CF3590900176F28 /* EmailSignupView.swift in Sources */,
				B02A088B2CE47900007489EE /* ChannelChattingTableViewCell.swift in Sources */,
				B02A08892CE47898007489EE /* ChannelChattingView.swift in Sources */,
				B05206A12CF0ADDF00FBE1F7 /* HomeDefaultViewController.swift in Sources */,
				B066FFB12CEB27AB002D487E /* Header.swift in Sources */,
				B02A08A02CE4BCF9007489EE /* WorkspaceChangeAdminView.swift in Sources */,
				B02A08842CE21D9F007489EE /* HomeInitialViewReactor.swift in Sources */,
				B05206992CF0A68300FBE1F7 /* ChannelsButton.swift in Sources */,
				B066FFE02CEE0B7C002D487E /* ChannelsNetworkManager.swift in Sources */,
				B07AC30E2D12AA54005198CB /* LoginViewReactor.swift in Sources */,
				B07AC2F12D0FFE7B005198CB /* AddButton.swift in Sources */,
				B066FFD62CEDCD8B002D487E /* UserResponse.swift in Sources */,
				B066FFE22CEF5CB1002D487E /* DMSNetworkManager.swift in Sources */,
				B0878DDA2CD36E3B0013B989 /* BaseViewController.swift in Sources */,
				B08183EC2D202394001A0039 /* AuthenticatedRequestModifier.swift in Sources */,
				B0F1E0C82CDB4EDB005E38E7 /* SceneDelegate.swift in Sources */,
				B02A089D2CE4BA3F007489EE /* ReusableProtocol.swift in Sources */,
				B0F1E0D32CDB6910005E38E7 /* UserTableViewCell.swift in Sources */,
				B08183E12D1EF597001A0039 /* ChannelSearchTableViewCell.swift in Sources */,
				B0AAFFA72CE5E0CD009A5E30 /* UserAPI.swift in Sources */,
				B066FFC62CECE0A9002D487E /* BaseTarget.swift in Sources */,
				B0746CB52CD3A17400AC892C /* OnboardingViewController.swift in Sources */,
				B017BC212CF3563D00176F28 /* EmailLoginView.swift in Sources */,
				B0746CBE2CD4FC8000AC892C /* CustomToastView.swift in Sources */,
				B066FFB82CEB2DBB002D487E /* UserQuery.swift in Sources */,
				B02A08782CDF20C9007489EE /* HomeEmptyViewController.swift in Sources */,
				B07AC30A2D11EF03005198CB /* LoginView.swift in Sources */,
				B066FFB32CEB293E002D487E /* UserDefaultsManager.swift in Sources */,
				B066FFCA2CECE2B0002D487E /* ChannelQuery.swift in Sources */,
				B0F1E0C62CDB4EC6005E38E7 /* AppDelegate.swift in Sources */,
				B07AC3042D11AB99005198CB /* ChannelSettingViewController.swift in Sources */,
				B07E79162D2EE43300280DD0 /* SesacKey.swift in Sources */,
				B0878DD82CD35D780013B989 /* BaseView.swift in Sources */,
				B066FFCE2CEDC12C002D487E /* DMSTarget.swift in Sources */,
				B066FFDC2CEDD046002D487E /* UserNetworkManager.swift in Sources */,
			);
			runOnlyForDeploymentPostprocessing = 0;
		};
/* End PBXSourcesBuildPhase section */

/* Begin PBXVariantGroup section */
		B0878D882CCD11A70013B989 /* LaunchScreen.storyboard */ = {
			isa = PBXVariantGroup;
			children = (
				B0878D892CCD11A70013B989 /* Base */,
			);
			name = LaunchScreen.storyboard;
			sourceTree = "<group>";
		};
/* End PBXVariantGroup section */

/* Begin XCBuildConfiguration section */
		B0878D8C2CCD11A70013B989 /* Debug */ = {
			isa = XCBuildConfiguration;
			buildSettings = {
				ALWAYS_SEARCH_USER_PATHS = NO;
				ASSETCATALOG_COMPILER_GENERATE_SWIFT_ASSET_SYMBOL_EXTENSIONS = YES;
				CLANG_ANALYZER_NONNULL = YES;
				CLANG_ANALYZER_NUMBER_OBJECT_CONVERSION = YES_AGGRESSIVE;
				CLANG_CXX_LANGUAGE_STANDARD = "gnu++20";
				CLANG_ENABLE_MODULES = YES;
				CLANG_ENABLE_OBJC_ARC = YES;
				CLANG_ENABLE_OBJC_WEAK = YES;
				CLANG_WARN_BLOCK_CAPTURE_AUTORELEASING = YES;
				CLANG_WARN_BOOL_CONVERSION = YES;
				CLANG_WARN_COMMA = YES;
				CLANG_WARN_CONSTANT_CONVERSION = YES;
				CLANG_WARN_DEPRECATED_OBJC_IMPLEMENTATIONS = YES;
				CLANG_WARN_DIRECT_OBJC_ISA_USAGE = YES_ERROR;
				CLANG_WARN_DOCUMENTATION_COMMENTS = YES;
				CLANG_WARN_EMPTY_BODY = YES;
				CLANG_WARN_ENUM_CONVERSION = YES;
				CLANG_WARN_INFINITE_RECURSION = YES;
				CLANG_WARN_INT_CONVERSION = YES;
				CLANG_WARN_NON_LITERAL_NULL_CONVERSION = YES;
				CLANG_WARN_OBJC_IMPLICIT_RETAIN_SELF = YES;
				CLANG_WARN_OBJC_LITERAL_CONVERSION = YES;
				CLANG_WARN_OBJC_ROOT_CLASS = YES_ERROR;
				CLANG_WARN_QUOTED_INCLUDE_IN_FRAMEWORK_HEADER = YES;
				CLANG_WARN_RANGE_LOOP_ANALYSIS = YES;
				CLANG_WARN_STRICT_PROTOTYPES = YES;
				CLANG_WARN_SUSPICIOUS_MOVE = YES;
				CLANG_WARN_UNGUARDED_AVAILABILITY = YES_AGGRESSIVE;
				CLANG_WARN_UNREACHABLE_CODE = YES;
				CLANG_WARN__DUPLICATE_METHOD_MATCH = YES;
				COPY_PHASE_STRIP = NO;
				DEBUG_INFORMATION_FORMAT = dwarf;
				ENABLE_STRICT_OBJC_MSGSEND = YES;
				ENABLE_TESTABILITY = YES;
				ENABLE_USER_SCRIPT_SANDBOXING = YES;
				GCC_C_LANGUAGE_STANDARD = gnu17;
				GCC_DYNAMIC_NO_PIC = NO;
				GCC_NO_COMMON_BLOCKS = YES;
				GCC_OPTIMIZATION_LEVEL = 0;
				GCC_PREPROCESSOR_DEFINITIONS = (
					"DEBUG=1",
					"$(inherited)",
				);
				GCC_WARN_64_TO_32_BIT_CONVERSION = YES;
				GCC_WARN_ABOUT_RETURN_TYPE = YES_ERROR;
				GCC_WARN_UNDECLARED_SELECTOR = YES;
				GCC_WARN_UNINITIALIZED_AUTOS = YES_AGGRESSIVE;
				GCC_WARN_UNUSED_FUNCTION = YES;
				GCC_WARN_UNUSED_VARIABLE = YES;
				IPHONEOS_DEPLOYMENT_TARGET = 17.5;
				LOCALIZATION_PREFERS_STRING_CATALOGS = YES;
				MTL_ENABLE_DEBUG_INFO = INCLUDE_SOURCE;
				MTL_FAST_MATH = YES;
				ONLY_ACTIVE_ARCH = YES;
				SDKROOT = iphoneos;
				SWIFT_ACTIVE_COMPILATION_CONDITIONS = "DEBUG $(inherited)";
				SWIFT_OPTIMIZATION_LEVEL = "-Onone";
				SWIFT_VERSION = 6.0;
			};
			name = Debug;
		};
		B0878D8D2CCD11A70013B989 /* Release */ = {
			isa = XCBuildConfiguration;
			buildSettings = {
				ALWAYS_SEARCH_USER_PATHS = NO;
				ASSETCATALOG_COMPILER_GENERATE_SWIFT_ASSET_SYMBOL_EXTENSIONS = YES;
				CLANG_ANALYZER_NONNULL = YES;
				CLANG_ANALYZER_NUMBER_OBJECT_CONVERSION = YES_AGGRESSIVE;
				CLANG_CXX_LANGUAGE_STANDARD = "gnu++20";
				CLANG_ENABLE_MODULES = YES;
				CLANG_ENABLE_OBJC_ARC = YES;
				CLANG_ENABLE_OBJC_WEAK = YES;
				CLANG_WARN_BLOCK_CAPTURE_AUTORELEASING = YES;
				CLANG_WARN_BOOL_CONVERSION = YES;
				CLANG_WARN_COMMA = YES;
				CLANG_WARN_CONSTANT_CONVERSION = YES;
				CLANG_WARN_DEPRECATED_OBJC_IMPLEMENTATIONS = YES;
				CLANG_WARN_DIRECT_OBJC_ISA_USAGE = YES_ERROR;
				CLANG_WARN_DOCUMENTATION_COMMENTS = YES;
				CLANG_WARN_EMPTY_BODY = YES;
				CLANG_WARN_ENUM_CONVERSION = YES;
				CLANG_WARN_INFINITE_RECURSION = YES;
				CLANG_WARN_INT_CONVERSION = YES;
				CLANG_WARN_NON_LITERAL_NULL_CONVERSION = YES;
				CLANG_WARN_OBJC_IMPLICIT_RETAIN_SELF = YES;
				CLANG_WARN_OBJC_LITERAL_CONVERSION = YES;
				CLANG_WARN_OBJC_ROOT_CLASS = YES_ERROR;
				CLANG_WARN_QUOTED_INCLUDE_IN_FRAMEWORK_HEADER = YES;
				CLANG_WARN_RANGE_LOOP_ANALYSIS = YES;
				CLANG_WARN_STRICT_PROTOTYPES = YES;
				CLANG_WARN_SUSPICIOUS_MOVE = YES;
				CLANG_WARN_UNGUARDED_AVAILABILITY = YES_AGGRESSIVE;
				CLANG_WARN_UNREACHABLE_CODE = YES;
				CLANG_WARN__DUPLICATE_METHOD_MATCH = YES;
				COPY_PHASE_STRIP = NO;
				DEBUG_INFORMATION_FORMAT = "dwarf-with-dsym";
				ENABLE_NS_ASSERTIONS = NO;
				ENABLE_STRICT_OBJC_MSGSEND = YES;
				ENABLE_USER_SCRIPT_SANDBOXING = YES;
				GCC_C_LANGUAGE_STANDARD = gnu17;
				GCC_NO_COMMON_BLOCKS = YES;
				GCC_WARN_64_TO_32_BIT_CONVERSION = YES;
				GCC_WARN_ABOUT_RETURN_TYPE = YES_ERROR;
				GCC_WARN_UNDECLARED_SELECTOR = YES;
				GCC_WARN_UNINITIALIZED_AUTOS = YES_AGGRESSIVE;
				GCC_WARN_UNUSED_FUNCTION = YES;
				GCC_WARN_UNUSED_VARIABLE = YES;
				IPHONEOS_DEPLOYMENT_TARGET = 17.5;
				LOCALIZATION_PREFERS_STRING_CATALOGS = YES;
				MTL_ENABLE_DEBUG_INFO = NO;
				MTL_FAST_MATH = YES;
				SDKROOT = iphoneos;
				SWIFT_COMPILATION_MODE = wholemodule;
				SWIFT_VERSION = 6.0;
				VALIDATE_PRODUCT = YES;
			};
			name = Release;
		};
		B0878D8F2CCD11A70013B989 /* Debug */ = {
			isa = XCBuildConfiguration;
			buildSettings = {
				ASSETCATALOG_COMPILER_APPICON_NAME = AppIcon;
				ASSETCATALOG_COMPILER_GLOBAL_ACCENT_COLOR_NAME = AccentColor;
				CODE_SIGN_ENTITLEMENTS = Sparkle/Sparkle.entitlements;
				CODE_SIGN_STYLE = Automatic;
				CURRENT_PROJECT_VERSION = 1;
				DEVELOPMENT_TEAM = Q35ZG4845H;
				GENERATE_INFOPLIST_FILE = YES;
				INFOPLIST_FILE = Sparkle/Info.plist;
				INFOPLIST_KEY_UIApplicationSupportsIndirectInputEvents = YES;
				INFOPLIST_KEY_UILaunchStoryboardName = LaunchScreen;
				INFOPLIST_KEY_UISupportedInterfaceOrientations_iPad = "UIInterfaceOrientationPortrait UIInterfaceOrientationPortraitUpsideDown UIInterfaceOrientationLandscapeLeft UIInterfaceOrientationLandscapeRight";
				INFOPLIST_KEY_UISupportedInterfaceOrientations_iPhone = "UIInterfaceOrientationPortrait UIInterfaceOrientationLandscapeLeft UIInterfaceOrientationLandscapeRight";
				IPHONEOS_DEPLOYMENT_TARGET = 16.6;
				LD_RUNPATH_SEARCH_PATHS = (
					"$(inherited)",
					"@executable_path/Frameworks",
				);
				MARKETING_VERSION = 1.0;
				PRODUCT_BUNDLE_IDENTIFIER = com.miley.Sparkle;
				PRODUCT_NAME = "$(TARGET_NAME)";
				SWIFT_EMIT_LOC_STRINGS = YES;
				SWIFT_VERSION = 5.0;
				TARGETED_DEVICE_FAMILY = "1,2";
			};
			name = Debug;
		};
		B0878D902CCD11A70013B989 /* Release */ = {
			isa = XCBuildConfiguration;
			buildSettings = {
				ASSETCATALOG_COMPILER_APPICON_NAME = AppIcon;
				ASSETCATALOG_COMPILER_GLOBAL_ACCENT_COLOR_NAME = AccentColor;
				CODE_SIGN_ENTITLEMENTS = Sparkle/Sparkle.entitlements;
				CODE_SIGN_STYLE = Automatic;
				CURRENT_PROJECT_VERSION = 1;
				DEVELOPMENT_TEAM = V4KT333NUG;
				GENERATE_INFOPLIST_FILE = YES;
				INFOPLIST_FILE = Sparkle/Info.plist;
				INFOPLIST_KEY_UIApplicationSupportsIndirectInputEvents = YES;
				INFOPLIST_KEY_UILaunchStoryboardName = LaunchScreen;
				INFOPLIST_KEY_UISupportedInterfaceOrientations_iPad = "UIInterfaceOrientationPortrait UIInterfaceOrientationPortraitUpsideDown UIInterfaceOrientationLandscapeLeft UIInterfaceOrientationLandscapeRight";
				INFOPLIST_KEY_UISupportedInterfaceOrientations_iPhone = "UIInterfaceOrientationPortrait UIInterfaceOrientationLandscapeLeft UIInterfaceOrientationLandscapeRight";
				IPHONEOS_DEPLOYMENT_TARGET = 16.6;
				LD_RUNPATH_SEARCH_PATHS = (
					"$(inherited)",
					"@executable_path/Frameworks",
				);
				MARKETING_VERSION = 1.0;
				PRODUCT_BUNDLE_IDENTIFIER = com.miley.Sparkle;
				PRODUCT_NAME = "$(TARGET_NAME)";
				SWIFT_EMIT_LOC_STRINGS = YES;
				SWIFT_VERSION = 5.0;
				TARGETED_DEVICE_FAMILY = "1,2";
			};
			name = Release;
		};
/* End XCBuildConfiguration section */

/* Begin XCConfigurationList section */
		B0878D752CCD11A50013B989 /* Build configuration list for PBXProject "Sparkle" */ = {
			isa = XCConfigurationList;
			buildConfigurations = (
				B0878D8C2CCD11A70013B989 /* Debug */,
				B0878D8D2CCD11A70013B989 /* Release */,
			);
			defaultConfigurationIsVisible = 0;
			defaultConfigurationName = Release;
		};
		B0878D8E2CCD11A70013B989 /* Build configuration list for PBXNativeTarget "Sparkle" */ = {
			isa = XCConfigurationList;
			buildConfigurations = (
				B0878D8F2CCD11A70013B989 /* Debug */,
				B0878D902CCD11A70013B989 /* Release */,
			);
			defaultConfigurationIsVisible = 0;
			defaultConfigurationName = Release;
		};
/* End XCConfigurationList section */

/* Begin XCRemoteSwiftPackageReference section */
		B08183E82D2022BC001A0039 /* XCRemoteSwiftPackageReference "Kingfisher" */ = {
			isa = XCRemoteSwiftPackageReference;
			repositoryURL = "https://github.com/onevcat/Kingfisher.git";
			requirement = {
				kind = upToNextMajorVersion;
				minimumVersion = 8.1.3;
			};
		};
		B0E23C142D12CAD0007B7695 /* XCRemoteSwiftPackageReference "socket.io-client-swift" */ = {
			isa = XCRemoteSwiftPackageReference;
			repositoryURL = "https://github.com/socketio/socket.io-client-swift.git";
			requirement = {
				branch = master;
				kind = branch;
			};
		};
		B0E23C172D12CADF007B7695 /* XCRemoteSwiftPackageReference "Then" */ = {
			isa = XCRemoteSwiftPackageReference;
			repositoryURL = "https://github.com/devxoul/Then.git";
			requirement = {
				kind = upToNextMajorVersion;
				minimumVersion = 3.0.0;
			};
		};
		B0E23C1A2D12CB16007B7695 /* XCRemoteSwiftPackageReference "realm-swift" */ = {
			isa = XCRemoteSwiftPackageReference;
			repositoryURL = "https://github.com/realm/realm-swift.git";
			requirement = {
				kind = exactVersion;
				version = 10.54.2;
			};
		};
		B0E23C1D2D12CB24007B7695 /* XCRemoteSwiftPackageReference "ReactorKit" */ = {
			isa = XCRemoteSwiftPackageReference;
			repositoryURL = "https://github.com/ReactorKit/ReactorKit.git";
			requirement = {
				kind = upToNextMajorVersion;
				minimumVersion = 3.2.0;
			};
		};
		B0E23C202D12CBA3007B7695 /* XCRemoteSwiftPackageReference "Moya" */ = {
			isa = XCRemoteSwiftPackageReference;
			repositoryURL = "https://github.com/Moya/Moya.git";
			requirement = {
				kind = upToNextMajorVersion;
				minimumVersion = 15.0.3;
			};
		};
		B0E23C232D12CBB0007B7695 /* XCRemoteSwiftPackageReference "SnapKit" */ = {
			isa = XCRemoteSwiftPackageReference;
			repositoryURL = "https://github.com/SnapKit/SnapKit.git";
			requirement = {
				kind = upToNextMajorVersion;
				minimumVersion = 5.7.1;
			};
		};
		B0E23C262D12CC2A007B7695 /* XCRemoteSwiftPackageReference "RxSwift" */ = {
			isa = XCRemoteSwiftPackageReference;
			repositoryURL = "https://github.com/ReactiveX/RxSwift.git";
			requirement = {
				kind = upToNextMajorVersion;
				minimumVersion = 6.8.0;
			};
		};
		B0E23C2B2D12CC5D007B7695 /* XCRemoteSwiftPackageReference "RxGesture" */ = {
			isa = XCRemoteSwiftPackageReference;
			repositoryURL = "https://github.com/RxSwiftCommunity/RxGesture.git";
			requirement = {
				kind = upToNextMajorVersion;
				minimumVersion = 4.0.4;
			};
		};
		B0E23C2E2D12E5ED007B7695 /* XCRemoteSwiftPackageReference "kakao-ios-sdk" */ = {
			isa = XCRemoteSwiftPackageReference;
			repositoryURL = "https://github.com/kakao/kakao-ios-sdk.git";
			requirement = {
				kind = upToNextMajorVersion;
				minimumVersion = 2.23.0;
			};
		};
/* End XCRemoteSwiftPackageReference section */

/* Begin XCSwiftPackageProductDependency section */
		B08183E92D2022BC001A0039 /* Kingfisher */ = {
			isa = XCSwiftPackageProductDependency;
			package = B08183E82D2022BC001A0039 /* XCRemoteSwiftPackageReference "Kingfisher" */;
			productName = Kingfisher;
		};
		B0A4F5E62CEB077E00788119 /* ReactorKit */ = {
			isa = XCSwiftPackageProductDependency;
			productName = ReactorKit;
		};
		B0A4F5E92CEB079100788119 /* Then */ = {
			isa = XCSwiftPackageProductDependency;
			productName = Then;
		};
		B0E23C152D12CAD0007B7695 /* SocketIO */ = {
			isa = XCSwiftPackageProductDependency;
			package = B0E23C142D12CAD0007B7695 /* XCRemoteSwiftPackageReference "socket.io-client-swift" */;
			productName = SocketIO;
		};
		B0E23C182D12CADF007B7695 /* Then */ = {
			isa = XCSwiftPackageProductDependency;
			package = B0E23C172D12CADF007B7695 /* XCRemoteSwiftPackageReference "Then" */;
			productName = Then;
		};
		B0E23C1B2D12CB16007B7695 /* RealmSwift */ = {
			isa = XCSwiftPackageProductDependency;
			package = B0E23C1A2D12CB16007B7695 /* XCRemoteSwiftPackageReference "realm-swift" */;
			productName = RealmSwift;
		};
		B0E23C1E2D12CB24007B7695 /* ReactorKit */ = {
			isa = XCSwiftPackageProductDependency;
			package = B0E23C1D2D12CB24007B7695 /* XCRemoteSwiftPackageReference "ReactorKit" */;
			productName = ReactorKit;
		};
		B0E23C212D12CBA3007B7695 /* Moya */ = {
			isa = XCSwiftPackageProductDependency;
			package = B0E23C202D12CBA3007B7695 /* XCRemoteSwiftPackageReference "Moya" */;
			productName = Moya;
		};
		B0E23C242D12CBB0007B7695 /* SnapKit */ = {
			isa = XCSwiftPackageProductDependency;
			package = B0E23C232D12CBB0007B7695 /* XCRemoteSwiftPackageReference "SnapKit" */;
			productName = SnapKit;
		};
		B0E23C272D12CC2A007B7695 /* RxCocoa */ = {
			isa = XCSwiftPackageProductDependency;
			package = B0E23C262D12CC2A007B7695 /* XCRemoteSwiftPackageReference "RxSwift" */;
			productName = RxCocoa;
		};
		B0E23C292D12CC2A007B7695 /* RxSwift */ = {
			isa = XCSwiftPackageProductDependency;
			package = B0E23C262D12CC2A007B7695 /* XCRemoteSwiftPackageReference "RxSwift" */;
			productName = RxSwift;
		};
		B0E23C2C2D12CC5E007B7695 /* RxGesture */ = {
			isa = XCSwiftPackageProductDependency;
			package = B0E23C2B2D12CC5D007B7695 /* XCRemoteSwiftPackageReference "RxGesture" */;
			productName = RxGesture;
		};
		B0E23C2F2D12E5ED007B7695 /* KakaoSDKAuth */ = {
			isa = XCSwiftPackageProductDependency;
			package = B0E23C2E2D12E5ED007B7695 /* XCRemoteSwiftPackageReference "kakao-ios-sdk" */;
			productName = KakaoSDKAuth;
		};
		B0E23C312D12E5ED007B7695 /* KakaoSDKCommon */ = {
			isa = XCSwiftPackageProductDependency;
			package = B0E23C2E2D12E5ED007B7695 /* XCRemoteSwiftPackageReference "kakao-ios-sdk" */;
			productName = KakaoSDKCommon;
		};
		B0E23C332D12E5ED007B7695 /* KakaoSDKUser */ = {
			isa = XCSwiftPackageProductDependency;
			package = B0E23C2E2D12E5ED007B7695 /* XCRemoteSwiftPackageReference "kakao-ios-sdk" */;
			productName = KakaoSDKUser;
		};
/* End XCSwiftPackageProductDependency section */
	};
	rootObject = B0878D722CCD11A50013B989 /* Project object */;
}
