// !$*UTF8*$!
{
	archiveVersion = 1;
	classes = {
	};
	objectVersion = 56;
	objects = {

/* Begin PBXBuildFile section */
		B04873352CDA4D320018B98B /* SnapKit in Frameworks */ = {isa = PBXBuildFile; productRef = B04873342CDA4D320018B98B /* SnapKit */; };
		B04873382CDA4D380018B98B /* Then in Frameworks */ = {isa = PBXBuildFile; productRef = B04873372CDA4D380018B98B /* Then */; };
		B0746CB52CD3A17400AC892C /* OnboardingViewController.swift in Sources */ = {isa = PBXBuildFile; fileRef = B0746CB42CD3A17400AC892C /* OnboardingViewController.swift */; };
		B0746CBA2CD3AD4E00AC892C /* Color +.swift in Sources */ = {isa = PBXBuildFile; fileRef = B0746CB92CD3AD4E00AC892C /* Color +.swift */; };
		B0746CBE2CD4FC8000AC892C /* CustomToastView.swift in Sources */ = {isa = PBXBuildFile; fileRef = B0746CBD2CD4FC8000AC892C /* CustomToastView.swift */; };
		B0746CC02CD50B5600AC892C /* CustomNavigationBar.swift in Sources */ = {isa = PBXBuildFile; fileRef = B0746CBF2CD50B5600AC892C /* CustomNavigationBar.swift */; };
		B0746CC42CD6158200AC892C /* CommonButton.swift in Sources */ = {isa = PBXBuildFile; fileRef = B0746CC32CD6158200AC892C /* CommonButton.swift */; };
		B0746CC82CD8CC6300AC892C /* ChannelsButton.swift in Sources */ = {isa = PBXBuildFile; fileRef = B0746CC72CD8CC6300AC892C /* ChannelsButton.swift */; };
		B0746CCA2CD9FBAF00AC892C /* CustomPopupView.swift in Sources */ = {isa = PBXBuildFile; fileRef = B0746CC92CD9FBAF00AC892C /* CustomPopupView.swift */; };
		B0746CCC2CDA4B7B00AC892C /* NewMessageButton.swift in Sources */ = {isa = PBXBuildFile; fileRef = B0746CCB2CDA4B7B00AC892C /* NewMessageButton.swift */; };
		B0878D852CCD11A50013B989 /* Base in Resources */ = {isa = PBXBuildFile; fileRef = B0878D842CCD11A50013B989 /* Base */; };
		B0878D872CCD11A70013B989 /* Assets.xcassets in Resources */ = {isa = PBXBuildFile; fileRef = B0878D862CCD11A70013B989 /* Assets.xcassets */; };
		B0878D8A2CCD11A70013B989 /* Base in Resources */ = {isa = PBXBuildFile; fileRef = B0878D892CCD11A70013B989 /* Base */; };
		B0878DC82CD2550F0013B989 /* MainTabBarViewController.swift in Sources */ = {isa = PBXBuildFile; fileRef = B0878DC72CD2550F0013B989 /* MainTabBarViewController.swift */; };
		B0878DCA2CD255460013B989 /* SparkleTabBar.swift in Sources */ = {isa = PBXBuildFile; fileRef = B0878DC92CD255460013B989 /* SparkleTabBar.swift */; };
		B0878DCC2CD25C4C0013B989 /* HomeViewController.swift in Sources */ = {isa = PBXBuildFile; fileRef = B0878DCB2CD25C4C0013B989 /* HomeViewController.swift */; };
		B0878DCE2CD25C6D0013B989 /* DirectViewController.swift in Sources */ = {isa = PBXBuildFile; fileRef = B0878DCD2CD25C6D0013B989 /* DirectViewController.swift */; };
		B0878DD02CD25C880013B989 /* SettingViewController.swift in Sources */ = {isa = PBXBuildFile; fileRef = B0878DCF2CD25C880013B989 /* SettingViewController.swift */; };
		B0878DD82CD35D780013B989 /* BaseView.swift in Sources */ = {isa = PBXBuildFile; fileRef = B0878DD72CD35D780013B989 /* BaseView.swift */; };
		B0878DDA2CD36E3B0013B989 /* BaseViewController.swift in Sources */ = {isa = PBXBuildFile; fileRef = B0878DD92CD36E3B0013B989 /* BaseViewController.swift */; };
		B0878DE22CD39B760013B989 /* OnboardingView.swift in Sources */ = {isa = PBXBuildFile; fileRef = B0878DE12CD39B760013B989 /* OnboardingView.swift */; };
		B0F1E0C62CDB4EC6005E38E7 /* AppDelegate.swift in Sources */ = {isa = PBXBuildFile; fileRef = B0F1E0C52CDB4EC6005E38E7 /* AppDelegate.swift */; };
		B0F1E0C82CDB4EDB005E38E7 /* SceneDelegate.swift in Sources */ = {isa = PBXBuildFile; fileRef = B0F1E0C72CDB4EDB005E38E7 /* SceneDelegate.swift */; };
		B0F1E0CB2CDB62B8005E38E7 /* RxCocoa in Frameworks */ = {isa = PBXBuildFile; productRef = B0F1E0CA2CDB62B8005E38E7 /* RxCocoa */; };
		B0F1E0CD2CDB62B8005E38E7 /* RxSwift in Frameworks */ = {isa = PBXBuildFile; productRef = B0F1E0CC2CDB62B8005E38E7 /* RxSwift */; };
		B0F1E0CF2CDB68B0005E38E7 /* BaseTableViewCell.swift in Sources */ = {isa = PBXBuildFile; fileRef = B0F1E0CE2CDB68B0005E38E7 /* BaseTableViewCell.swift */; };
		B0F1E0D12CDB68CC005E38E7 /* BaseCollectionViewCell.swift in Sources */ = {isa = PBXBuildFile; fileRef = B0F1E0D02CDB68CC005E38E7 /* BaseCollectionViewCell.swift */; };
		B0F1E0D32CDB6910005E38E7 /* UserTableViewCell.swift in Sources */ = {isa = PBXBuildFile; fileRef = B0F1E0D22CDB6910005E38E7 /* UserTableViewCell.swift */; };
		B0F1E0D62CDCE0F8005E38E7 /* HomeView.swift in Sources */ = {isa = PBXBuildFile; fileRef = B0F1E0D52CDCE0F8005E38E7 /* HomeView.swift */; };
/* End PBXBuildFile section */

/* Begin PBXFileReference section */
		B0746CB42CD3A17400AC892C /* OnboardingViewController.swift */ = {isa = PBXFileReference; lastKnownFileType = sourcecode.swift; path = OnboardingViewController.swift; sourceTree = "<group>"; };
		B0746CB92CD3AD4E00AC892C /* Color +.swift */ = {isa = PBXFileReference; lastKnownFileType = sourcecode.swift; path = "Color +.swift"; sourceTree = "<group>"; };
		B0746CBD2CD4FC8000AC892C /* CustomToastView.swift */ = {isa = PBXFileReference; lastKnownFileType = sourcecode.swift; path = CustomToastView.swift; sourceTree = "<group>"; };
		B0746CBF2CD50B5600AC892C /* CustomNavigationBar.swift */ = {isa = PBXFileReference; lastKnownFileType = sourcecode.swift; path = CustomNavigationBar.swift; sourceTree = "<group>"; };
		B0746CC32CD6158200AC892C /* CommonButton.swift */ = {isa = PBXFileReference; lastKnownFileType = sourcecode.swift; path = CommonButton.swift; sourceTree = "<group>"; };
		B0746CC72CD8CC6300AC892C /* ChannelsButton.swift */ = {isa = PBXFileReference; lastKnownFileType = sourcecode.swift; path = ChannelsButton.swift; sourceTree = "<group>"; };
		B0746CC92CD9FBAF00AC892C /* CustomPopupView.swift */ = {isa = PBXFileReference; lastKnownFileType = sourcecode.swift; path = CustomPopupView.swift; sourceTree = "<group>"; };
		B0746CCB2CDA4B7B00AC892C /* NewMessageButton.swift */ = {isa = PBXFileReference; lastKnownFileType = sourcecode.swift; path = NewMessageButton.swift; sourceTree = "<group>"; };
		B0878D7A2CCD11A50013B989 /* Sparkle.app */ = {isa = PBXFileReference; explicitFileType = wrapper.application; includeInIndex = 0; path = Sparkle.app; sourceTree = BUILT_PRODUCTS_DIR; };
		B0878D842CCD11A50013B989 /* Base */ = {isa = PBXFileReference; lastKnownFileType = file.storyboard; name = Base; path = Base.lproj/Main.storyboard; sourceTree = "<group>"; };
		B0878D862CCD11A70013B989 /* Assets.xcassets */ = {isa = PBXFileReference; lastKnownFileType = folder.assetcatalog; path = Assets.xcassets; sourceTree = "<group>"; };
		B0878D892CCD11A70013B989 /* Base */ = {isa = PBXFileReference; lastKnownFileType = file.storyboard; name = Base; path = Base.lproj/LaunchScreen.storyboard; sourceTree = "<group>"; };
		B0878D8B2CCD11A70013B989 /* Info.plist */ = {isa = PBXFileReference; lastKnownFileType = text.plist.xml; path = Info.plist; sourceTree = "<group>"; };
		B0878DC72CD2550F0013B989 /* MainTabBarViewController.swift */ = {isa = PBXFileReference; lastKnownFileType = sourcecode.swift; path = MainTabBarViewController.swift; sourceTree = "<group>"; };
		B0878DC92CD255460013B989 /* SparkleTabBar.swift */ = {isa = PBXFileReference; lastKnownFileType = sourcecode.swift; path = SparkleTabBar.swift; sourceTree = "<group>"; };
		B0878DCB2CD25C4C0013B989 /* HomeViewController.swift */ = {isa = PBXFileReference; lastKnownFileType = sourcecode.swift; path = HomeViewController.swift; sourceTree = "<group>"; };
		B0878DCD2CD25C6D0013B989 /* DirectViewController.swift */ = {isa = PBXFileReference; lastKnownFileType = sourcecode.swift; path = DirectViewController.swift; sourceTree = "<group>"; };
		B0878DCF2CD25C880013B989 /* SettingViewController.swift */ = {isa = PBXFileReference; lastKnownFileType = sourcecode.swift; path = SettingViewController.swift; sourceTree = "<group>"; };
		B0878DD72CD35D780013B989 /* BaseView.swift */ = {isa = PBXFileReference; lastKnownFileType = sourcecode.swift; path = BaseView.swift; sourceTree = "<group>"; };
		B0878DD92CD36E3B0013B989 /* BaseViewController.swift */ = {isa = PBXFileReference; lastKnownFileType = sourcecode.swift; path = BaseViewController.swift; sourceTree = "<group>"; };
		B0878DE12CD39B760013B989 /* OnboardingView.swift */ = {isa = PBXFileReference; lastKnownFileType = sourcecode.swift; path = OnboardingView.swift; sourceTree = "<group>"; };
		B0F1E0C52CDB4EC6005E38E7 /* AppDelegate.swift */ = {isa = PBXFileReference; lastKnownFileType = sourcecode.swift; path = AppDelegate.swift; sourceTree = "<group>"; };
		B0F1E0C72CDB4EDB005E38E7 /* SceneDelegate.swift */ = {isa = PBXFileReference; lastKnownFileType = sourcecode.swift; path = SceneDelegate.swift; sourceTree = "<group>"; };
		B0F1E0CE2CDB68B0005E38E7 /* BaseTableViewCell.swift */ = {isa = PBXFileReference; lastKnownFileType = sourcecode.swift; path = BaseTableViewCell.swift; sourceTree = "<group>"; };
		B0F1E0D02CDB68CC005E38E7 /* BaseCollectionViewCell.swift */ = {isa = PBXFileReference; lastKnownFileType = sourcecode.swift; path = BaseCollectionViewCell.swift; sourceTree = "<group>"; };
		B0F1E0D22CDB6910005E38E7 /* UserTableViewCell.swift */ = {isa = PBXFileReference; lastKnownFileType = sourcecode.swift; path = UserTableViewCell.swift; sourceTree = "<group>"; };
		B0F1E0D52CDCE0F8005E38E7 /* HomeView.swift */ = {isa = PBXFileReference; lastKnownFileType = sourcecode.swift; path = HomeView.swift; sourceTree = "<group>"; };
/* End PBXFileReference section */

/* Begin PBXFrameworksBuildPhase section */
		B0878D772CCD11A50013B989 /* Frameworks */ = {
			isa = PBXFrameworksBuildPhase;
			buildActionMask = 2147483647;
			files = (
				B0F1E0CB2CDB62B8005E38E7 /* RxCocoa in Frameworks */,
				B04873352CDA4D320018B98B /* SnapKit in Frameworks */,
				B0F1E0CD2CDB62B8005E38E7 /* RxSwift in Frameworks */,
				B04873382CDA4D380018B98B /* Then in Frameworks */,
			);
			runOnlyForDeploymentPostprocessing = 0;
		};
/* End PBXFrameworksBuildPhase section */

/* Begin PBXGroup section */
		B0746CBC2CD4FC3000AC892C /* Color */ = {
			isa = PBXGroup;
			children = (
				B0746CB92CD3AD4E00AC892C /* Color +.swift */,
			);
			path = Color;
			sourceTree = "<group>";
		};
		B0878D712CCD11A50013B989 = {
			isa = PBXGroup;
			children = (
				B0878D7C2CCD11A50013B989 /* Sparkle */,
				B0878D7B2CCD11A50013B989 /* Products */,
			);
			sourceTree = "<group>";
		};
		B0878D7B2CCD11A50013B989 /* Products */ = {
			isa = PBXGroup;
			children = (
				B0878D7A2CCD11A50013B989 /* Sparkle.app */,
			);
			name = Products;
			sourceTree = "<group>";
		};
		B0878D7C2CCD11A50013B989 /* Sparkle */ = {
			isa = PBXGroup;
			children = (
				B0878DD32CD35C710013B989 /* Presentation */,
				B0878DD22CD35BFB0013B989 /* Global */,
				B0878D832CCD11A50013B989 /* Main.storyboard */,
				B0878D862CCD11A70013B989 /* Assets.xcassets */,
				B0878D882CCD11A70013B989 /* LaunchScreen.storyboard */,
				B0878D8B2CCD11A70013B989 /* Info.plist */,
				B0F1E0C52CDB4EC6005E38E7 /* AppDelegate.swift */,
				B0F1E0C72CDB4EDB005E38E7 /* SceneDelegate.swift */,
			);
			path = Sparkle;
			sourceTree = "<group>";
		};
		B0878DD22CD35BFB0013B989 /* Global */ = {
			isa = PBXGroup;
			children = (
				B0746CBC2CD4FC3000AC892C /* Color */,
				B0746CBD2CD4FC8000AC892C /* CustomToastView.swift */,
				B0746CBF2CD50B5600AC892C /* CustomNavigationBar.swift */,
				B0746CC32CD6158200AC892C /* CommonButton.swift */,
				B0746CC72CD8CC6300AC892C /* ChannelsButton.swift */,
				B0746CC92CD9FBAF00AC892C /* CustomPopupView.swift */,
				B0746CCB2CDA4B7B00AC892C /* NewMessageButton.swift */,
				B0F1E0D22CDB6910005E38E7 /* UserTableViewCell.swift */,
			);
			path = Global;
			sourceTree = "<group>";
		};
		B0878DD32CD35C710013B989 /* Presentation */ = {
			isa = PBXGroup;
			children = (
				B0F1E0D42CDCE0F1005E38E7 /* WorkSpace */,
				B0878DDF2CD36EEB0013B989 /* Direct */,
				B0878DE02CD36EF40013B989 /* Setting */,
				B0878DDB2CD36EC30013B989 /* Onboarding */,
				B0878DD62CD35D700013B989 /* Base */,
				B0878DD52CD35D010013B989 /* TabBar */,
			);
			path = Presentation;
			sourceTree = "<group>";
		};
		B0878DD52CD35D010013B989 /* TabBar */ = {
			isa = PBXGroup;
			children = (
				B0878DC72CD2550F0013B989 /* MainTabBarViewController.swift */,
				B0878DC92CD255460013B989 /* SparkleTabBar.swift */,
			);
			path = TabBar;
			sourceTree = "<group>";
		};
		B0878DD62CD35D700013B989 /* Base */ = {
			isa = PBXGroup;
			children = (
				B0878DD72CD35D780013B989 /* BaseView.swift */,
				B0878DD92CD36E3B0013B989 /* BaseViewController.swift */,
				B0F1E0CE2CDB68B0005E38E7 /* BaseTableViewCell.swift */,
				B0F1E0D02CDB68CC005E38E7 /* BaseCollectionViewCell.swift */,
			);
			path = Base;
			sourceTree = "<group>";
		};
		B0878DDB2CD36EC30013B989 /* Onboarding */ = {
			isa = PBXGroup;
			children = (
				B0878DE12CD39B760013B989 /* OnboardingView.swift */,
				B0746CB42CD3A17400AC892C /* OnboardingViewController.swift */,
			);
			path = Onboarding;
			sourceTree = "<group>";
		};
		B0878DDE2CD36EE20013B989 /* Home */ = {
			isa = PBXGroup;
			children = (
				B0F1E0D52CDCE0F8005E38E7 /* HomeView.swift */,
				B0878DCB2CD25C4C0013B989 /* HomeViewController.swift */,
			);
			path = Home;
			sourceTree = "<group>";
		};
		B0878DDF2CD36EEB0013B989 /* Direct */ = {
			isa = PBXGroup;
			children = (
				B0878DCD2CD25C6D0013B989 /* DirectViewController.swift */,
			);
			path = Direct;
			sourceTree = "<group>";
		};
		B0878DE02CD36EF40013B989 /* Setting */ = {
			isa = PBXGroup;
			children = (
				B0878DCF2CD25C880013B989 /* SettingViewController.swift */,
			);
			path = Setting;
			sourceTree = "<group>";
		};
		B0F1E0D42CDCE0F1005E38E7 /* WorkSpace */ = {
			isa = PBXGroup;
			children = (
				B0878DDE2CD36EE20013B989 /* Home */,
			);
			path = WorkSpace;
			sourceTree = "<group>";
		};
/* End PBXGroup section */

/* Begin PBXNativeTarget section */
		B0878D792CCD11A50013B989 /* Sparkle */ = {
			isa = PBXNativeTarget;
			buildConfigurationList = B0878D8E2CCD11A70013B989 /* Build configuration list for PBXNativeTarget "Sparkle" */;
			buildPhases = (
				B0878D762CCD11A50013B989 /* Sources */,
				B0878D772CCD11A50013B989 /* Frameworks */,
				B0878D782CCD11A50013B989 /* Resources */,
			);
			buildRules = (
			);
			dependencies = (
			);
			name = Sparkle;
			packageProductDependencies = (
				B04873342CDA4D320018B98B /* SnapKit */,
				B04873372CDA4D380018B98B /* Then */,
				B0F1E0CA2CDB62B8005E38E7 /* RxCocoa */,
				B0F1E0CC2CDB62B8005E38E7 /* RxSwift */,
			);
			productName = Sparkle;
			productReference = B0878D7A2CCD11A50013B989 /* Sparkle.app */;
			productType = "com.apple.product-type.application";
		};
/* End PBXNativeTarget section */

/* Begin PBXProject section */
		B0878D722CCD11A50013B989 /* Project object */ = {
			isa = PBXProject;
			attributes = {
				BuildIndependentTargetsInParallel = 1;
				LastSwiftUpdateCheck = 1540;
				LastUpgradeCheck = 1540;
				TargetAttributes = {
					B0878D792CCD11A50013B989 = {
						CreatedOnToolsVersion = 15.4;
					};
				};
			};
			buildConfigurationList = B0878D752CCD11A50013B989 /* Build configuration list for PBXProject "Sparkle" */;
			compatibilityVersion = "Xcode 14.0";
			developmentRegion = en;
			hasScannedForEncodings = 0;
			knownRegions = (
				en,
				Base,
			);
			mainGroup = B0878D712CCD11A50013B989;
			packageReferences = (
				B04873332CDA4D320018B98B /* XCRemoteSwiftPackageReference "SnapKit" */,
				B04873362CDA4D380018B98B /* XCRemoteSwiftPackageReference "Then" */,
				B0F1E0C92CDB62B8005E38E7 /* XCRemoteSwiftPackageReference "RxSwift" */,
			);
			productRefGroup = B0878D7B2CCD11A50013B989 /* Products */;
			projectDirPath = "";
			projectRoot = "";
			targets = (
				B0878D792CCD11A50013B989 /* Sparkle */,
			);
		};
/* End PBXProject section */

/* Begin PBXResourcesBuildPhase section */
		B0878D782CCD11A50013B989 /* Resources */ = {
			isa = PBXResourcesBuildPhase;
			buildActionMask = 2147483647;
			files = (
				B0878D872CCD11A70013B989 /* Assets.xcassets in Resources */,
				B0878D8A2CCD11A70013B989 /* Base in Resources */,
				B0878D852CCD11A50013B989 /* Base in Resources */,
			);
			runOnlyForDeploymentPostprocessing = 0;
		};
/* End PBXResourcesBuildPhase section */

/* Begin PBXSourcesBuildPhase section */
		B0878D762CCD11A50013B989 /* Sources */ = {
			isa = PBXSourcesBuildPhase;
			buildActionMask = 2147483647;
			files = (
				B0746CC42CD6158200AC892C /* CommonButton.swift in Sources */,
				B0878DC82CD2550F0013B989 /* MainTabBarViewController.swift in Sources */,
				B0746CCA2CD9FBAF00AC892C /* CustomPopupView.swift in Sources */,
				B0F1E0CF2CDB68B0005E38E7 /* BaseTableViewCell.swift in Sources */,
				B0878DCE2CD25C6D0013B989 /* DirectViewController.swift in Sources */,
				B0F1E0D62CDCE0F8005E38E7 /* HomeView.swift in Sources */,
				B0F1E0D12CDB68CC005E38E7 /* BaseCollectionViewCell.swift in Sources */,
				B0878DE22CD39B760013B989 /* OnboardingView.swift in Sources */,
				B0878DD02CD25C880013B989 /* SettingViewController.swift in Sources */,
				B0746CC82CD8CC6300AC892C /* ChannelsButton.swift in Sources */,
				B0746CBA2CD3AD4E00AC892C /* Color +.swift in Sources */,
				B0746CC02CD50B5600AC892C /* CustomNavigationBar.swift in Sources */,
				B0878DCA2CD255460013B989 /* SparkleTabBar.swift in Sources */,
				B0878DDA2CD36E3B0013B989 /* BaseViewController.swift in Sources */,
				B0F1E0C82CDB4EDB005E38E7 /* SceneDelegate.swift in Sources */,
				B0878DCC2CD25C4C0013B989 /* HomeViewController.swift in Sources */,
				B0746CCC2CDA4B7B00AC892C /* NewMessageButton.swift in Sources */,
				B0F1E0D32CDB6910005E38E7 /* UserTableViewCell.swift in Sources */,
				B0746CB52CD3A17400AC892C /* OnboardingViewController.swift in Sources */,
				B0746CBE2CD4FC8000AC892C /* CustomToastView.swift in Sources */,
				B0F1E0C62CDB4EC6005E38E7 /* AppDelegate.swift in Sources */,
				B0878DD82CD35D780013B989 /* BaseView.swift in Sources */,
			);
			runOnlyForDeploymentPostprocessing = 0;
		};
/* End PBXSourcesBuildPhase section */

/* Begin PBXVariantGroup section */
		B0878D832CCD11A50013B989 /* Main.storyboard */ = {
			isa = PBXVariantGroup;
			children = (
				B0878D842CCD11A50013B989 /* Base */,
			);
			name = Main.storyboard;
			sourceTree = "<group>";
		};
		B0878D882CCD11A70013B989 /* LaunchScreen.storyboard */ = {
			isa = PBXVariantGroup;
			children = (
				B0878D892CCD11A70013B989 /* Base */,
			);
			name = LaunchScreen.storyboard;
			sourceTree = "<group>";
		};
/* End PBXVariantGroup section */

/* Begin XCBuildConfiguration section */
		B0878D8C2CCD11A70013B989 /* Debug */ = {
			isa = XCBuildConfiguration;
			buildSettings = {
				ALWAYS_SEARCH_USER_PATHS = NO;
				ASSETCATALOG_COMPILER_GENERATE_SWIFT_ASSET_SYMBOL_EXTENSIONS = YES;
				CLANG_ANALYZER_NONNULL = YES;
				CLANG_ANALYZER_NUMBER_OBJECT_CONVERSION = YES_AGGRESSIVE;
				CLANG_CXX_LANGUAGE_STANDARD = "gnu++20";
				CLANG_ENABLE_MODULES = YES;
				CLANG_ENABLE_OBJC_ARC = YES;
				CLANG_ENABLE_OBJC_WEAK = YES;
				CLANG_WARN_BLOCK_CAPTURE_AUTORELEASING = YES;
				CLANG_WARN_BOOL_CONVERSION = YES;
				CLANG_WARN_COMMA = YES;
				CLANG_WARN_CONSTANT_CONVERSION = YES;
				CLANG_WARN_DEPRECATED_OBJC_IMPLEMENTATIONS = YES;
				CLANG_WARN_DIRECT_OBJC_ISA_USAGE = YES_ERROR;
				CLANG_WARN_DOCUMENTATION_COMMENTS = YES;
				CLANG_WARN_EMPTY_BODY = YES;
				CLANG_WARN_ENUM_CONVERSION = YES;
				CLANG_WARN_INFINITE_RECURSION = YES;
				CLANG_WARN_INT_CONVERSION = YES;
				CLANG_WARN_NON_LITERAL_NULL_CONVERSION = YES;
				CLANG_WARN_OBJC_IMPLICIT_RETAIN_SELF = YES;
				CLANG_WARN_OBJC_LITERAL_CONVERSION = YES;
				CLANG_WARN_OBJC_ROOT_CLASS = YES_ERROR;
				CLANG_WARN_QUOTED_INCLUDE_IN_FRAMEWORK_HEADER = YES;
				CLANG_WARN_RANGE_LOOP_ANALYSIS = YES;
				CLANG_WARN_STRICT_PROTOTYPES = YES;
				CLANG_WARN_SUSPICIOUS_MOVE = YES;
				CLANG_WARN_UNGUARDED_AVAILABILITY = YES_AGGRESSIVE;
				CLANG_WARN_UNREACHABLE_CODE = YES;
				CLANG_WARN__DUPLICATE_METHOD_MATCH = YES;
				COPY_PHASE_STRIP = NO;
				DEBUG_INFORMATION_FORMAT = dwarf;
				ENABLE_STRICT_OBJC_MSGSEND = YES;
				ENABLE_TESTABILITY = YES;
				ENABLE_USER_SCRIPT_SANDBOXING = YES;
				GCC_C_LANGUAGE_STANDARD = gnu17;
				GCC_DYNAMIC_NO_PIC = NO;
				GCC_NO_COMMON_BLOCKS = YES;
				GCC_OPTIMIZATION_LEVEL = 0;
				GCC_PREPROCESSOR_DEFINITIONS = (
					"DEBUG=1",
					"$(inherited)",
				);
				GCC_WARN_64_TO_32_BIT_CONVERSION = YES;
				GCC_WARN_ABOUT_RETURN_TYPE = YES_ERROR;
				GCC_WARN_UNDECLARED_SELECTOR = YES;
				GCC_WARN_UNINITIALIZED_AUTOS = YES_AGGRESSIVE;
				GCC_WARN_UNUSED_FUNCTION = YES;
				GCC_WARN_UNUSED_VARIABLE = YES;
				IPHONEOS_DEPLOYMENT_TARGET = 17.5;
				LOCALIZATION_PREFERS_STRING_CATALOGS = YES;
				MTL_ENABLE_DEBUG_INFO = INCLUDE_SOURCE;
				MTL_FAST_MATH = YES;
				ONLY_ACTIVE_ARCH = YES;
				SDKROOT = iphoneos;
				SWIFT_ACTIVE_COMPILATION_CONDITIONS = "DEBUG $(inherited)";
				SWIFT_OPTIMIZATION_LEVEL = "-Onone";
			};
			name = Debug;
		};
		B0878D8D2CCD11A70013B989 /* Release */ = {
			isa = XCBuildConfiguration;
			buildSettings = {
				ALWAYS_SEARCH_USER_PATHS = NO;
				ASSETCATALOG_COMPILER_GENERATE_SWIFT_ASSET_SYMBOL_EXTENSIONS = YES;
				CLANG_ANALYZER_NONNULL = YES;
				CLANG_ANALYZER_NUMBER_OBJECT_CONVERSION = YES_AGGRESSIVE;
				CLANG_CXX_LANGUAGE_STANDARD = "gnu++20";
				CLANG_ENABLE_MODULES = YES;
				CLANG_ENABLE_OBJC_ARC = YES;
				CLANG_ENABLE_OBJC_WEAK = YES;
				CLANG_WARN_BLOCK_CAPTURE_AUTORELEASING = YES;
				CLANG_WARN_BOOL_CONVERSION = YES;
				CLANG_WARN_COMMA = YES;
				CLANG_WARN_CONSTANT_CONVERSION = YES;
				CLANG_WARN_DEPRECATED_OBJC_IMPLEMENTATIONS = YES;
				CLANG_WARN_DIRECT_OBJC_ISA_USAGE = YES_ERROR;
				CLANG_WARN_DOCUMENTATION_COMMENTS = YES;
				CLANG_WARN_EMPTY_BODY = YES;
				CLANG_WARN_ENUM_CONVERSION = YES;
				CLANG_WARN_INFINITE_RECURSION = YES;
				CLANG_WARN_INT_CONVERSION = YES;
				CLANG_WARN_NON_LITERAL_NULL_CONVERSION = YES;
				CLANG_WARN_OBJC_IMPLICIT_RETAIN_SELF = YES;
				CLANG_WARN_OBJC_LITERAL_CONVERSION = YES;
				CLANG_WARN_OBJC_ROOT_CLASS = YES_ERROR;
				CLANG_WARN_QUOTED_INCLUDE_IN_FRAMEWORK_HEADER = YES;
				CLANG_WARN_RANGE_LOOP_ANALYSIS = YES;
				CLANG_WARN_STRICT_PROTOTYPES = YES;
				CLANG_WARN_SUSPICIOUS_MOVE = YES;
				CLANG_WARN_UNGUARDED_AVAILABILITY = YES_AGGRESSIVE;
				CLANG_WARN_UNREACHABLE_CODE = YES;
				CLANG_WARN__DUPLICATE_METHOD_MATCH = YES;
				COPY_PHASE_STRIP = NO;
				DEBUG_INFORMATION_FORMAT = "dwarf-with-dsym";
				ENABLE_NS_ASSERTIONS = NO;
				ENABLE_STRICT_OBJC_MSGSEND = YES;
				ENABLE_USER_SCRIPT_SANDBOXING = YES;
				GCC_C_LANGUAGE_STANDARD = gnu17;
				GCC_NO_COMMON_BLOCKS = YES;
				GCC_WARN_64_TO_32_BIT_CONVERSION = YES;
				GCC_WARN_ABOUT_RETURN_TYPE = YES_ERROR;
				GCC_WARN_UNDECLARED_SELECTOR = YES;
				GCC_WARN_UNINITIALIZED_AUTOS = YES_AGGRESSIVE;
				GCC_WARN_UNUSED_FUNCTION = YES;
				GCC_WARN_UNUSED_VARIABLE = YES;
				IPHONEOS_DEPLOYMENT_TARGET = 17.5;
				LOCALIZATION_PREFERS_STRING_CATALOGS = YES;
				MTL_ENABLE_DEBUG_INFO = NO;
				MTL_FAST_MATH = YES;
				SDKROOT = iphoneos;
				SWIFT_COMPILATION_MODE = wholemodule;
				VALIDATE_PRODUCT = YES;
			};
			name = Release;
		};
		B0878D8F2CCD11A70013B989 /* Debug */ = {
			isa = XCBuildConfiguration;
			buildSettings = {
				ASSETCATALOG_COMPILER_APPICON_NAME = AppIcon;
				ASSETCATALOG_COMPILER_GLOBAL_ACCENT_COLOR_NAME = AccentColor;
				CODE_SIGN_STYLE = Automatic;
				CURRENT_PROJECT_VERSION = 1;
				DEVELOPMENT_TEAM = V4KT333NUG;
				GENERATE_INFOPLIST_FILE = YES;
				INFOPLIST_FILE = Sparkle/Info.plist;
				INFOPLIST_KEY_UIApplicationSupportsIndirectInputEvents = YES;
				INFOPLIST_KEY_UILaunchStoryboardName = LaunchScreen;
				INFOPLIST_KEY_UIMainStoryboardFile = Main;
				INFOPLIST_KEY_UISupportedInterfaceOrientations_iPad = "UIInterfaceOrientationPortrait UIInterfaceOrientationPortraitUpsideDown UIInterfaceOrientationLandscapeLeft UIInterfaceOrientationLandscapeRight";
				INFOPLIST_KEY_UISupportedInterfaceOrientations_iPhone = "UIInterfaceOrientationPortrait UIInterfaceOrientationLandscapeLeft UIInterfaceOrientationLandscapeRight";
				LD_RUNPATH_SEARCH_PATHS = (
					"$(inherited)",
					"@executable_path/Frameworks",
				);
				MARKETING_VERSION = 1.0;
				PRODUCT_BUNDLE_IDENTIFIER = com.miley.Sparkle;
				PRODUCT_NAME = "$(TARGET_NAME)";
				SWIFT_EMIT_LOC_STRINGS = YES;
				SWIFT_VERSION = 5.0;
				TARGETED_DEVICE_FAMILY = "1,2";
			};
			name = Debug;
		};
		B0878D902CCD11A70013B989 /* Release */ = {
			isa = XCBuildConfiguration;
			buildSettings = {
				ASSETCATALOG_COMPILER_APPICON_NAME = AppIcon;
				ASSETCATALOG_COMPILER_GLOBAL_ACCENT_COLOR_NAME = AccentColor;
				CODE_SIGN_STYLE = Automatic;
				CURRENT_PROJECT_VERSION = 1;
				DEVELOPMENT_TEAM = V4KT333NUG;
				GENERATE_INFOPLIST_FILE = YES;
				INFOPLIST_FILE = Sparkle/Info.plist;
				INFOPLIST_KEY_UIApplicationSupportsIndirectInputEvents = YES;
				INFOPLIST_KEY_UILaunchStoryboardName = LaunchScreen;
				INFOPLIST_KEY_UIMainStoryboardFile = Main;
				INFOPLIST_KEY_UISupportedInterfaceOrientations_iPad = "UIInterfaceOrientationPortrait UIInterfaceOrientationPortraitUpsideDown UIInterfaceOrientationLandscapeLeft UIInterfaceOrientationLandscapeRight";
				INFOPLIST_KEY_UISupportedInterfaceOrientations_iPhone = "UIInterfaceOrientationPortrait UIInterfaceOrientationLandscapeLeft UIInterfaceOrientationLandscapeRight";
				LD_RUNPATH_SEARCH_PATHS = (
					"$(inherited)",
					"@executable_path/Frameworks",
				);
				MARKETING_VERSION = 1.0;
				PRODUCT_BUNDLE_IDENTIFIER = com.miley.Sparkle;
				PRODUCT_NAME = "$(TARGET_NAME)";
				SWIFT_EMIT_LOC_STRINGS = YES;
				SWIFT_VERSION = 5.0;
				TARGETED_DEVICE_FAMILY = "1,2";
			};
			name = Release;
		};
/* End XCBuildConfiguration section */

/* Begin XCConfigurationList section */
		B0878D752CCD11A50013B989 /* Build configuration list for PBXProject "Sparkle" */ = {
			isa = XCConfigurationList;
			buildConfigurations = (
				B0878D8C2CCD11A70013B989 /* Debug */,
				B0878D8D2CCD11A70013B989 /* Release */,
			);
			defaultConfigurationIsVisible = 0;
			defaultConfigurationName = Release;
		};
		B0878D8E2CCD11A70013B989 /* Build configuration list for PBXNativeTarget "Sparkle" */ = {
			isa = XCConfigurationList;
			buildConfigurations = (
				B0878D8F2CCD11A70013B989 /* Debug */,
				B0878D902CCD11A70013B989 /* Release */,
			);
			defaultConfigurationIsVisible = 0;
			defaultConfigurationName = Release;
		};
/* End XCConfigurationList section */

/* Begin XCRemoteSwiftPackageReference section */
		B04873332CDA4D320018B98B /* XCRemoteSwiftPackageReference "SnapKit" */ = {
			isa = XCRemoteSwiftPackageReference;
			repositoryURL = "https://github.com/SnapKit/SnapKit.git";
			requirement = {
				kind = upToNextMajorVersion;
				minimumVersion = 5.7.1;
			};
		};
		B04873362CDA4D380018B98B /* XCRemoteSwiftPackageReference "Then" */ = {
			isa = XCRemoteSwiftPackageReference;
			repositoryURL = "https://github.com/devxoul/Then.git";
			requirement = {
				kind = upToNextMajorVersion;
				minimumVersion = 3.0.0;
			};
		};
		B0F1E0C92CDB62B8005E38E7 /* XCRemoteSwiftPackageReference "RxSwift" */ = {
			isa = XCRemoteSwiftPackageReference;
			repositoryURL = "https://github.com/ReactiveX/RxSwift.git";
			requirement = {
				kind = upToNextMajorVersion;
				minimumVersion = 6.8.0;
			};
		};
/* End XCRemoteSwiftPackageReference section */

/* Begin XCSwiftPackageProductDependency section */
		B04873342CDA4D320018B98B /* SnapKit */ = {
			isa = XCSwiftPackageProductDependency;
			package = B04873332CDA4D320018B98B /* XCRemoteSwiftPackageReference "SnapKit" */;
			productName = SnapKit;
		};
		B04873372CDA4D380018B98B /* Then */ = {
			isa = XCSwiftPackageProductDependency;
			package = B04873362CDA4D380018B98B /* XCRemoteSwiftPackageReference "Then" */;
			productName = Then;
		};
		B0F1E0CA2CDB62B8005E38E7 /* RxCocoa */ = {
			isa = XCSwiftPackageProductDependency;
			package = B0F1E0C92CDB62B8005E38E7 /* XCRemoteSwiftPackageReference "RxSwift" */;
			productName = RxCocoa;
		};
		B0F1E0CC2CDB62B8005E38E7 /* RxSwift */ = {
			isa = XCSwiftPackageProductDependency;
			package = B0F1E0C92CDB62B8005E38E7 /* XCRemoteSwiftPackageReference "RxSwift" */;
			productName = RxSwift;
		};
/* End XCSwiftPackageProductDependency section */
	};
	rootObject = B0878D722CCD11A50013B989 /* Project object */;
}
