// !$*UTF8*$!
{
	archiveVersion = 1;
	classes = {
	};
	objectVersion = 56;
	objects = {

/* Begin PBXBuildFile section */
		B017BC1D2CF30BDC00176F28 /* HomeDefaultViewReactor.swift in Sources */ = {isa = PBXBuildFile; fileRef = B017BC1C2CF30BDC00176F28 /* HomeDefaultViewReactor.swift */; };
		B017BC212CF3563D00176F28 /* EmailLoginView.swift in Sources */ = {isa = PBXBuildFile; fileRef = B017BC202CF3563D00176F28 /* EmailLoginView.swift */; };
		B017BC232CF3565100176F28 /* EmailViewController.swift in Sources */ = {isa = PBXBuildFile; fileRef = B017BC222CF3565100176F28 /* EmailViewController.swift */; };
		B017BC252CF357B100176F28 /* EmailViewReactor.swift in Sources */ = {isa = PBXBuildFile; fileRef = B017BC242CF357B100176F28 /* EmailViewReactor.swift */; };
		B017BC282CF3590900176F28 /* EmailSignupView.swift in Sources */ = {isa = PBXBuildFile; fileRef = B017BC272CF3590900176F28 /* EmailSignupView.swift */; };
		B017BC2A2CF4843000176F28 /* DeviceToken.swift in Sources */ = {isa = PBXBuildFile; fileRef = B017BC292CF4843000176F28 /* DeviceToken.swift */; };
		B02A08732CDE3B5C007489EE /* CreateWorkspaceViewController.swift in Sources */ = {isa = PBXBuildFile; fileRef = B02A08722CDE3B5C007489EE /* CreateWorkspaceViewController.swift */; };
		B02A08762CDF200D007489EE /* HomeEmptyView.swift in Sources */ = {isa = PBXBuildFile; fileRef = B02A08752CDF200D007489EE /* HomeEmptyView.swift */; };
		B02A08782CDF20C9007489EE /* HomeEmptyViewController.swift in Sources */ = {isa = PBXBuildFile; fileRef = B02A08772CDF20C9007489EE /* HomeEmptyViewController.swift */; };
		B02A087C2CE1D8A1007489EE /* UINavigationController +.swift in Sources */ = {isa = PBXBuildFile; fileRef = B02A087B2CE1D8A1007489EE /* UINavigationController +.swift */; };
		B02A087E2CE1F486007489EE /* CreateWorkspaceViewReactor.swift in Sources */ = {isa = PBXBuildFile; fileRef = B02A087D2CE1F486007489EE /* CreateWorkspaceViewReactor.swift */; };
		B02A08802CE20320007489EE /* HomeInitialView.swift in Sources */ = {isa = PBXBuildFile; fileRef = B02A087F2CE20320007489EE /* HomeInitialView.swift */; };
		B02A08822CE2032D007489EE /* HomeInitialViewController.swift in Sources */ = {isa = PBXBuildFile; fileRef = B02A08812CE2032D007489EE /* HomeInitialViewController.swift */; };
		B02A08842CE21D9F007489EE /* HomeInitialViewReactor.swift in Sources */ = {isa = PBXBuildFile; fileRef = B02A08832CE21D9F007489EE /* HomeInitialViewReactor.swift */; };
		B02A08872CE395A1007489EE /* CreateChannelView.swift in Sources */ = {isa = PBXBuildFile; fileRef = B02A08862CE395A1007489EE /* CreateChannelView.swift */; };
		B02A08892CE47898007489EE /* ChannelChattingView.swift in Sources */ = {isa = PBXBuildFile; fileRef = B02A08882CE47898007489EE /* ChannelChattingView.swift */; };
		B02A088B2CE47900007489EE /* ChannelChattingCell.swift in Sources */ = {isa = PBXBuildFile; fileRef = B02A088A2CE47900007489EE /* ChannelChattingCell.swift */; };
		B02A088E2CE49B3D007489EE /* (null) in Frameworks */ = {isa = PBXBuildFile; };
		B02A08962CE4B7F2007489EE /* HomeInitialViewCell.swift in Sources */ = {isa = PBXBuildFile; fileRef = B02A08952CE4B7F2007489EE /* HomeInitialViewCell.swift */; };
		B02A089A2CE4B9F4007489EE /* UIView +.swift in Sources */ = {isa = PBXBuildFile; fileRef = B02A08992CE4B9F4007489EE /* UIView +.swift */; };
		B02A089D2CE4BA3F007489EE /* ReusableProtocol.swift in Sources */ = {isa = PBXBuildFile; fileRef = B02A089C2CE4BA3F007489EE /* ReusableProtocol.swift */; };
		B02A08A02CE4BCF9007489EE /* WorkspaceChangeAdminView.swift in Sources */ = {isa = PBXBuildFile; fileRef = B02A089F2CE4BCF9007489EE /* WorkspaceChangeAdminView.swift */; };
		B04641B32D01E41100B9FD3F /* ChannelChattingViewController.swift in Sources */ = {isa = PBXBuildFile; fileRef = B04641B22D01E41100B9FD3F /* ChannelChattingViewController.swift */; };
		B04641B52D01E47100B9FD3F /* ChannelChattingViewReactor.swift in Sources */ = {isa = PBXBuildFile; fileRef = B04641B42D01E47100B9FD3F /* ChannelChattingViewReactor.swift */; };
		B05206652CF07D2F00FBE1F7 /* RxCocoa in Frameworks */ = {isa = PBXBuildFile; productRef = B05206642CF07D2F00FBE1F7 /* RxCocoa */; };
		B05206672CF07D2F00FBE1F7 /* RxSwift in Frameworks */ = {isa = PBXBuildFile; productRef = B05206662CF07D2F00FBE1F7 /* RxSwift */; };
		B052066A2CF07D3B00FBE1F7 /* Then in Frameworks */ = {isa = PBXBuildFile; productRef = B05206692CF07D3B00FBE1F7 /* Then */; };
		B052066D2CF07D4600FBE1F7 /* SnapKit in Frameworks */ = {isa = PBXBuildFile; productRef = B052066C2CF07D4600FBE1F7 /* SnapKit */; };
		B05206702CF07D4E00FBE1F7 /* Moya in Frameworks */ = {isa = PBXBuildFile; productRef = B052066F2CF07D4E00FBE1F7 /* Moya */; };
		B05206732CF07D5700FBE1F7 /* ReactorKit in Frameworks */ = {isa = PBXBuildFile; productRef = B05206722CF07D5700FBE1F7 /* ReactorKit */; };
		B05206932CF0A65800FBE1F7 /* NewMessageButton.swift in Sources */ = {isa = PBXBuildFile; fileRef = B05206922CF0A65800FBE1F7 /* NewMessageButton.swift */; };
		B05206942CF0A65800FBE1F7 /* CommonButton.swift in Sources */ = {isa = PBXBuildFile; fileRef = B052068F2CF0A65800FBE1F7 /* CommonButton.swift */; };
		B05206952CF0A65800FBE1F7 /* CustomPopupView.swift in Sources */ = {isa = PBXBuildFile; fileRef = B05206912CF0A65800FBE1F7 /* CustomPopupView.swift */; };
		B05206962CF0A65800FBE1F7 /* CustomNavigationBar.swift in Sources */ = {isa = PBXBuildFile; fileRef = B05206902CF0A65800FBE1F7 /* CustomNavigationBar.swift */; };
		B05206992CF0A68300FBE1F7 /* ChannelsButton.swift in Sources */ = {isa = PBXBuildFile; fileRef = B05206982CF0A68300FBE1F7 /* ChannelsButton.swift */; };
		B052069B2CF0A69D00FBE1F7 /* SesacKey.swift in Sources */ = {isa = PBXBuildFile; fileRef = B052069A2CF0A69D00FBE1F7 /* SesacKey.swift */; };
		B052069D2CF0A6A200FBE1F7 /* BaseURL.swift in Sources */ = {isa = PBXBuildFile; fileRef = B052069C2CF0A6A200FBE1F7 /* BaseURL.swift */; };
		B052069F2CF0AAD000FBE1F7 /* HomeDefaultView.swift in Sources */ = {isa = PBXBuildFile; fileRef = B052069E2CF0AAD000FBE1F7 /* HomeDefaultView.swift */; };
		B05206A12CF0ADDF00FBE1F7 /* HomeDefaultViewController.swift in Sources */ = {isa = PBXBuildFile; fileRef = B05206A02CF0ADDF00FBE1F7 /* HomeDefaultViewController.swift */; };
		B05206A32CF3056200FBE1F7 /* ChannelsTableViewCell.swift in Sources */ = {isa = PBXBuildFile; fileRef = B05206A22CF3056200FBE1F7 /* ChannelsTableViewCell.swift */; };
		B066FFB12CEB27AB002D487E /* Header.swift in Sources */ = {isa = PBXBuildFile; fileRef = B066FFB02CEB27AB002D487E /* Header.swift */; };
		B066FFB32CEB293E002D487E /* UserDefaultsManager.swift in Sources */ = {isa = PBXBuildFile; fileRef = B066FFB22CEB293E002D487E /* UserDefaultsManager.swift */; };
		B066FFB82CEB2DBB002D487E /* UserQuery.swift in Sources */ = {isa = PBXBuildFile; fileRef = B066FFB72CEB2DBB002D487E /* UserQuery.swift */; };
		B066FFC22CECB6C6002D487E /* WorkspaceTarget.swift in Sources */ = {isa = PBXBuildFile; fileRef = B066FFC12CECB6C6002D487E /* WorkspaceTarget.swift */; };
		B066FFC42CECBDA7002D487E /* WorkspaceQuery.swift in Sources */ = {isa = PBXBuildFile; fileRef = B066FFC32CECBDA7002D487E /* WorkspaceQuery.swift */; };
		B066FFC62CECE0A9002D487E /* BaseTarget.swift in Sources */ = {isa = PBXBuildFile; fileRef = B066FFC52CECE0A9002D487E /* BaseTarget.swift */; };
		B066FFC82CECE1B1002D487E /* ChannelsTarget.swift in Sources */ = {isa = PBXBuildFile; fileRef = B066FFC72CECE1B1002D487E /* ChannelsTarget.swift */; };
		B066FFCA2CECE2B0002D487E /* ChannelQuery.swift in Sources */ = {isa = PBXBuildFile; fileRef = B066FFC92CECE2B0002D487E /* ChannelQuery.swift */; };
		B066FFCC2CEDC0A4002D487E /* DMSAPI.swift in Sources */ = {isa = PBXBuildFile; fileRef = B066FFCB2CEDC0A4002D487E /* DMSAPI.swift */; };
		B066FFCE2CEDC12C002D487E /* DMSTarget.swift in Sources */ = {isa = PBXBuildFile; fileRef = B066FFCD2CEDC12C002D487E /* DMSTarget.swift */; };
		B066FFD02CEDC339002D487E /* DMSQuery.swift in Sources */ = {isa = PBXBuildFile; fileRef = B066FFCF2CEDC339002D487E /* DMSQuery.swift */; };
		B066FFD42CEDCAFF002D487E /* WorkspaceResponse.swift in Sources */ = {isa = PBXBuildFile; fileRef = B066FFD32CEDCAFF002D487E /* WorkspaceResponse.swift */; };
		B066FFD62CEDCD8B002D487E /* UserResponse.swift in Sources */ = {isa = PBXBuildFile; fileRef = B066FFD52CEDCD8B002D487E /* UserResponse.swift */; };
		B066FFD82CEDCE6D002D487E /* ChannelResponse.swift in Sources */ = {isa = PBXBuildFile; fileRef = B066FFD72CEDCE6D002D487E /* ChannelResponse.swift */; };
		B066FFDA2CEDCF0C002D487E /* DMSResponse.swift in Sources */ = {isa = PBXBuildFile; fileRef = B066FFD92CEDCF0C002D487E /* DMSResponse.swift */; };
		B066FFDC2CEDD046002D487E /* UserNetworkManager.swift in Sources */ = {isa = PBXBuildFile; fileRef = B066FFDB2CEDD046002D487E /* UserNetworkManager.swift */; };
		B066FFDE2CEDFF55002D487E /* WorkspaceNetworkManager.swift in Sources */ = {isa = PBXBuildFile; fileRef = B066FFDD2CEDFF55002D487E /* WorkspaceNetworkManager.swift */; };
		B066FFE02CEE0B7C002D487E /* ChannelsNetworkManager.swift in Sources */ = {isa = PBXBuildFile; fileRef = B066FFDF2CEE0B7C002D487E /* ChannelsNetworkManager.swift */; };
		B066FFE22CEF5CB1002D487E /* DMSNetworkManager.swift in Sources */ = {isa = PBXBuildFile; fileRef = B066FFE12CEF5CB1002D487E /* DMSNetworkManager.swift */; };
		B0746CB52CD3A17400AC892C /* OnboardingViewController.swift in Sources */ = {isa = PBXBuildFile; fileRef = B0746CB42CD3A17400AC892C /* OnboardingViewController.swift */; };
		B0746CBA2CD3AD4E00AC892C /* Color +.swift in Sources */ = {isa = PBXBuildFile; fileRef = B0746CB92CD3AD4E00AC892C /* Color +.swift */; };
		B0746CBE2CD4FC8000AC892C /* CustomToastView.swift in Sources */ = {isa = PBXBuildFile; fileRef = B0746CBD2CD4FC8000AC892C /* CustomToastView.swift */; };
		B07AC2D02D046F39005198CB /* Realm in Frameworks */ = {isa = PBXBuildFile; productRef = B07AC2CF2D046F39005198CB /* Realm */; };
		B07AC2D22D046F39005198CB /* RealmSwift in Frameworks */ = {isa = PBXBuildFile; productRef = B07AC2D12D046F39005198CB /* RealmSwift */; };
		B07AC2D52D046FDB005198CB /* ChattingTable.swift in Sources */ = {isa = PBXBuildFile; fileRef = B07AC2D42D046FDB005198CB /* ChattingTable.swift */; };
		B0878D872CCD11A70013B989 /* Assets.xcassets in Resources */ = {isa = PBXBuildFile; fileRef = B0878D862CCD11A70013B989 /* Assets.xcassets */; };
		B0878D8A2CCD11A70013B989 /* Base in Resources */ = {isa = PBXBuildFile; fileRef = B0878D892CCD11A70013B989 /* Base */; };
		B0878DC82CD2550F0013B989 /* MainTabBarViewController.swift in Sources */ = {isa = PBXBuildFile; fileRef = B0878DC72CD2550F0013B989 /* MainTabBarViewController.swift */; };
		B0878DCA2CD255460013B989 /* SparkleTabBar.swift in Sources */ = {isa = PBXBuildFile; fileRef = B0878DC92CD255460013B989 /* SparkleTabBar.swift */; };
		B0878DCC2CD25C4C0013B989 /* workspaceInitialViewController.swift in Sources */ = {isa = PBXBuildFile; fileRef = B0878DCB2CD25C4C0013B989 /* workspaceInitialViewController.swift */; };
		B0878DCE2CD25C6D0013B989 /* DirectViewController.swift in Sources */ = {isa = PBXBuildFile; fileRef = B0878DCD2CD25C6D0013B989 /* DirectViewController.swift */; };
		B0878DD02CD25C880013B989 /* SettingViewController.swift in Sources */ = {isa = PBXBuildFile; fileRef = B0878DCF2CD25C880013B989 /* SettingViewController.swift */; };
		B0878DD82CD35D780013B989 /* BaseView.swift in Sources */ = {isa = PBXBuildFile; fileRef = B0878DD72CD35D780013B989 /* BaseView.swift */; };
		B0878DDA2CD36E3B0013B989 /* BaseViewController.swift in Sources */ = {isa = PBXBuildFile; fileRef = B0878DD92CD36E3B0013B989 /* BaseViewController.swift */; };
		B0878DE22CD39B760013B989 /* OnboardingView.swift in Sources */ = {isa = PBXBuildFile; fileRef = B0878DE12CD39B760013B989 /* OnboardingView.swift */; };
		B0A4F5E72CEB077E00788119 /* ReactorKit in Frameworks */ = {isa = PBXBuildFile; productRef = B0A4F5E62CEB077E00788119 /* ReactorKit */; };
		B0A4F5EA2CEB079100788119 /* Then in Frameworks */ = {isa = PBXBuildFile; productRef = B0A4F5E92CEB079100788119 /* Then */; };
		B0A4F5EE2CEB0DFC00788119 /* UserTarget.swift in Sources */ = {isa = PBXBuildFile; fileRef = B0A4F5ED2CEB0DFC00788119 /* UserTarget.swift */; };
		B0A4F5F22CEB119B00788119 /* .gitignore in Resources */ = {isa = PBXBuildFile; fileRef = B0A4F5F12CEB119B00788119 /* .gitignore */; };
		B0AAFFA72CE5E0CD009A5E30 /* UserAPI.swift in Sources */ = {isa = PBXBuildFile; fileRef = B0AAFFA62CE5E0CD009A5E30 /* UserAPI.swift */; };
		B0AAFFA92CE78E8E009A5E30 /* WorkspaceAPI.swift in Sources */ = {isa = PBXBuildFile; fileRef = B0AAFFA82CE78E8E009A5E30 /* WorkspaceAPI.swift */; };
		B0D79C7B2CE8DF48002D8449 /* ChannelAPI.swift in Sources */ = {isa = PBXBuildFile; fileRef = B0D79C7A2CE8DF48002D8449 /* ChannelAPI.swift */; };
		B0F1E0C62CDB4EC6005E38E7 /* AppDelegate.swift in Sources */ = {isa = PBXBuildFile; fileRef = B0F1E0C52CDB4EC6005E38E7 /* AppDelegate.swift */; };
		B0F1E0C82CDB4EDB005E38E7 /* SceneDelegate.swift in Sources */ = {isa = PBXBuildFile; fileRef = B0F1E0C72CDB4EDB005E38E7 /* SceneDelegate.swift */; };
		B0F1E0CF2CDB68B0005E38E7 /* BaseTableViewCell.swift in Sources */ = {isa = PBXBuildFile; fileRef = B0F1E0CE2CDB68B0005E38E7 /* BaseTableViewCell.swift */; };
		B0F1E0D12CDB68CC005E38E7 /* BaseCollectionViewCell.swift in Sources */ = {isa = PBXBuildFile; fileRef = B0F1E0D02CDB68CC005E38E7 /* BaseCollectionViewCell.swift */; };
		B0F1E0D32CDB6910005E38E7 /* UserTableViewCell.swift in Sources */ = {isa = PBXBuildFile; fileRef = B0F1E0D22CDB6910005E38E7 /* UserTableViewCell.swift */; };
		B0F1E0D62CDCE0F8005E38E7 /* workspaceInitialView.swift in Sources */ = {isa = PBXBuildFile; fileRef = B0F1E0D52CDCE0F8005E38E7 /* workspaceInitialView.swift */; };
		B0F1E0D92CDE093F005E38E7 /* CreateWorkspaceView.swift in Sources */ = {isa = PBXBuildFile; fileRef = B0F1E0D82CDE093F005E38E7 /* CreateWorkspaceView.swift */; };
		B0F1E0DB2CDE0F1B005E38E7 /* HomeViewReactor.swift in Sources */ = {isa = PBXBuildFile; fileRef = B0F1E0DA2CDE0F1B005E38E7 /* HomeViewReactor.swift */; };
/* End PBXBuildFile section */

/* Begin PBXFileReference section */
		B017BC1C2CF30BDC00176F28 /* HomeDefaultViewReactor.swift */ = {isa = PBXFileReference; lastKnownFileType = sourcecode.swift; path = HomeDefaultViewReactor.swift; sourceTree = "<group>"; };
		B017BC202CF3563D00176F28 /* EmailLoginView.swift */ = {isa = PBXFileReference; lastKnownFileType = sourcecode.swift; path = EmailLoginView.swift; sourceTree = "<group>"; };
		B017BC222CF3565100176F28 /* EmailViewController.swift */ = {isa = PBXFileReference; lastKnownFileType = sourcecode.swift; path = EmailViewController.swift; sourceTree = "<group>"; };
		B017BC242CF357B100176F28 /* EmailViewReactor.swift */ = {isa = PBXFileReference; lastKnownFileType = sourcecode.swift; path = EmailViewReactor.swift; sourceTree = "<group>"; };
		B017BC272CF3590900176F28 /* EmailSignupView.swift */ = {isa = PBXFileReference; lastKnownFileType = sourcecode.swift; path = EmailSignupView.swift; sourceTree = "<group>"; };
		B017BC292CF4843000176F28 /* DeviceToken.swift */ = {isa = PBXFileReference; lastKnownFileType = sourcecode.swift; path = DeviceToken.swift; sourceTree = "<group>"; };
		B02A08722CDE3B5C007489EE /* CreateWorkspaceViewController.swift */ = {isa = PBXFileReference; lastKnownFileType = sourcecode.swift; path = CreateWorkspaceViewController.swift; sourceTree = "<group>"; };
		B02A08752CDF200D007489EE /* HomeEmptyView.swift */ = {isa = PBXFileReference; lastKnownFileType = sourcecode.swift; path = HomeEmptyView.swift; sourceTree = "<group>"; };
		B02A08772CDF20C9007489EE /* HomeEmptyViewController.swift */ = {isa = PBXFileReference; lastKnownFileType = sourcecode.swift; path = HomeEmptyViewController.swift; sourceTree = "<group>"; };
		B02A087B2CE1D8A1007489EE /* UINavigationController +.swift */ = {isa = PBXFileReference; lastKnownFileType = sourcecode.swift; path = "UINavigationController +.swift"; sourceTree = "<group>"; };
		B02A087D2CE1F486007489EE /* CreateWorkspaceViewReactor.swift */ = {isa = PBXFileReference; lastKnownFileType = sourcecode.swift; path = CreateWorkspaceViewReactor.swift; sourceTree = "<group>"; };
		B02A087F2CE20320007489EE /* HomeInitialView.swift */ = {isa = PBXFileReference; lastKnownFileType = sourcecode.swift; path = HomeInitialView.swift; sourceTree = "<group>"; };
		B02A08812CE2032D007489EE /* HomeInitialViewController.swift */ = {isa = PBXFileReference; lastKnownFileType = sourcecode.swift; path = HomeInitialViewController.swift; sourceTree = "<group>"; };
		B02A08832CE21D9F007489EE /* HomeInitialViewReactor.swift */ = {isa = PBXFileReference; lastKnownFileType = sourcecode.swift; path = HomeInitialViewReactor.swift; sourceTree = "<group>"; };
		B02A08862CE395A1007489EE /* CreateChannelView.swift */ = {isa = PBXFileReference; lastKnownFileType = sourcecode.swift; path = CreateChannelView.swift; sourceTree = "<group>"; };
		B02A08882CE47898007489EE /* ChannelChattingView.swift */ = {isa = PBXFileReference; lastKnownFileType = sourcecode.swift; path = ChannelChattingView.swift; sourceTree = "<group>"; };
		B02A088A2CE47900007489EE /* ChannelChattingCell.swift */ = {isa = PBXFileReference; lastKnownFileType = sourcecode.swift; path = ChannelChattingCell.swift; sourceTree = "<group>"; };
		B02A08952CE4B7F2007489EE /* HomeInitialViewCell.swift */ = {isa = PBXFileReference; lastKnownFileType = sourcecode.swift; path = HomeInitialViewCell.swift; sourceTree = "<group>"; };
		B02A08992CE4B9F4007489EE /* UIView +.swift */ = {isa = PBXFileReference; lastKnownFileType = sourcecode.swift; path = "UIView +.swift"; sourceTree = "<group>"; };
		B02A089C2CE4BA3F007489EE /* ReusableProtocol.swift */ = {isa = PBXFileReference; lastKnownFileType = sourcecode.swift; path = ReusableProtocol.swift; sourceTree = "<group>"; };
		B02A089F2CE4BCF9007489EE /* WorkspaceChangeAdminView.swift */ = {isa = PBXFileReference; lastKnownFileType = sourcecode.swift; path = WorkspaceChangeAdminView.swift; sourceTree = "<group>"; };
		B04641B22D01E41100B9FD3F /* ChannelChattingViewController.swift */ = {isa = PBXFileReference; lastKnownFileType = sourcecode.swift; path = ChannelChattingViewController.swift; sourceTree = "<group>"; };
		B04641B42D01E47100B9FD3F /* ChannelChattingViewReactor.swift */ = {isa = PBXFileReference; lastKnownFileType = sourcecode.swift; path = ChannelChattingViewReactor.swift; sourceTree = "<group>"; };
		B052068F2CF0A65800FBE1F7 /* CommonButton.swift */ = {isa = PBXFileReference; lastKnownFileType = sourcecode.swift; path = CommonButton.swift; sourceTree = "<group>"; };
		B05206902CF0A65800FBE1F7 /* CustomNavigationBar.swift */ = {isa = PBXFileReference; lastKnownFileType = sourcecode.swift; path = CustomNavigationBar.swift; sourceTree = "<group>"; };
		B05206912CF0A65800FBE1F7 /* CustomPopupView.swift */ = {isa = PBXFileReference; lastKnownFileType = sourcecode.swift; path = CustomPopupView.swift; sourceTree = "<group>"; };
		B05206922CF0A65800FBE1F7 /* NewMessageButton.swift */ = {isa = PBXFileReference; lastKnownFileType = sourcecode.swift; path = NewMessageButton.swift; sourceTree = "<group>"; };
		B05206982CF0A68300FBE1F7 /* ChannelsButton.swift */ = {isa = PBXFileReference; lastKnownFileType = sourcecode.swift; path = ChannelsButton.swift; sourceTree = "<group>"; };
		B052069A2CF0A69D00FBE1F7 /* SesacKey.swift */ = {isa = PBXFileReference; lastKnownFileType = sourcecode.swift; path = SesacKey.swift; sourceTree = "<group>"; };
		B052069C2CF0A6A200FBE1F7 /* BaseURL.swift */ = {isa = PBXFileReference; lastKnownFileType = sourcecode.swift; path = BaseURL.swift; sourceTree = "<group>"; };
		B052069E2CF0AAD000FBE1F7 /* HomeDefaultView.swift */ = {isa = PBXFileReference; lastKnownFileType = sourcecode.swift; path = HomeDefaultView.swift; sourceTree = "<group>"; };
		B05206A02CF0ADDF00FBE1F7 /* HomeDefaultViewController.swift */ = {isa = PBXFileReference; lastKnownFileType = sourcecode.swift; path = HomeDefaultViewController.swift; sourceTree = "<group>"; };
		B05206A22CF3056200FBE1F7 /* ChannelsTableViewCell.swift */ = {isa = PBXFileReference; lastKnownFileType = sourcecode.swift; path = ChannelsTableViewCell.swift; sourceTree = "<group>"; };
		B066FFB02CEB27AB002D487E /* Header.swift */ = {isa = PBXFileReference; lastKnownFileType = sourcecode.swift; path = Header.swift; sourceTree = "<group>"; };
		B066FFB22CEB293E002D487E /* UserDefaultsManager.swift */ = {isa = PBXFileReference; lastKnownFileType = sourcecode.swift; path = UserDefaultsManager.swift; sourceTree = "<group>"; };
		B066FFB72CEB2DBB002D487E /* UserQuery.swift */ = {isa = PBXFileReference; lastKnownFileType = sourcecode.swift; path = UserQuery.swift; sourceTree = "<group>"; };
		B066FFC12CECB6C6002D487E /* WorkspaceTarget.swift */ = {isa = PBXFileReference; lastKnownFileType = sourcecode.swift; path = WorkspaceTarget.swift; sourceTree = "<group>"; };
		B066FFC32CECBDA7002D487E /* WorkspaceQuery.swift */ = {isa = PBXFileReference; lastKnownFileType = sourcecode.swift; path = WorkspaceQuery.swift; sourceTree = "<group>"; };
		B066FFC52CECE0A9002D487E /* BaseTarget.swift */ = {isa = PBXFileReference; lastKnownFileType = sourcecode.swift; path = BaseTarget.swift; sourceTree = "<group>"; };
		B066FFC72CECE1B1002D487E /* ChannelsTarget.swift */ = {isa = PBXFileReference; lastKnownFileType = sourcecode.swift; path = ChannelsTarget.swift; sourceTree = "<group>"; };
		B066FFC92CECE2B0002D487E /* ChannelQuery.swift */ = {isa = PBXFileReference; lastKnownFileType = sourcecode.swift; path = ChannelQuery.swift; sourceTree = "<group>"; };
		B066FFCB2CEDC0A4002D487E /* DMSAPI.swift */ = {isa = PBXFileReference; lastKnownFileType = sourcecode.swift; path = DMSAPI.swift; sourceTree = "<group>"; };
		B066FFCD2CEDC12C002D487E /* DMSTarget.swift */ = {isa = PBXFileReference; lastKnownFileType = sourcecode.swift; path = DMSTarget.swift; sourceTree = "<group>"; };
		B066FFCF2CEDC339002D487E /* DMSQuery.swift */ = {isa = PBXFileReference; lastKnownFileType = sourcecode.swift; path = DMSQuery.swift; sourceTree = "<group>"; };
		B066FFD32CEDCAFF002D487E /* WorkspaceResponse.swift */ = {isa = PBXFileReference; lastKnownFileType = sourcecode.swift; path = WorkspaceResponse.swift; sourceTree = "<group>"; };
		B066FFD52CEDCD8B002D487E /* UserResponse.swift */ = {isa = PBXFileReference; lastKnownFileType = sourcecode.swift; path = UserResponse.swift; sourceTree = "<group>"; };
		B066FFD72CEDCE6D002D487E /* ChannelResponse.swift */ = {isa = PBXFileReference; lastKnownFileType = sourcecode.swift; path = ChannelResponse.swift; sourceTree = "<group>"; };
		B066FFD92CEDCF0C002D487E /* DMSResponse.swift */ = {isa = PBXFileReference; lastKnownFileType = sourcecode.swift; path = DMSResponse.swift; sourceTree = "<group>"; };
		B066FFDB2CEDD046002D487E /* UserNetworkManager.swift */ = {isa = PBXFileReference; lastKnownFileType = sourcecode.swift; path = UserNetworkManager.swift; sourceTree = "<group>"; };
		B066FFDD2CEDFF55002D487E /* WorkspaceNetworkManager.swift */ = {isa = PBXFileReference; lastKnownFileType = sourcecode.swift; path = WorkspaceNetworkManager.swift; sourceTree = "<group>"; };
		B066FFDF2CEE0B7C002D487E /* ChannelsNetworkManager.swift */ = {isa = PBXFileReference; lastKnownFileType = sourcecode.swift; path = ChannelsNetworkManager.swift; sourceTree = "<group>"; };
		B066FFE12CEF5CB1002D487E /* DMSNetworkManager.swift */ = {isa = PBXFileReference; lastKnownFileType = sourcecode.swift; path = DMSNetworkManager.swift; sourceTree = "<group>"; };
		B0746CB42CD3A17400AC892C /* OnboardingViewController.swift */ = {isa = PBXFileReference; lastKnownFileType = sourcecode.swift; path = OnboardingViewController.swift; sourceTree = "<group>"; };
		B0746CB92CD3AD4E00AC892C /* Color +.swift */ = {isa = PBXFileReference; lastKnownFileType = sourcecode.swift; path = "Color +.swift"; sourceTree = "<group>"; };
		B0746CBD2CD4FC8000AC892C /* CustomToastView.swift */ = {isa = PBXFileReference; lastKnownFileType = sourcecode.swift; path = CustomToastView.swift; sourceTree = "<group>"; };
		B07AC2D42D046FDB005198CB /* ChattingTable.swift */ = {isa = PBXFileReference; lastKnownFileType = sourcecode.swift; path = ChattingTable.swift; sourceTree = "<group>"; };
		B0878D7A2CCD11A50013B989 /* Sparkle.app */ = {isa = PBXFileReference; explicitFileType = wrapper.application; includeInIndex = 0; path = Sparkle.app; sourceTree = BUILT_PRODUCTS_DIR; };
		B0878D862CCD11A70013B989 /* Assets.xcassets */ = {isa = PBXFileReference; lastKnownFileType = folder.assetcatalog; path = Assets.xcassets; sourceTree = "<group>"; };
		B0878D892CCD11A70013B989 /* Base */ = {isa = PBXFileReference; lastKnownFileType = file.storyboard; name = Base; path = Base.lproj/LaunchScreen.storyboard; sourceTree = "<group>"; };
		B0878D8B2CCD11A70013B989 /* Info.plist */ = {isa = PBXFileReference; lastKnownFileType = text.plist.xml; path = Info.plist; sourceTree = "<group>"; };
		B0878DC72CD2550F0013B989 /* MainTabBarViewController.swift */ = {isa = PBXFileReference; lastKnownFileType = sourcecode.swift; path = MainTabBarViewController.swift; sourceTree = "<group>"; };
		B0878DC92CD255460013B989 /* SparkleTabBar.swift */ = {isa = PBXFileReference; lastKnownFileType = sourcecode.swift; path = SparkleTabBar.swift; sourceTree = "<group>"; };
		B0878DCB2CD25C4C0013B989 /* workspaceInitialViewController.swift */ = {isa = PBXFileReference; lastKnownFileType = sourcecode.swift; path = workspaceInitialViewController.swift; sourceTree = "<group>"; };
		B0878DCD2CD25C6D0013B989 /* DirectViewController.swift */ = {isa = PBXFileReference; lastKnownFileType = sourcecode.swift; path = DirectViewController.swift; sourceTree = "<group>"; };
		B0878DCF2CD25C880013B989 /* SettingViewController.swift */ = {isa = PBXFileReference; lastKnownFileType = sourcecode.swift; path = SettingViewController.swift; sourceTree = "<group>"; };
		B0878DD72CD35D780013B989 /* BaseView.swift */ = {isa = PBXFileReference; lastKnownFileType = sourcecode.swift; path = BaseView.swift; sourceTree = "<group>"; };
		B0878DD92CD36E3B0013B989 /* BaseViewController.swift */ = {isa = PBXFileReference; lastKnownFileType = sourcecode.swift; path = BaseViewController.swift; sourceTree = "<group>"; };
		B0878DE12CD39B760013B989 /* OnboardingView.swift */ = {isa = PBXFileReference; lastKnownFileType = sourcecode.swift; path = OnboardingView.swift; sourceTree = "<group>"; };
		B0A4F5ED2CEB0DFC00788119 /* UserTarget.swift */ = {isa = PBXFileReference; lastKnownFileType = sourcecode.swift; path = UserTarget.swift; sourceTree = "<group>"; };
		B0A4F5F12CEB119B00788119 /* .gitignore */ = {isa = PBXFileReference; lastKnownFileType = text; path = .gitignore; sourceTree = "<group>"; };
		B0AAFFA62CE5E0CD009A5E30 /* UserAPI.swift */ = {isa = PBXFileReference; lastKnownFileType = sourcecode.swift; path = UserAPI.swift; sourceTree = "<group>"; };
		B0AAFFA82CE78E8E009A5E30 /* WorkspaceAPI.swift */ = {isa = PBXFileReference; lastKnownFileType = sourcecode.swift; path = WorkspaceAPI.swift; sourceTree = "<group>"; };
		B0D79C7A2CE8DF48002D8449 /* ChannelAPI.swift */ = {isa = PBXFileReference; lastKnownFileType = sourcecode.swift; path = ChannelAPI.swift; sourceTree = "<group>"; };
		B0F1E0C52CDB4EC6005E38E7 /* AppDelegate.swift */ = {isa = PBXFileReference; lastKnownFileType = sourcecode.swift; path = AppDelegate.swift; sourceTree = "<group>"; };
		B0F1E0C72CDB4EDB005E38E7 /* SceneDelegate.swift */ = {isa = PBXFileReference; lastKnownFileType = sourcecode.swift; path = SceneDelegate.swift; sourceTree = "<group>"; };
		B0F1E0CE2CDB68B0005E38E7 /* BaseTableViewCell.swift */ = {isa = PBXFileReference; lastKnownFileType = sourcecode.swift; path = BaseTableViewCell.swift; sourceTree = "<group>"; };
		B0F1E0D02CDB68CC005E38E7 /* BaseCollectionViewCell.swift */ = {isa = PBXFileReference; lastKnownFileType = sourcecode.swift; path = BaseCollectionViewCell.swift; sourceTree = "<group>"; };
		B0F1E0D22CDB6910005E38E7 /* UserTableViewCell.swift */ = {isa = PBXFileReference; lastKnownFileType = sourcecode.swift; path = UserTableViewCell.swift; sourceTree = "<group>"; };
		B0F1E0D52CDCE0F8005E38E7 /* workspaceInitialView.swift */ = {isa = PBXFileReference; lastKnownFileType = sourcecode.swift; path = workspaceInitialView.swift; sourceTree = "<group>"; };
		B0F1E0D82CDE093F005E38E7 /* CreateWorkspaceView.swift */ = {isa = PBXFileReference; lastKnownFileType = sourcecode.swift; path = CreateWorkspaceView.swift; sourceTree = "<group>"; };
		B0F1E0DA2CDE0F1B005E38E7 /* HomeViewReactor.swift */ = {isa = PBXFileReference; lastKnownFileType = sourcecode.swift; path = HomeViewReactor.swift; sourceTree = "<group>"; };
/* End PBXFileReference section */

/* Begin PBXFrameworksBuildPhase section */
		B0878D772CCD11A50013B989 /* Frameworks */ = {
			isa = PBXFrameworksBuildPhase;
			buildActionMask = 2147483647;
			files = (
				B02A088E2CE49B3D007489EE /* (null) in Frameworks */,
				B052066A2CF07D3B00FBE1F7 /* Then in Frameworks */,
				B05206702CF07D4E00FBE1F7 /* Moya in Frameworks */,
				B0A4F5E72CEB077E00788119 /* ReactorKit in Frameworks */,
				B07AC2D02D046F39005198CB /* Realm in Frameworks */,
				B05206732CF07D5700FBE1F7 /* ReactorKit in Frameworks */,
				B052066D2CF07D4600FBE1F7 /* SnapKit in Frameworks */,
				B05206672CF07D2F00FBE1F7 /* RxSwift in Frameworks */,
				B07AC2D22D046F39005198CB /* RealmSwift in Frameworks */,
				B05206652CF07D2F00FBE1F7 /* RxCocoa in Frameworks */,
				B0A4F5EA2CEB079100788119 /* Then in Frameworks */,
			);
			runOnlyForDeploymentPostprocessing = 0;
		};
/* End PBXFrameworksBuildPhase section */

/* Begin PBXGroup section */
		B017BC1E2CF3562F00176F28 /* Login */ = {
			isa = PBXGroup;
			children = (
				B017BC1F2CF3563700176F28 /* Email */,
			);
			path = Login;
			sourceTree = "<group>";
		};
		B017BC1F2CF3563700176F28 /* Email */ = {
			isa = PBXGroup;
			children = (
				B017BC202CF3563D00176F28 /* EmailLoginView.swift */,
				B017BC222CF3565100176F28 /* EmailViewController.swift */,
				B017BC242CF357B100176F28 /* EmailViewReactor.swift */,
			);
			path = Email;
			sourceTree = "<group>";
		};
		B017BC262CF358FF00176F28 /* Signup */ = {
			isa = PBXGroup;
			children = (
				B017BC272CF3590900176F28 /* EmailSignupView.swift */,
			);
			path = Signup;
			sourceTree = "<group>";
		};
		B02A08792CE1D84D007489EE /* Components */ = {
			isa = PBXGroup;
			children = (
				B0746CBD2CD4FC8000AC892C /* CustomToastView.swift */,
				B0F1E0D22CDB6910005E38E7 /* UserTableViewCell.swift */,
				B05206A22CF3056200FBE1F7 /* ChannelsTableViewCell.swift */,
			);
			path = Components;
			sourceTree = "<group>";
		};
		B02A087A2CE1D860007489EE /* Extentsion */ = {
			isa = PBXGroup;
			children = (
				B02A087B2CE1D8A1007489EE /* UINavigationController +.swift */,
				B02A08992CE4B9F4007489EE /* UIView +.swift */,
			);
			path = Extentsion;
			sourceTree = "<group>";
		};
		B02A08852CE39597007489EE /* Channels */ = {
			isa = PBXGroup;
			children = (
				B02A08862CE395A1007489EE /* CreateChannelView.swift */,
				B02A08882CE47898007489EE /* ChannelChattingView.swift */,
				B04641B22D01E41100B9FD3F /* ChannelChattingViewController.swift */,
				B04641B42D01E47100B9FD3F /* ChannelChattingViewReactor.swift */,
				B02A088A2CE47900007489EE /* ChannelChattingCell.swift */,
			);
			path = Channels;
			sourceTree = "<group>";
		};
		B02A08922CE4A134007489EE /* View */ = {
			isa = PBXGroup;
			children = (
				B0F1E0D52CDCE0F8005E38E7 /* workspaceInitialView.swift */,
				B02A087F2CE20320007489EE /* HomeInitialView.swift */,
				B02A08752CDF200D007489EE /* HomeEmptyView.swift */,
				B02A08952CE4B7F2007489EE /* HomeInitialViewCell.swift */,
				B052069E2CF0AAD000FBE1F7 /* HomeDefaultView.swift */,
			);
			path = View;
			sourceTree = "<group>";
		};
		B02A08932CE4A138007489EE /* ViewController */ = {
			isa = PBXGroup;
			children = (
				B0878DCB2CD25C4C0013B989 /* workspaceInitialViewController.swift */,
				B02A08772CDF20C9007489EE /* HomeEmptyViewController.swift */,
				B02A08812CE2032D007489EE /* HomeInitialViewController.swift */,
				B05206A02CF0ADDF00FBE1F7 /* HomeDefaultViewController.swift */,
			);
			path = ViewController;
			sourceTree = "<group>";
		};
		B02A08942CE4A13C007489EE /* ViewReactor  */ = {
			isa = PBXGroup;
			children = (
				B0F1E0DA2CDE0F1B005E38E7 /* HomeViewReactor.swift */,
				B02A08832CE21D9F007489EE /* HomeInitialViewReactor.swift */,
				B017BC1C2CF30BDC00176F28 /* HomeDefaultViewReactor.swift */,
			);
			path = "ViewReactor ";
			sourceTree = "<group>";
		};
		B02A089B2CE4BA2E007489EE /* Protocols */ = {
			isa = PBXGroup;
			children = (
				B02A089C2CE4BA3F007489EE /* ReusableProtocol.swift */,
			);
			path = Protocols;
			sourceTree = "<group>";
		};
		B02A089E2CE4BCE5007489EE /* ChangeAdmin */ = {
			isa = PBXGroup;
			children = (
				B02A089F2CE4BCF9007489EE /* WorkspaceChangeAdminView.swift */,
			);
			path = ChangeAdmin;
			sourceTree = "<group>";
		};
		B066FFB42CEB2CE1002D487E /* RequestModel */ = {
			isa = PBXGroup;
			children = (
				B066FFB72CEB2DBB002D487E /* UserQuery.swift */,
				B066FFC32CECBDA7002D487E /* WorkspaceQuery.swift */,
				B066FFC92CECE2B0002D487E /* ChannelQuery.swift */,
				B066FFCF2CEDC339002D487E /* DMSQuery.swift */,
			);
			path = RequestModel;
			sourceTree = "<group>";
		};
		B066FFB52CEB2CF4002D487E /* TargetType */ = {
			isa = PBXGroup;
			children = (
				B066FFC52CECE0A9002D487E /* BaseTarget.swift */,
				B0AAFFA62CE5E0CD009A5E30 /* UserAPI.swift */,
				B0AAFFA82CE78E8E009A5E30 /* WorkspaceAPI.swift */,
				B0D79C7A2CE8DF48002D8449 /* ChannelAPI.swift */,
				B066FFCB2CEDC0A4002D487E /* DMSAPI.swift */,
			);
			path = TargetType;
			sourceTree = "<group>";
		};
		B066FFD12CEDC660002D487E /* NetworkManager */ = {
			isa = PBXGroup;
			children = (
				B066FFDB2CEDD046002D487E /* UserNetworkManager.swift */,
				B066FFDD2CEDFF55002D487E /* WorkspaceNetworkManager.swift */,
				B066FFDF2CEE0B7C002D487E /* ChannelsNetworkManager.swift */,
				B066FFE12CEF5CB1002D487E /* DMSNetworkManager.swift */,
			);
			path = NetworkManager;
			sourceTree = "<group>";
		};
		B066FFD22CEDC67D002D487E /* ResponseModel */ = {
			isa = PBXGroup;
			children = (
				B066FFD52CEDCD8B002D487E /* UserResponse.swift */,
				B066FFD32CEDCAFF002D487E /* WorkspaceResponse.swift */,
				B066FFD72CEDCE6D002D487E /* ChannelResponse.swift */,
				B066FFD92CEDCF0C002D487E /* DMSResponse.swift */,
			);
			path = ResponseModel;
			sourceTree = "<group>";
		};
		B0746CBC2CD4FC3000AC892C /* Color */ = {
			isa = PBXGroup;
			children = (
				B0746CB92CD3AD4E00AC892C /* Color +.swift */,
			);
			path = Color;
			sourceTree = "<group>";
		};
		B07AC2D32D046FB1005198CB /* DtaBase */ = {
			isa = PBXGroup;
			children = (
				B066FFB22CEB293E002D487E /* UserDefaultsManager.swift */,
				B07AC2D42D046FDB005198CB /* ChattingTable.swift */,
			);
			path = DtaBase;
			sourceTree = "<group>";
		};
		B0878D712CCD11A50013B989 = {
			isa = PBXGroup;
			children = (
				B0A4F5F12CEB119B00788119 /* .gitignore */,
				B0878D7C2CCD11A50013B989 /* Sparkle */,
				B0878D7B2CCD11A50013B989 /* Products */,
				B052068F2CF0A65800FBE1F7 /* CommonButton.swift */,
				B05206902CF0A65800FBE1F7 /* CustomNavigationBar.swift */,
				B05206982CF0A68300FBE1F7 /* ChannelsButton.swift */,
				B05206912CF0A65800FBE1F7 /* CustomPopupView.swift */,
				B05206922CF0A65800FBE1F7 /* NewMessageButton.swift */,
			);
			sourceTree = "<group>";
		};
		B0878D7B2CCD11A50013B989 /* Products */ = {
			isa = PBXGroup;
			children = (
				B0878D7A2CCD11A50013B989 /* Sparkle.app */,
			);
			name = Products;
			sourceTree = "<group>";
		};
		B0878D7C2CCD11A50013B989 /* Sparkle */ = {
			isa = PBXGroup;
			children = (
				B0AAFFA52CE5E09A009A5E30 /* Network */,
				B0878DD32CD35C710013B989 /* Presentation */,
				B0878DD22CD35BFB0013B989 /* Global */,
				B0878D862CCD11A70013B989 /* Assets.xcassets */,
				B0878D882CCD11A70013B989 /* LaunchScreen.storyboard */,
				B0878D8B2CCD11A70013B989 /* Info.plist */,
				B0F1E0C52CDB4EC6005E38E7 /* AppDelegate.swift */,
				B0F1E0C72CDB4EDB005E38E7 /* SceneDelegate.swift */,
				B052069A2CF0A69D00FBE1F7 /* SesacKey.swift */,
				B017BC292CF4843000176F28 /* DeviceToken.swift */,
				B052069C2CF0A6A200FBE1F7 /* BaseURL.swift */,
			);
			path = Sparkle;
			sourceTree = "<group>";
		};
		B0878DD22CD35BFB0013B989 /* Global */ = {
			isa = PBXGroup;
			children = (
				B07AC2D32D046FB1005198CB /* DtaBase */,
				B02A089B2CE4BA2E007489EE /* Protocols */,
				B02A087A2CE1D860007489EE /* Extentsion */,
				B02A08792CE1D84D007489EE /* Components */,
				B0746CBC2CD4FC3000AC892C /* Color */,
			);
			path = Global;
			sourceTree = "<group>";
		};
		B0878DD32CD35C710013B989 /* Presentation */ = {
			isa = PBXGroup;
			children = (
				B017BC262CF358FF00176F28 /* Signup */,
				B017BC1E2CF3562F00176F28 /* Login */,
				B02A08852CE39597007489EE /* Channels */,
				B0F1E0D42CDCE0F1005E38E7 /* WorkSpace */,
				B0878DDF2CD36EEB0013B989 /* Direct */,
				B0878DE02CD36EF40013B989 /* Setting */,
				B0878DDB2CD36EC30013B989 /* Onboarding */,
				B0878DD62CD35D700013B989 /* Base */,
				B0878DD52CD35D010013B989 /* TabBar */,
			);
			path = Presentation;
			sourceTree = "<group>";
		};
		B0878DD52CD35D010013B989 /* TabBar */ = {
			isa = PBXGroup;
			children = (
				B0878DC72CD2550F0013B989 /* MainTabBarViewController.swift */,
				B0878DC92CD255460013B989 /* SparkleTabBar.swift */,
			);
			path = TabBar;
			sourceTree = "<group>";
		};
		B0878DD62CD35D700013B989 /* Base */ = {
			isa = PBXGroup;
			children = (
				B0878DD72CD35D780013B989 /* BaseView.swift */,
				B0878DD92CD36E3B0013B989 /* BaseViewController.swift */,
				B0F1E0CE2CDB68B0005E38E7 /* BaseTableViewCell.swift */,
				B0F1E0D02CDB68CC005E38E7 /* BaseCollectionViewCell.swift */,
			);
			path = Base;
			sourceTree = "<group>";
		};
		B0878DDB2CD36EC30013B989 /* Onboarding */ = {
			isa = PBXGroup;
			children = (
				B0878DE12CD39B760013B989 /* OnboardingView.swift */,
				B0746CB42CD3A17400AC892C /* OnboardingViewController.swift */,
			);
			path = Onboarding;
			sourceTree = "<group>";
		};
		B0878DDE2CD36EE20013B989 /* Home */ = {
			isa = PBXGroup;
			children = (
				B02A08942CE4A13C007489EE /* ViewReactor  */,
				B02A08932CE4A138007489EE /* ViewController */,
				B02A08922CE4A134007489EE /* View */,
			);
			path = Home;
			sourceTree = "<group>";
		};
		B0878DDF2CD36EEB0013B989 /* Direct */ = {
			isa = PBXGroup;
			children = (
				B0878DCD2CD25C6D0013B989 /* DirectViewController.swift */,
			);
			path = Direct;
			sourceTree = "<group>";
		};
		B0878DE02CD36EF40013B989 /* Setting */ = {
			isa = PBXGroup;
			children = (
				B0878DCF2CD25C880013B989 /* SettingViewController.swift */,
			);
			path = Setting;
			sourceTree = "<group>";
		};
		B0A4F5EB2CEB0C6300788119 /* Base */ = {
			isa = PBXGroup;
			children = (
				B066FFB02CEB27AB002D487E /* Header.swift */,
				B066FFB52CEB2CF4002D487E /* TargetType */,
			);
			path = Base;
			sourceTree = "<group>";
		};
		B0A4F5EC2CEB0C7200788119 /* Target */ = {
			isa = PBXGroup;
			children = (
				B0A4F5ED2CEB0DFC00788119 /* UserTarget.swift */,
				B066FFC12CECB6C6002D487E /* WorkspaceTarget.swift */,
				B066FFC72CECE1B1002D487E /* ChannelsTarget.swift */,
				B066FFCD2CEDC12C002D487E /* DMSTarget.swift */,
			);
			path = Target;
			sourceTree = "<group>";
		};
		B0AAFFA52CE5E09A009A5E30 /* Network */ = {
			isa = PBXGroup;
			children = (
				B066FFD12CEDC660002D487E /* NetworkManager */,
				B0A4F5EC2CEB0C7200788119 /* Target */,
				B0A4F5EB2CEB0C6300788119 /* Base */,
				B066FFD22CEDC67D002D487E /* ResponseModel */,
				B066FFB42CEB2CE1002D487E /* RequestModel */,
			);
			path = Network;
			sourceTree = "<group>";
		};
		B0F1E0D42CDCE0F1005E38E7 /* WorkSpace */ = {
			isa = PBXGroup;
			children = (
				B02A089E2CE4BCE5007489EE /* ChangeAdmin */,
				B0F1E0D72CDE092E005E38E7 /* Create */,
				B0878DDE2CD36EE20013B989 /* Home */,
			);
			path = WorkSpace;
			sourceTree = "<group>";
		};
		B0F1E0D72CDE092E005E38E7 /* Create */ = {
			isa = PBXGroup;
			children = (
				B0F1E0D82CDE093F005E38E7 /* CreateWorkspaceView.swift */,
				B02A08722CDE3B5C007489EE /* CreateWorkspaceViewController.swift */,
				B02A087D2CE1F486007489EE /* CreateWorkspaceViewReactor.swift */,
			);
			path = Create;
			sourceTree = "<group>";
		};
/* End PBXGroup section */

/* Begin PBXNativeTarget section */
		B0878D792CCD11A50013B989 /* Sparkle */ = {
			isa = PBXNativeTarget;
			buildConfigurationList = B0878D8E2CCD11A70013B989 /* Build configuration list for PBXNativeTarget "Sparkle" */;
			buildPhases = (
				B0878D762CCD11A50013B989 /* Sources */,
				B0878D772CCD11A50013B989 /* Frameworks */,
				B0878D782CCD11A50013B989 /* Resources */,
			);
			buildRules = (
			);
			dependencies = (
			);
			name = Sparkle;
			packageProductDependencies = (
				B0A4F5E62CEB077E00788119 /* ReactorKit */,
				B0A4F5E92CEB079100788119 /* Then */,
				B05206642CF07D2F00FBE1F7 /* RxCocoa */,
				B05206662CF07D2F00FBE1F7 /* RxSwift */,
				B05206692CF07D3B00FBE1F7 /* Then */,
				B052066C2CF07D4600FBE1F7 /* SnapKit */,
				B052066F2CF07D4E00FBE1F7 /* Moya */,
				B05206722CF07D5700FBE1F7 /* ReactorKit */,
				B07AC2CF2D046F39005198CB /* Realm */,
				B07AC2D12D046F39005198CB /* RealmSwift */,
			);
			productName = Sparkle;
			productReference = B0878D7A2CCD11A50013B989 /* Sparkle.app */;
			productType = "com.apple.product-type.application";
		};
/* End PBXNativeTarget section */

/* Begin PBXProject section */
		B0878D722CCD11A50013B989 /* Project object */ = {
			isa = PBXProject;
			attributes = {
				BuildIndependentTargetsInParallel = 1;
				LastSwiftUpdateCheck = 1540;
				LastUpgradeCheck = 1540;
				TargetAttributes = {
					B0878D792CCD11A50013B989 = {
						CreatedOnToolsVersion = 15.4;
					};
				};
			};
			buildConfigurationList = B0878D752CCD11A50013B989 /* Build configuration list for PBXProject "Sparkle" */;
			compatibilityVersion = "Xcode 14.0";
			developmentRegion = en;
			hasScannedForEncodings = 0;
			knownRegions = (
				en,
				Base,
			);
			mainGroup = B0878D712CCD11A50013B989;
			packageReferences = (
				B05206632CF07D2F00FBE1F7 /* XCRemoteSwiftPackageReference "RxSwift" */,
				B05206682CF07D3B00FBE1F7 /* XCRemoteSwiftPackageReference "Then" */,
				B052066B2CF07D4600FBE1F7 /* XCRemoteSwiftPackageReference "SnapKit" */,
				B052066E2CF07D4E00FBE1F7 /* XCRemoteSwiftPackageReference "Moya" */,
				B05206712CF07D5700FBE1F7 /* XCRemoteSwiftPackageReference "ReactorKit" */,
				B07AC2CE2D046F39005198CB /* XCRemoteSwiftPackageReference "realm-swift" */,
			);
			productRefGroup = B0878D7B2CCD11A50013B989 /* Products */;
			projectDirPath = "";
			projectRoot = "";
			targets = (
				B0878D792CCD11A50013B989 /* Sparkle */,
			);
		};
/* End PBXProject section */

/* Begin PBXResourcesBuildPhase section */
		B0878D782CCD11A50013B989 /* Resources */ = {
			isa = PBXResourcesBuildPhase;
			buildActionMask = 2147483647;
			files = (
				B0A4F5F22CEB119B00788119 /* .gitignore in Resources */,
				B0878D872CCD11A70013B989 /* Assets.xcassets in Resources */,
				B0878D8A2CCD11A70013B989 /* Base in Resources */,
			);
			runOnlyForDeploymentPostprocessing = 0;
		};
/* End PBXResourcesBuildPhase section */

/* Begin PBXSourcesBuildPhase section */
		B0878D762CCD11A50013B989 /* Sources */ = {
			isa = PBXSourcesBuildPhase;
			buildActionMask = 2147483647;
			files = (
				B0878DC82CD2550F0013B989 /* MainTabBarViewController.swift in Sources */,
				B02A08802CE20320007489EE /* HomeInitialView.swift in Sources */,
				B0F1E0CF2CDB68B0005E38E7 /* BaseTableViewCell.swift in Sources */,
				B066FFD02CEDC339002D487E /* DMSQuery.swift in Sources */,
				B066FFC42CECBDA7002D487E /* WorkspaceQuery.swift in Sources */,
				B017BC2A2CF4843000176F28 /* DeviceToken.swift in Sources */,
				B052069F2CF0AAD000FBE1F7 /* HomeDefaultView.swift in Sources */,
				B0F1E0DB2CDE0F1B005E38E7 /* HomeViewReactor.swift in Sources */,
				B0878DCE2CD25C6D0013B989 /* DirectViewController.swift in Sources */,
				B07AC2D52D046FDB005198CB /* ChattingTable.swift in Sources */,
				B066FFC82CECE1B1002D487E /* ChannelsTarget.swift in Sources */,
				B0F1E0D62CDCE0F8005E38E7 /* workspaceInitialView.swift in Sources */,
				B052069B2CF0A69D00FBE1F7 /* SesacKey.swift in Sources */,
				B02A08872CE395A1007489EE /* CreateChannelView.swift in Sources */,
				B017BC252CF357B100176F28 /* EmailViewReactor.swift in Sources */,
				B04641B52D01E47100B9FD3F /* ChannelChattingViewReactor.swift in Sources */,
				B02A089A2CE4B9F4007489EE /* UIView +.swift in Sources */,
				B0F1E0D92CDE093F005E38E7 /* CreateWorkspaceView.swift in Sources */,
				B0F1E0D12CDB68CC005E38E7 /* BaseCollectionViewCell.swift in Sources */,
				B0AAFFA92CE78E8E009A5E30 /* WorkspaceAPI.swift in Sources */,
				B017BC1D2CF30BDC00176F28 /* HomeDefaultViewReactor.swift in Sources */,
				B02A08822CE2032D007489EE /* HomeInitialViewController.swift in Sources */,
				B066FFDA2CEDCF0C002D487E /* DMSResponse.swift in Sources */,
				B052069D2CF0A6A200FBE1F7 /* BaseURL.swift in Sources */,
				B02A08732CDE3B5C007489EE /* CreateWorkspaceViewController.swift in Sources */,
				B0878DE22CD39B760013B989 /* OnboardingView.swift in Sources */,
				B05206932CF0A65800FBE1F7 /* NewMessageButton.swift in Sources */,
				B04641B32D01E41100B9FD3F /* ChannelChattingViewController.swift in Sources */,
				B05206942CF0A65800FBE1F7 /* CommonButton.swift in Sources */,
				B05206952CF0A65800FBE1F7 /* CustomPopupView.swift in Sources */,
				B05206962CF0A65800FBE1F7 /* CustomNavigationBar.swift in Sources */,
				B0878DD02CD25C880013B989 /* SettingViewController.swift in Sources */,
				B017BC232CF3565100176F28 /* EmailViewController.swift in Sources */,
				B0A4F5EE2CEB0DFC00788119 /* UserTarget.swift in Sources */,
				B066FFCC2CEDC0A4002D487E /* DMSAPI.swift in Sources */,
				B0746CBA2CD3AD4E00AC892C /* Color +.swift in Sources */,
				B02A087E2CE1F486007489EE /* CreateWorkspaceViewReactor.swift in Sources */,
				B066FFC22CECB6C6002D487E /* WorkspaceTarget.swift in Sources */,
				B02A087C2CE1D8A1007489EE /* UINavigationController +.swift in Sources */,
				B066FFD42CEDCAFF002D487E /* WorkspaceResponse.swift in Sources */,
				B0D79C7B2CE8DF48002D8449 /* ChannelAPI.swift in Sources */,
				B066FFDE2CEDFF55002D487E /* WorkspaceNetworkManager.swift in Sources */,
				B02A08762CDF200D007489EE /* HomeEmptyView.swift in Sources */,
				B02A087E2CE1F486007489EE /* CreateWorkspaceViewReactor.swift in Sources */,
				B05206A32CF3056200FBE1F7 /* ChannelsTableViewCell.swift in Sources */,
				B0878DCA2CD255460013B989 /* SparkleTabBar.swift in Sources */,
				B066FFD82CEDCE6D002D487E /* ChannelResponse.swift in Sources */,
				B017BC282CF3590900176F28 /* EmailSignupView.swift in Sources */,
				B02A088B2CE47900007489EE /* ChannelChattingCell.swift in Sources */,
				B02A08892CE47898007489EE /* ChannelChattingView.swift in Sources */,
				B05206A12CF0ADDF00FBE1F7 /* HomeDefaultViewController.swift in Sources */,
				B066FFB12CEB27AB002D487E /* Header.swift in Sources */,
				B02A08A02CE4BCF9007489EE /* WorkspaceChangeAdminView.swift in Sources */,
				B02A08842CE21D9F007489EE /* HomeInitialViewReactor.swift in Sources */,
				B05206992CF0A68300FBE1F7 /* ChannelsButton.swift in Sources */,
				B066FFE02CEE0B7C002D487E /* ChannelsNetworkManager.swift in Sources */,
				B066FFD62CEDCD8B002D487E /* UserResponse.swift in Sources */,
				B066FFE22CEF5CB1002D487E /* DMSNetworkManager.swift in Sources */,
				B0878DDA2CD36E3B0013B989 /* BaseViewController.swift in Sources */,
				B0F1E0C82CDB4EDB005E38E7 /* SceneDelegate.swift in Sources */,
				B02A089D2CE4BA3F007489EE /* ReusableProtocol.swift in Sources */,
				B0878DCC2CD25C4C0013B989 /* workspaceInitialViewController.swift in Sources */,
				B0F1E0D32CDB6910005E38E7 /* UserTableViewCell.swift in Sources */,
				B0AAFFA72CE5E0CD009A5E30 /* UserAPI.swift in Sources */,
				B066FFC62CECE0A9002D487E /* BaseTarget.swift in Sources */,
				B0746CB52CD3A17400AC892C /* OnboardingViewController.swift in Sources */,
				B017BC212CF3563D00176F28 /* EmailLoginView.swift in Sources */,
				B0746CBE2CD4FC8000AC892C /* CustomToastView.swift in Sources */,
				B066FFB82CEB2DBB002D487E /* UserQuery.swift in Sources */,
				B02A08782CDF20C9007489EE /* HomeEmptyViewController.swift in Sources */,
				B066FFB32CEB293E002D487E /* UserDefaultsManager.swift in Sources */,
				B066FFCA2CECE2B0002D487E /* ChannelQuery.swift in Sources */,
				B0F1E0C62CDB4EC6005E38E7 /* AppDelegate.swift in Sources */,
				B02A08962CE4B7F2007489EE /* HomeInitialViewCell.swift in Sources */,
				B0878DD82CD35D780013B989 /* BaseView.swift in Sources */,
				B066FFCE2CEDC12C002D487E /* DMSTarget.swift in Sources */,
				B066FFDC2CEDD046002D487E /* UserNetworkManager.swift in Sources */,
			);
			runOnlyForDeploymentPostprocessing = 0;
		};
/* End PBXSourcesBuildPhase section */

/* Begin PBXVariantGroup section */
		B0878D882CCD11A70013B989 /* LaunchScreen.storyboard */ = {
			isa = PBXVariantGroup;
			children = (
				B0878D892CCD11A70013B989 /* Base */,
			);
			name = LaunchScreen.storyboard;
			sourceTree = "<group>";
		};
/* End PBXVariantGroup section */

/* Begin XCBuildConfiguration section */
		B0878D8C2CCD11A70013B989 /* Debug */ = {
			isa = XCBuildConfiguration;
			buildSettings = {
				ALWAYS_SEARCH_USER_PATHS = NO;
				ASSETCATALOG_COMPILER_GENERATE_SWIFT_ASSET_SYMBOL_EXTENSIONS = YES;
				CLANG_ANALYZER_NONNULL = YES;
				CLANG_ANALYZER_NUMBER_OBJECT_CONVERSION = YES_AGGRESSIVE;
				CLANG_CXX_LANGUAGE_STANDARD = "gnu++20";
				CLANG_ENABLE_MODULES = YES;
				CLANG_ENABLE_OBJC_ARC = YES;
				CLANG_ENABLE_OBJC_WEAK = YES;
				CLANG_WARN_BLOCK_CAPTURE_AUTORELEASING = YES;
				CLANG_WARN_BOOL_CONVERSION = YES;
				CLANG_WARN_COMMA = YES;
				CLANG_WARN_CONSTANT_CONVERSION = YES;
				CLANG_WARN_DEPRECATED_OBJC_IMPLEMENTATIONS = YES;
				CLANG_WARN_DIRECT_OBJC_ISA_USAGE = YES_ERROR;
				CLANG_WARN_DOCUMENTATION_COMMENTS = YES;
				CLANG_WARN_EMPTY_BODY = YES;
				CLANG_WARN_ENUM_CONVERSION = YES;
				CLANG_WARN_INFINITE_RECURSION = YES;
				CLANG_WARN_INT_CONVERSION = YES;
				CLANG_WARN_NON_LITERAL_NULL_CONVERSION = YES;
				CLANG_WARN_OBJC_IMPLICIT_RETAIN_SELF = YES;
				CLANG_WARN_OBJC_LITERAL_CONVERSION = YES;
				CLANG_WARN_OBJC_ROOT_CLASS = YES_ERROR;
				CLANG_WARN_QUOTED_INCLUDE_IN_FRAMEWORK_HEADER = YES;
				CLANG_WARN_RANGE_LOOP_ANALYSIS = YES;
				CLANG_WARN_STRICT_PROTOTYPES = YES;
				CLANG_WARN_SUSPICIOUS_MOVE = YES;
				CLANG_WARN_UNGUARDED_AVAILABILITY = YES_AGGRESSIVE;
				CLANG_WARN_UNREACHABLE_CODE = YES;
				CLANG_WARN__DUPLICATE_METHOD_MATCH = YES;
				COPY_PHASE_STRIP = NO;
				DEBUG_INFORMATION_FORMAT = dwarf;
				ENABLE_STRICT_OBJC_MSGSEND = YES;
				ENABLE_TESTABILITY = YES;
				ENABLE_USER_SCRIPT_SANDBOXING = YES;
				GCC_C_LANGUAGE_STANDARD = gnu17;
				GCC_DYNAMIC_NO_PIC = NO;
				GCC_NO_COMMON_BLOCKS = YES;
				GCC_OPTIMIZATION_LEVEL = 0;
				GCC_PREPROCESSOR_DEFINITIONS = (
					"DEBUG=1",
					"$(inherited)",
				);
				GCC_WARN_64_TO_32_BIT_CONVERSION = YES;
				GCC_WARN_ABOUT_RETURN_TYPE = YES_ERROR;
				GCC_WARN_UNDECLARED_SELECTOR = YES;
				GCC_WARN_UNINITIALIZED_AUTOS = YES_AGGRESSIVE;
				GCC_WARN_UNUSED_FUNCTION = YES;
				GCC_WARN_UNUSED_VARIABLE = YES;
				IPHONEOS_DEPLOYMENT_TARGET = 17.5;
				LOCALIZATION_PREFERS_STRING_CATALOGS = YES;
				MTL_ENABLE_DEBUG_INFO = INCLUDE_SOURCE;
				MTL_FAST_MATH = YES;
				ONLY_ACTIVE_ARCH = YES;
				SDKROOT = iphoneos;
				SWIFT_ACTIVE_COMPILATION_CONDITIONS = "DEBUG $(inherited)";
				SWIFT_OPTIMIZATION_LEVEL = "-Onone";
			};
			name = Debug;
		};
		B0878D8D2CCD11A70013B989 /* Release */ = {
			isa = XCBuildConfiguration;
			buildSettings = {
				ALWAYS_SEARCH_USER_PATHS = NO;
				ASSETCATALOG_COMPILER_GENERATE_SWIFT_ASSET_SYMBOL_EXTENSIONS = YES;
				CLANG_ANALYZER_NONNULL = YES;
				CLANG_ANALYZER_NUMBER_OBJECT_CONVERSION = YES_AGGRESSIVE;
				CLANG_CXX_LANGUAGE_STANDARD = "gnu++20";
				CLANG_ENABLE_MODULES = YES;
				CLANG_ENABLE_OBJC_ARC = YES;
				CLANG_ENABLE_OBJC_WEAK = YES;
				CLANG_WARN_BLOCK_CAPTURE_AUTORELEASING = YES;
				CLANG_WARN_BOOL_CONVERSION = YES;
				CLANG_WARN_COMMA = YES;
				CLANG_WARN_CONSTANT_CONVERSION = YES;
				CLANG_WARN_DEPRECATED_OBJC_IMPLEMENTATIONS = YES;
				CLANG_WARN_DIRECT_OBJC_ISA_USAGE = YES_ERROR;
				CLANG_WARN_DOCUMENTATION_COMMENTS = YES;
				CLANG_WARN_EMPTY_BODY = YES;
				CLANG_WARN_ENUM_CONVERSION = YES;
				CLANG_WARN_INFINITE_RECURSION = YES;
				CLANG_WARN_INT_CONVERSION = YES;
				CLANG_WARN_NON_LITERAL_NULL_CONVERSION = YES;
				CLANG_WARN_OBJC_IMPLICIT_RETAIN_SELF = YES;
				CLANG_WARN_OBJC_LITERAL_CONVERSION = YES;
				CLANG_WARN_OBJC_ROOT_CLASS = YES_ERROR;
				CLANG_WARN_QUOTED_INCLUDE_IN_FRAMEWORK_HEADER = YES;
				CLANG_WARN_RANGE_LOOP_ANALYSIS = YES;
				CLANG_WARN_STRICT_PROTOTYPES = YES;
				CLANG_WARN_SUSPICIOUS_MOVE = YES;
				CLANG_WARN_UNGUARDED_AVAILABILITY = YES_AGGRESSIVE;
				CLANG_WARN_UNREACHABLE_CODE = YES;
				CLANG_WARN__DUPLICATE_METHOD_MATCH = YES;
				COPY_PHASE_STRIP = NO;
				DEBUG_INFORMATION_FORMAT = "dwarf-with-dsym";
				ENABLE_NS_ASSERTIONS = NO;
				ENABLE_STRICT_OBJC_MSGSEND = YES;
				ENABLE_USER_SCRIPT_SANDBOXING = YES;
				GCC_C_LANGUAGE_STANDARD = gnu17;
				GCC_NO_COMMON_BLOCKS = YES;
				GCC_WARN_64_TO_32_BIT_CONVERSION = YES;
				GCC_WARN_ABOUT_RETURN_TYPE = YES_ERROR;
				GCC_WARN_UNDECLARED_SELECTOR = YES;
				GCC_WARN_UNINITIALIZED_AUTOS = YES_AGGRESSIVE;
				GCC_WARN_UNUSED_FUNCTION = YES;
				GCC_WARN_UNUSED_VARIABLE = YES;
				IPHONEOS_DEPLOYMENT_TARGET = 17.5;
				LOCALIZATION_PREFERS_STRING_CATALOGS = YES;
				MTL_ENABLE_DEBUG_INFO = NO;
				MTL_FAST_MATH = YES;
				SDKROOT = iphoneos;
				SWIFT_COMPILATION_MODE = wholemodule;
				VALIDATE_PRODUCT = YES;
			};
			name = Release;
		};
		B0878D8F2CCD11A70013B989 /* Debug */ = {
			isa = XCBuildConfiguration;
			buildSettings = {
				ASSETCATALOG_COMPILER_APPICON_NAME = AppIcon;
				ASSETCATALOG_COMPILER_GLOBAL_ACCENT_COLOR_NAME = AccentColor;
				CODE_SIGN_STYLE = Automatic;
				CURRENT_PROJECT_VERSION = 1;
				DEVELOPMENT_TEAM = V4KT333NUG;
				GENERATE_INFOPLIST_FILE = YES;
				INFOPLIST_FILE = Sparkle/Info.plist;
				INFOPLIST_KEY_UIApplicationSupportsIndirectInputEvents = YES;
				INFOPLIST_KEY_UILaunchStoryboardName = LaunchScreen;
				INFOPLIST_KEY_UISupportedInterfaceOrientations_iPad = "UIInterfaceOrientationPortrait UIInterfaceOrientationPortraitUpsideDown UIInterfaceOrientationLandscapeLeft UIInterfaceOrientationLandscapeRight";
				INFOPLIST_KEY_UISupportedInterfaceOrientations_iPhone = "UIInterfaceOrientationPortrait UIInterfaceOrientationLandscapeLeft UIInterfaceOrientationLandscapeRight";
				LD_RUNPATH_SEARCH_PATHS = (
					"$(inherited)",
					"@executable_path/Frameworks",
				);
				MARKETING_VERSION = 1.0;
				PRODUCT_BUNDLE_IDENTIFIER = com.miley.Sparkle;
				PRODUCT_NAME = "$(TARGET_NAME)";
				SWIFT_EMIT_LOC_STRINGS = YES;
				SWIFT_VERSION = 5.0;
				TARGETED_DEVICE_FAMILY = "1,2";
			};
			name = Debug;
		};
		B0878D902CCD11A70013B989 /* Release */ = {
			isa = XCBuildConfiguration;
			buildSettings = {
				ASSETCATALOG_COMPILER_APPICON_NAME = AppIcon;
				ASSETCATALOG_COMPILER_GLOBAL_ACCENT_COLOR_NAME = AccentColor;
				CODE_SIGN_STYLE = Automatic;
				CURRENT_PROJECT_VERSION = 1;
				DEVELOPMENT_TEAM = V4KT333NUG;
				GENERATE_INFOPLIST_FILE = YES;
				INFOPLIST_FILE = Sparkle/Info.plist;
				INFOPLIST_KEY_UIApplicationSupportsIndirectInputEvents = YES;
				INFOPLIST_KEY_UILaunchStoryboardName = LaunchScreen;
				INFOPLIST_KEY_UISupportedInterfaceOrientations_iPad = "UIInterfaceOrientationPortrait UIInterfaceOrientationPortraitUpsideDown UIInterfaceOrientationLandscapeLeft UIInterfaceOrientationLandscapeRight";
				INFOPLIST_KEY_UISupportedInterfaceOrientations_iPhone = "UIInterfaceOrientationPortrait UIInterfaceOrientationLandscapeLeft UIInterfaceOrientationLandscapeRight";
				LD_RUNPATH_SEARCH_PATHS = (
					"$(inherited)",
					"@executable_path/Frameworks",
				);
				MARKETING_VERSION = 1.0;
				PRODUCT_BUNDLE_IDENTIFIER = com.miley.Sparkle;
				PRODUCT_NAME = "$(TARGET_NAME)";
				SWIFT_EMIT_LOC_STRINGS = YES;
				SWIFT_VERSION = 5.0;
				TARGETED_DEVICE_FAMILY = "1,2";
			};
			name = Release;
		};
/* End XCBuildConfiguration section */

/* Begin XCConfigurationList section */
		B0878D752CCD11A50013B989 /* Build configuration list for PBXProject "Sparkle" */ = {
			isa = XCConfigurationList;
			buildConfigurations = (
				B0878D8C2CCD11A70013B989 /* Debug */,
				B0878D8D2CCD11A70013B989 /* Release */,
			);
			defaultConfigurationIsVisible = 0;
			defaultConfigurationName = Release;
		};
		B0878D8E2CCD11A70013B989 /* Build configuration list for PBXNativeTarget "Sparkle" */ = {
			isa = XCConfigurationList;
			buildConfigurations = (
				B0878D8F2CCD11A70013B989 /* Debug */,
				B0878D902CCD11A70013B989 /* Release */,
			);
			defaultConfigurationIsVisible = 0;
			defaultConfigurationName = Release;
		};
/* End XCConfigurationList section */

/* Begin XCRemoteSwiftPackageReference section */
		B05206632CF07D2F00FBE1F7 /* XCRemoteSwiftPackageReference "RxSwift" */ = {
			isa = XCRemoteSwiftPackageReference;
			repositoryURL = "https://github.com/ReactiveX/RxSwift.git";
			requirement = {
				kind = upToNextMajorVersion;
				minimumVersion = 6.8.0;
			};
		};
		B05206682CF07D3B00FBE1F7 /* XCRemoteSwiftPackageReference "Then" */ = {
			isa = XCRemoteSwiftPackageReference;
			repositoryURL = "https://github.com/devxoul/Then.git";
			requirement = {
				kind = upToNextMajorVersion;
				minimumVersion = 3.0.0;
			};
		};
		B052066B2CF07D4600FBE1F7 /* XCRemoteSwiftPackageReference "SnapKit" */ = {
			isa = XCRemoteSwiftPackageReference;
			repositoryURL = "https://github.com/SnapKit/SnapKit.git";
			requirement = {
				kind = upToNextMajorVersion;
				minimumVersion = 5.7.1;
			};
		};
		B052066E2CF07D4E00FBE1F7 /* XCRemoteSwiftPackageReference "Moya" */ = {
			isa = XCRemoteSwiftPackageReference;
			repositoryURL = "https://github.com/Moya/Moya.git";
			requirement = {
				kind = upToNextMajorVersion;
				minimumVersion = 15.0.3;
			};
		};
		B05206712CF07D5700FBE1F7 /* XCRemoteSwiftPackageReference "ReactorKit" */ = {
			isa = XCRemoteSwiftPackageReference;
			repositoryURL = "https://github.com/ReactorKit/ReactorKit.git";
			requirement = {
				kind = upToNextMajorVersion;
				minimumVersion = 3.2.0;
			};
		};
		B07AC2CE2D046F39005198CB /* XCRemoteSwiftPackageReference "realm-swift" */ = {
			isa = XCRemoteSwiftPackageReference;
			repositoryURL = "https://github.com/realm/realm-swift.git";
			requirement = {
				kind = exactVersion;
				version = 10.54.1;
			};
		};
/* End XCRemoteSwiftPackageReference section */

/* Begin XCSwiftPackageProductDependency section */
		B05206642CF07D2F00FBE1F7 /* RxCocoa */ = {
			isa = XCSwiftPackageProductDependency;
			package = B05206632CF07D2F00FBE1F7 /* XCRemoteSwiftPackageReference "RxSwift" */;
			productName = RxCocoa;
		};
		B05206662CF07D2F00FBE1F7 /* RxSwift */ = {
			isa = XCSwiftPackageProductDependency;
			package = B05206632CF07D2F00FBE1F7 /* XCRemoteSwiftPackageReference "RxSwift" */;
			productName = RxSwift;
		};
		B05206692CF07D3B00FBE1F7 /* Then */ = {
			isa = XCSwiftPackageProductDependency;
			package = B05206682CF07D3B00FBE1F7 /* XCRemoteSwiftPackageReference "Then" */;
			productName = Then;
		};
		B052066C2CF07D4600FBE1F7 /* SnapKit */ = {
			isa = XCSwiftPackageProductDependency;
			package = B052066B2CF07D4600FBE1F7 /* XCRemoteSwiftPackageReference "SnapKit" */;
			productName = SnapKit;
		};
		B052066F2CF07D4E00FBE1F7 /* Moya */ = {
			isa = XCSwiftPackageProductDependency;
			package = B052066E2CF07D4E00FBE1F7 /* XCRemoteSwiftPackageReference "Moya" */;
			productName = Moya;
		};
		B05206722CF07D5700FBE1F7 /* ReactorKit */ = {
			isa = XCSwiftPackageProductDependency;
			package = B05206712CF07D5700FBE1F7 /* XCRemoteSwiftPackageReference "ReactorKit" */;
			productName = ReactorKit;
		};
		B07AC2CF2D046F39005198CB /* Realm */ = {
			isa = XCSwiftPackageProductDependency;
			package = B07AC2CE2D046F39005198CB /* XCRemoteSwiftPackageReference "realm-swift" */;
			productName = Realm;
		};
		B07AC2D12D046F39005198CB /* RealmSwift */ = {
			isa = XCSwiftPackageProductDependency;
			package = B07AC2CE2D046F39005198CB /* XCRemoteSwiftPackageReference "realm-swift" */;
			productName = RealmSwift;
		};
		B0A4F5E62CEB077E00788119 /* ReactorKit */ = {
			isa = XCSwiftPackageProductDependency;
			productName = ReactorKit;
		};
		B0A4F5E92CEB079100788119 /* Then */ = {
			isa = XCSwiftPackageProductDependency;
			productName = Then;
		};
/* End XCSwiftPackageProductDependency section */
	};
	rootObject = B0878D722CCD11A50013B989 /* Project object */;
}
